// !$*UTF8*$!
{
	archiveVersion = 1;
	classes = {
	};
	objectVersion = 46;
	objects = {

/* Begin PBXBuildFile section */
		1D3623260D0F684500981E51 /* bookhelperAppDelegate.m in Sources */ = {isa = PBXBuildFile; fileRef = 1D3623250D0F684500981E51 /* bookhelperAppDelegate.m */; };
		1D60589B0D05DD56006BFB54 /* main.m in Sources */ = {isa = PBXBuildFile; fileRef = 29B97316FDCFA39411CA2CEA /* main.m */; };
		1D60589F0D05DD5A006BFB54 /* Foundation.framework in Frameworks */ = {isa = PBXBuildFile; fileRef = 1D30AB110D05D00D00671497 /* Foundation.framework */; };
		1DF5F4E00D08C38300B7A737 /* UIKit.framework in Frameworks */ = {isa = PBXBuildFile; fileRef = 1DF5F4DF0D08C38300B7A737 /* UIKit.framework */; };
		28216C970DB411BC00E5133A /* BookSearchViewController.m in Sources */ = {isa = PBXBuildFile; fileRef = 28216C960DB411BC00E5133A /* BookSearchViewController.m */; };
		288765080DF74369002DB57D /* CoreGraphics.framework in Frameworks */ = {isa = PBXBuildFile; fileRef = 288765070DF74369002DB57D /* CoreGraphics.framework */; };
		A303133913B9F8C4000BD08C /* PathUtilities.m in Sources */ = {isa = PBXBuildFile; fileRef = A303133813B9F8C4000BD08C /* PathUtilities.m */; };
		A303139C13BA2123000BD08C /* BookGetHistory.m in Sources */ = {isa = PBXBuildFile; fileRef = A303139B13BA2123000BD08C /* BookGetHistory.m */; };
		A303142713BA32BF000BD08C /* BookGetHistoryViewController.m in Sources */ = {isa = PBXBuildFile; fileRef = A303142613BA32BF000BD08C /* BookGetHistoryViewController.m */; };
		A30A966A13C49A2D0069152B /* PromptModalView.m in Sources */ = {isa = PBXBuildFile; fileRef = A30A966913C49A2D0069152B /* PromptModalView.m */; };
		A3317F0D13BC8ED500D0E7A6 /* MoreViewController.m in Sources */ = {isa = PBXBuildFile; fileRef = A3317F0C13BC8ED500D0E7A6 /* MoreViewController.m */; };
		A349455713C1FFFE00C25B23 /* ReviewTableViewCell.m in Sources */ = {isa = PBXBuildFile; fileRef = A349455613C1FFFE00C25B23 /* ReviewTableViewCell.m */; };
		A34945B113C2190600C25B23 /* BookTableViewCell.m in Sources */ = {isa = PBXBuildFile; fileRef = A34945B013C2190600C25B23 /* BookTableViewCell.m */; };
		A3791DC413B5D1240061C4DC /* BarCodeScannerViewController.m in Sources */ = {isa = PBXBuildFile; fileRef = A3791DC313B5D1240061C4DC /* BarCodeScannerViewController.m */; };
		A3791F7213B62AA90061C4DC /* ScannerOverlayView.m in Sources */ = {isa = PBXBuildFile; fileRef = A3791F7113B62AA90061C4DC /* ScannerOverlayView.m */; };
		A379223713B7258A0061C4DC /* LoadingViewController.m in Sources */ = {isa = PBXBuildFile; fileRef = A379223613B7258A0061C4DC /* LoadingViewController.m */; };
		A391AC8F13B90986003CFB40 /* BookGetHistoryDatabase.m in Sources */ = {isa = PBXBuildFile; fileRef = A391AC8E13B90986003CFB40 /* BookGetHistoryDatabase.m */; };
		A39A9A3413BDDBAA00937489 /* CFNetwork.framework in Frameworks */ = {isa = PBXBuildFile; fileRef = A39A9A3313BDDBAA00937489 /* CFNetwork.framework */; };
		A39A9A3A13BDDBDD00937489 /* SystemConfiguration.framework in Frameworks */ = {isa = PBXBuildFile; fileRef = A39A9A3913BDDBDD00937489 /* SystemConfiguration.framework */; };
		A39A9A3C13BDDC1800937489 /* MobileCoreServices.framework in Frameworks */ = {isa = PBXBuildFile; fileRef = A39A9A3B13BDDC1800937489 /* MobileCoreServices.framework */; };
		A39A9A5B13BDDC9100937489 /* libz.dylib in Frameworks */ = {isa = PBXBuildFile; fileRef = A39A9A5A13BDDC9100937489 /* libz.dylib */; };
		A39A9A6013BDDE4D00937489 /* ASImageView.m in Sources */ = {isa = PBXBuildFile; fileRef = A39A9A5F13BDDE4D00937489 /* ASImageView.m */; };
		A39A9BBA13BE22FA00937489 /* BookSearchBarViewController.m in Sources */ = {isa = PBXBuildFile; fileRef = A39A9BB913BE22FA00937489 /* BookSearchBarViewController.m */; };
		A39A9E0E13BE4E0800937489 /* BookInroViewController.m in Sources */ = {isa = PBXBuildFile; fileRef = A39A9E0D13BE4E0800937489 /* BookInroViewController.m */; };
		A39A9FE613BEB5F800937489 /* BookPriceUtilities.m in Sources */ = {isa = PBXBuildFile; fileRef = A39A9FE513BEB5F800937489 /* BookPriceUtilities.m */; };
		A3B17ED813B79A7A007B100E /* libsqlite3.dylib in Frameworks */ = {isa = PBXBuildFile; fileRef = A3B17ED713B79A7A007B100E /* libsqlite3.dylib */; };
		A3B1864913B8CB84007B100E /* GradientView.m in Sources */ = {isa = PBXBuildFile; fileRef = A3B1864313B8CB84007B100E /* GradientView.m */; };
		A3B8C93B13BB8A6600028546 /* TableUIButton.m in Sources */ = {isa = PBXBuildFile; fileRef = A3B8C93A13BB8A6600028546 /* TableUIButton.m */; };
		A3BDF00D13BF7B340027A336 /* UIImage+Scale.m in Sources */ = {isa = PBXBuildFile; fileRef = A3BDF00C13BF7B340027A336 /* UIImage+Scale.m */; };
		A3BDF06D13C00A950027A336 /* BookReviewsViewController.m in Sources */ = {isa = PBXBuildFile; fileRef = A3BDF06C13C00A950027A336 /* BookReviewsViewController.m */; };
		A3BDF07A13C00DDE0027A336 /* DoubanBookReviewSummary.m in Sources */ = {isa = PBXBuildFile; fileRef = A3BDF07913C00DDE0027A336 /* DoubanBookReviewSummary.m */; };
		A3BDF36A13C044C70027A336 /* BookAuthorIntroViewController.m in Sources */ = {isa = PBXBuildFile; fileRef = A3BDF36913C044C70027A336 /* BookAuthorIntroViewController.m */; };
		A3C7DA4F13C2EDD200472D1F /* Icon-72.png in Resources */ = {isa = PBXBuildFile; fileRef = A3C7DA2813C2EDD100472D1F /* Icon-72.png */; };
		A3C7DA5013C2EDD200472D1F /* Icon-Small-50.png in Resources */ = {isa = PBXBuildFile; fileRef = A3C7DA2913C2EDD100472D1F /* Icon-Small-50.png */; };
		A3C7DA5113C2EDD200472D1F /* Icon-Small.png in Resources */ = {isa = PBXBuildFile; fileRef = A3C7DA2A13C2EDD100472D1F /* Icon-Small.png */; };
		A3C7DA5213C2EDD200472D1F /* Icon-Small@2x.png in Resources */ = {isa = PBXBuildFile; fileRef = A3C7DA2B13C2EDD100472D1F /* Icon-Small@2x.png */; };
		A3C7DA5313C2EDD200472D1F /* Icon.png in Resources */ = {isa = PBXBuildFile; fileRef = A3C7DA2C13C2EDD100472D1F /* Icon.png */; };
		A3C7DA5413C2EDD200472D1F /* Icon@2x.png in Resources */ = {isa = PBXBuildFile; fileRef = A3C7DA2D13C2EDD100472D1F /* Icon@2x.png */; };
		A3C7DA5513C2EDD200472D1F /* iTunesArtwork in Resources */ = {isa = PBXBuildFile; fileRef = A3C7DA2E13C2EDD100472D1F /* iTunesArtwork */; };
		A3C7DA5613C2EDD200472D1F /* author.png in Resources */ = {isa = PBXBuildFile; fileRef = A3C7DA2F13C2EDD100472D1F /* author.png */; };
		A3C7DA5713C2EDD200472D1F /* barcode.png in Resources */ = {isa = PBXBuildFile; fileRef = A3C7DA3013C2EDD100472D1F /* barcode.png */; };
		A3C7DA5813C2EDD200472D1F /* barcode@2x.png in Resources */ = {isa = PBXBuildFile; fileRef = A3C7DA3113C2EDD100472D1F /* barcode@2x.png */; };
		A3C7DA5913C2EDD200472D1F /* BarCodeScannerView.xib in Resources */ = {isa = PBXBuildFile; fileRef = A3C7DA3213C2EDD100472D1F /* BarCodeScannerView.xib */; };
		A3C7DA5A13C2EDD200472D1F /* BookDetailView.xib in Resources */ = {isa = PBXBuildFile; fileRef = A3C7DA3313C2EDD100472D1F /* BookDetailView.xib */; };
		A3C7DA5B13C2EDD200472D1F /* BookPriceComparisonView.xib in Resources */ = {isa = PBXBuildFile; fileRef = A3C7DA3413C2EDD100472D1F /* BookPriceComparisonView.xib */; };
		A3C7DA5C13C2EDD200472D1F /* BookReviewsView.xib in Resources */ = {isa = PBXBuildFile; fileRef = A3C7DA3513C2EDD100472D1F /* BookReviewsView.xib */; };
		A3C7DA5D13C2EDD200472D1F /* BookSearchView.xib in Resources */ = {isa = PBXBuildFile; fileRef = A3C7DA3613C2EDD100472D1F /* BookSearchView.xib */; };
		A3C7DA5E13C2EDD200472D1F /* 99.png in Resources */ = {isa = PBXBuildFile; fileRef = A3C7DA3813C2EDD100472D1F /* 99.png */; };
		A3C7DA5F13C2EDD200472D1F /* chinapub.png in Resources */ = {isa = PBXBuildFile; fileRef = A3C7DA3913C2EDD100472D1F /* chinapub.png */; };
		A3C7DA6013C2EDD200472D1F /* dd.png in Resources */ = {isa = PBXBuildFile; fileRef = A3C7DA3A13C2EDD100472D1F /* dd.png */; };
		A3C7DA6113C2EDD200472D1F /* joyo.png in Resources */ = {isa = PBXBuildFile; fileRef = A3C7DA3B13C2EDD100472D1F /* joyo.png */; };
		A3C7DA6213C2EDD200472D1F /* comment.png in Resources */ = {isa = PBXBuildFile; fileRef = A3C7DA3C13C2EDD100472D1F /* comment.png */; };
		A3C7DA6313C2EDD200472D1F /* cover_placeholder.jpg in Resources */ = {isa = PBXBuildFile; fileRef = A3C7DA3D13C2EDD100472D1F /* cover_placeholder.jpg */; };
		A3C7DA6413C2EDD200472D1F /* history.png in Resources */ = {isa = PBXBuildFile; fileRef = A3C7DA3E13C2EDD100472D1F /* history.png */; };
		A3C7DA6513C2EDD200472D1F /* history@2x.png in Resources */ = {isa = PBXBuildFile; fileRef = A3C7DA3F13C2EDD200472D1F /* history@2x.png */; };
		A3C7DA6613C2EDD200472D1F /* HistoryView.xib in Resources */ = {isa = PBXBuildFile; fileRef = A3C7DA4013C2EDD200472D1F /* HistoryView.xib */; };
		A3C7DA6713C2EDD200472D1F /* info.png in Resources */ = {isa = PBXBuildFile; fileRef = A3C7DA4113C2EDD200472D1F /* info.png */; };
		A3C7DA6813C2EDD200472D1F /* LoadingView.xib in Resources */ = {isa = PBXBuildFile; fileRef = A3C7DA4213C2EDD200472D1F /* LoadingView.xib */; };
		A3C7DA6913C2EDD200472D1F /* Magnifying Glass 2.tiff in Resources */ = {isa = PBXBuildFile; fileRef = A3C7DA4313C2EDD200472D1F /* Magnifying Glass 2.tiff */; };
		A3C7DA6A13C2EDD200472D1F /* MainWindow.xib in Resources */ = {isa = PBXBuildFile; fileRef = A3C7DA4413C2EDD200472D1F /* MainWindow.xib */; };
		A3C7DA6B13C2EDD200472D1F /* more.png in Resources */ = {isa = PBXBuildFile; fileRef = A3C7DA4513C2EDD200472D1F /* more.png */; };
		A3C7DA6C13C2EDD200472D1F /* more@2x.png in Resources */ = {isa = PBXBuildFile; fileRef = A3C7DA4613C2EDD200472D1F /* more@2x.png */; };
		A3C7DA6D13C2EDD200472D1F /* MoreView.xib in Resources */ = {isa = PBXBuildFile; fileRef = A3C7DA4713C2EDD200472D1F /* MoreView.xib */; };
		A3C7DA6E13C2EDD200472D1F /* price.png in Resources */ = {isa = PBXBuildFile; fileRef = A3C7DA4813C2EDD200472D1F /* price.png */; };
		A3C7DA6F13C2EDD200472D1F /* scan.wav in Resources */ = {isa = PBXBuildFile; fileRef = A3C7DA4913C2EDD200472D1F /* scan.wav */; };
		A3C7DA7013C2EDD200472D1F /* search.png in Resources */ = {isa = PBXBuildFile; fileRef = A3C7DA4A13C2EDD200472D1F /* search.png */; };
		A3C7DA7113C2EDD200472D1F /* search@2x.png in Resources */ = {isa = PBXBuildFile; fileRef = A3C7DA4B13C2EDD200472D1F /* search@2x.png */; };
		A3C7DA7213C2EDD200472D1F /* SearchBarView.xib in Resources */ = {isa = PBXBuildFile; fileRef = A3C7DA4C13C2EDD200472D1F /* SearchBarView.xib */; };
		A3C7DA7313C2EDD200472D1F /* star.png in Resources */ = {isa = PBXBuildFile; fileRef = A3C7DA4D13C2EDD200472D1F /* star.png */; };
		A3C7DA7413C2EDD200472D1F /* unstar.png in Resources */ = {isa = PBXBuildFile; fileRef = A3C7DA4E13C2EDD200472D1F /* unstar.png */; };
		A3C7DACE13C2EFA800472D1F /* ASIAuthenticationDialog.m in Sources */ = {isa = PBXBuildFile; fileRef = A3C7DA8613C2EFA800472D1F /* ASIAuthenticationDialog.m */; };
		A3C7DACF13C2EFA800472D1F /* ASIDataCompressor.m in Sources */ = {isa = PBXBuildFile; fileRef = A3C7DA8913C2EFA800472D1F /* ASIDataCompressor.m */; };
		A3C7DAD013C2EFA800472D1F /* ASIDataDecompressor.m in Sources */ = {isa = PBXBuildFile; fileRef = A3C7DA8B13C2EFA800472D1F /* ASIDataDecompressor.m */; };
		A3C7DAD113C2EFA800472D1F /* ASIDownloadCache.m in Sources */ = {isa = PBXBuildFile; fileRef = A3C7DA8D13C2EFA800472D1F /* ASIDownloadCache.m */; };
		A3C7DAD213C2EFA800472D1F /* ASIFormDataRequest.m in Sources */ = {isa = PBXBuildFile; fileRef = A3C7DA8F13C2EFA800472D1F /* ASIFormDataRequest.m */; };
		A3C7DAD313C2EFA800472D1F /* ASIHTTPRequest.m in Sources */ = {isa = PBXBuildFile; fileRef = A3C7DA9113C2EFA800472D1F /* ASIHTTPRequest.m */; };
		A3C7DAD413C2EFA800472D1F /* ASIInputStream.m in Sources */ = {isa = PBXBuildFile; fileRef = A3C7DA9513C2EFA800472D1F /* ASIInputStream.m */; };
		A3C7DAD513C2EFA800472D1F /* ASINetworkQueue.m in Sources */ = {isa = PBXBuildFile; fileRef = A3C7DA9713C2EFA800472D1F /* ASINetworkQueue.m */; };
		A3C7DAD613C2EFA800472D1F /* Reachability.m in Sources */ = {isa = PBXBuildFile; fileRef = A3C7DA9A13C2EFA800472D1F /* Reachability.m */; };
		A3C7DAD713C2EFA800472D1F /* CHANGES_AND_TODO_LIST.txt in Resources */ = {isa = PBXBuildFile; fileRef = A3C7DA9C13C2EFA800472D1F /* CHANGES_AND_TODO_LIST.txt */; };
		A3C7DAD813C2EFA800472D1F /* CONTRIBUTORS.txt in Resources */ = {isa = PBXBuildFile; fileRef = A3C7DA9D13C2EFA800472D1F /* CONTRIBUTORS.txt */; };
		A3C7DAD913C2EFA800472D1F /* FMDatabase.m in Sources */ = {isa = PBXBuildFile; fileRef = A3C7DA9F13C2EFA800472D1F /* FMDatabase.m */; };
		A3C7DADA13C2EFA800472D1F /* FMDatabaseAdditions.m in Sources */ = {isa = PBXBuildFile; fileRef = A3C7DAA113C2EFA800472D1F /* FMDatabaseAdditions.m */; };
		A3C7DADC13C2EFA800472D1F /* FMResultSet.m in Sources */ = {isa = PBXBuildFile; fileRef = A3C7DAA413C2EFA800472D1F /* FMResultSet.m */; };
		A3C7DADD13C2EFA800472D1F /* LICENSE.txt in Resources */ = {isa = PBXBuildFile; fileRef = A3C7DAA513C2EFA800472D1F /* LICENSE.txt */; };
		A3C7DADE13C2EFA800472D1F /* README.markdown in Resources */ = {isa = PBXBuildFile; fileRef = A3C7DAA613C2EFA800472D1F /* README.markdown */; };
		A3C7DADF13C2EFA800472D1F /* GDataXMLNode.m in Sources */ = {isa = PBXBuildFile; fileRef = A3C7DAA913C2EFA800472D1F /* GDataXMLNode.m */; };
		A3C7DAE013C2EFA800472D1F /* TFHpple.m in Sources */ = {isa = PBXBuildFile; fileRef = A3C7DAAC13C2EFA800472D1F /* TFHpple.m */; };
		A3C7DAE113C2EFA800472D1F /* TFHppleElement.m in Sources */ = {isa = PBXBuildFile; fileRef = A3C7DAAE13C2EFA800472D1F /* TFHppleElement.m */; };
		A3C7DAE213C2EFA800472D1F /* XPathQuery.m in Sources */ = {isa = PBXBuildFile; fileRef = A3C7DAB013C2EFA800472D1F /* XPathQuery.m */; };
		A3C7DAE313C2EFA800472D1F /* libzbar.a in Frameworks */ = {isa = PBXBuildFile; fileRef = A3C7DAC813C2EFA800472D1F /* libzbar.a */; };
		A3C7DAE413C2EFA800472D1F /* zbar-back.png in Resources */ = {isa = PBXBuildFile; fileRef = A3C7DACA13C2EFA800472D1F /* zbar-back.png */; };
		A3C7DAE513C2EFA800472D1F /* zbar-help.html in Resources */ = {isa = PBXBuildFile; fileRef = A3C7DACB13C2EFA800472D1F /* zbar-help.html */; };
		A3C7DAE613C2EFA800472D1F /* zbar-helpicons.png in Resources */ = {isa = PBXBuildFile; fileRef = A3C7DACC13C2EFA800472D1F /* zbar-helpicons.png */; };
		A3C7DAE713C2EFA800472D1F /* zbar-samples.png in Resources */ = {isa = PBXBuildFile; fileRef = A3C7DACD13C2EFA800472D1F /* zbar-samples.png */; };
		A3C7DED413C3542B00472D1F /* LoadingTableViewCell.m in Sources */ = {isa = PBXBuildFile; fileRef = A3C7DED313C3542B00472D1F /* LoadingTableViewCell.m */; };
		A3C7DF1A13C36EBA00472D1F /* ContinuousTableView.m in Sources */ = {isa = PBXBuildFile; fileRef = A3C7DF1913C36EBA00472D1F /* ContinuousTableView.m */; };
		A3D3775213B395FC00632293 /* DoubanURLConnection.m in Sources */ = {isa = PBXBuildFile; fileRef = A3D3775113B395FC00632293 /* DoubanURLConnection.m */; };
		A3D3780813B3A4F800632293 /* QuartzCore.framework in Frameworks */ = {isa = PBXBuildFile; fileRef = A3D3780713B3A4F800632293 /* QuartzCore.framework */; };
		A3D3781E13B3A51300632293 /* CoreVideo.framework in Frameworks */ = {isa = PBXBuildFile; fileRef = A3D3781D13B3A51300632293 /* CoreVideo.framework */; };
		A3D3783113B3A56100632293 /* libiconv.dylib in Frameworks */ = {isa = PBXBuildFile; fileRef = A3D3782D13B3A55C00632293 /* libiconv.dylib */; };
		A3D3783213B3A56100632293 /* libicucore.dylib in Frameworks */ = {isa = PBXBuildFile; fileRef = A3D3782F13B3A55C00632293 /* libicucore.dylib */; };
		A3D3787113B3A6AE00632293 /* CoreMedia.framework in Frameworks */ = {isa = PBXBuildFile; fileRef = A3D3787013B3A6AE00632293 /* CoreMedia.framework */; };
		A3D3787D13B3A6E700632293 /* AVFoundation.framework in Frameworks */ = {isa = PBXBuildFile; fileRef = A3D3787C13B3A6E700632293 /* AVFoundation.framework */; };
		A3D37FCF13B4D6A800632293 /* NSString+URLEncoding.m in Sources */ = {isa = PBXBuildFile; fileRef = A3D37FCE13B4D6A800632293 /* NSString+URLEncoding.m */; };
		A3D37FD913B4D83500632293 /* BookDetailViewController.m in Sources */ = {isa = PBXBuildFile; fileRef = A3D37FD813B4D83500632293 /* BookDetailViewController.m */; };
		A3D37FE213B4E1CE00632293 /* BookPriceComparisonViewController.m in Sources */ = {isa = PBXBuildFile; fileRef = A3D37FE113B4E1CE00632293 /* BookPriceComparisonViewController.m */; };
		A3E3FA9413B22FE40023DC27 /* libxml2.dylib in Frameworks */ = {isa = PBXBuildFile; fileRef = A3E3FA9313B22FE40023DC27 /* libxml2.dylib */; };
		A3E3FAA213B230500023DC27 /* DoubanBook.m in Sources */ = {isa = PBXBuildFile; fileRef = A3E3FAA113B230500023DC27 /* DoubanBook.m */; };
		A3E3FB2C13B23BD50023DC27 /* DoubanConnector.m in Sources */ = {isa = PBXBuildFile; fileRef = A3E3FB2B13B23BD50023DC27 /* DoubanConnector.m */; };
/* End PBXBuildFile section */

/* Begin PBXFileReference section */
		1D30AB110D05D00D00671497 /* Foundation.framework */ = {isa = PBXFileReference; lastKnownFileType = wrapper.framework; name = Foundation.framework; path = System/Library/Frameworks/Foundation.framework; sourceTree = SDKROOT; };
		1D3623240D0F684500981E51 /* bookhelperAppDelegate.h */ = {isa = PBXFileReference; fileEncoding = 4; lastKnownFileType = sourcecode.c.h; path = bookhelperAppDelegate.h; sourceTree = "<group>"; };
		1D3623250D0F684500981E51 /* bookhelperAppDelegate.m */ = {isa = PBXFileReference; fileEncoding = 4; lastKnownFileType = sourcecode.c.objc; path = bookhelperAppDelegate.m; sourceTree = "<group>"; };
		1D6058910D05DD3D006BFB54 /* bookhelper.app */ = {isa = PBXFileReference; explicitFileType = wrapper.application; includeInIndex = 0; path = bookhelper.app; sourceTree = BUILT_PRODUCTS_DIR; };
		1DF5F4DF0D08C38300B7A737 /* UIKit.framework */ = {isa = PBXFileReference; lastKnownFileType = wrapper.framework; name = UIKit.framework; path = System/Library/Frameworks/UIKit.framework; sourceTree = SDKROOT; };
		28216C950DB411BC00E5133A /* BookSearchViewController.h */ = {isa = PBXFileReference; fileEncoding = 4; lastKnownFileType = sourcecode.c.h; path = BookSearchViewController.h; sourceTree = "<group>"; };
		28216C960DB411BC00E5133A /* BookSearchViewController.m */ = {isa = PBXFileReference; fileEncoding = 4; lastKnownFileType = sourcecode.c.objc; path = BookSearchViewController.m; sourceTree = "<group>"; };
		288765070DF74369002DB57D /* CoreGraphics.framework */ = {isa = PBXFileReference; lastKnownFileType = wrapper.framework; name = CoreGraphics.framework; path = System/Library/Frameworks/CoreGraphics.framework; sourceTree = SDKROOT; };
		28A0AB4B0D9B1048005BE974 /* bookhelper_Prefix.pch */ = {isa = PBXFileReference; fileEncoding = 4; lastKnownFileType = sourcecode.c.h; path = bookhelper_Prefix.pch; sourceTree = "<group>"; };
		29B97316FDCFA39411CA2CEA /* main.m */ = {isa = PBXFileReference; fileEncoding = 4; lastKnownFileType = sourcecode.c.objc; path = main.m; sourceTree = "<group>"; };
		A303133713B9F8C4000BD08C /* PathUtilities.h */ = {isa = PBXFileReference; fileEncoding = 4; lastKnownFileType = sourcecode.c.h; path = PathUtilities.h; sourceTree = "<group>"; };
		A303133813B9F8C4000BD08C /* PathUtilities.m */ = {isa = PBXFileReference; fileEncoding = 4; lastKnownFileType = sourcecode.c.objc; path = PathUtilities.m; sourceTree = "<group>"; };
		A303139A13BA2123000BD08C /* BookGetHistory.h */ = {isa = PBXFileReference; fileEncoding = 4; lastKnownFileType = sourcecode.c.h; path = BookGetHistory.h; sourceTree = "<group>"; };
		A303139B13BA2123000BD08C /* BookGetHistory.m */ = {isa = PBXFileReference; fileEncoding = 4; lastKnownFileType = sourcecode.c.objc; path = BookGetHistory.m; sourceTree = "<group>"; };
		A303142513BA32BF000BD08C /* BookGetHistoryViewController.h */ = {isa = PBXFileReference; fileEncoding = 4; lastKnownFileType = sourcecode.c.h; path = BookGetHistoryViewController.h; sourceTree = "<group>"; };
		A303142613BA32BF000BD08C /* BookGetHistoryViewController.m */ = {isa = PBXFileReference; fileEncoding = 4; lastKnownFileType = sourcecode.c.objc; path = BookGetHistoryViewController.m; sourceTree = "<group>"; };
		A30A966813C49A2D0069152B /* PromptModalView.h */ = {isa = PBXFileReference; fileEncoding = 4; lastKnownFileType = sourcecode.c.h; path = PromptModalView.h; sourceTree = "<group>"; };
		A30A966913C49A2D0069152B /* PromptModalView.m */ = {isa = PBXFileReference; fileEncoding = 4; lastKnownFileType = sourcecode.c.objc; path = PromptModalView.m; sourceTree = "<group>"; };
		A3317F0B13BC8ED500D0E7A6 /* MoreViewController.h */ = {isa = PBXFileReference; fileEncoding = 4; lastKnownFileType = sourcecode.c.h; path = MoreViewController.h; sourceTree = "<group>"; };
		A3317F0C13BC8ED500D0E7A6 /* MoreViewController.m */ = {isa = PBXFileReference; fileEncoding = 4; lastKnownFileType = sourcecode.c.objc; path = MoreViewController.m; sourceTree = "<group>"; };
		A349455513C1FFFE00C25B23 /* ReviewTableViewCell.h */ = {isa = PBXFileReference; fileEncoding = 4; lastKnownFileType = sourcecode.c.h; path = ReviewTableViewCell.h; sourceTree = "<group>"; };
		A349455613C1FFFE00C25B23 /* ReviewTableViewCell.m */ = {isa = PBXFileReference; fileEncoding = 4; lastKnownFileType = sourcecode.c.objc; path = ReviewTableViewCell.m; sourceTree = "<group>"; };
		A34945AF13C2190600C25B23 /* BookTableViewCell.h */ = {isa = PBXFileReference; fileEncoding = 4; lastKnownFileType = sourcecode.c.h; path = BookTableViewCell.h; sourceTree = "<group>"; };
		A34945B013C2190600C25B23 /* BookTableViewCell.m */ = {isa = PBXFileReference; fileEncoding = 4; lastKnownFileType = sourcecode.c.objc; path = BookTableViewCell.m; sourceTree = "<group>"; };
		A3791DC213B5D1240061C4DC /* BarCodeScannerViewController.h */ = {isa = PBXFileReference; fileEncoding = 4; lastKnownFileType = sourcecode.c.h; path = BarCodeScannerViewController.h; sourceTree = "<group>"; };
		A3791DC313B5D1240061C4DC /* BarCodeScannerViewController.m */ = {isa = PBXFileReference; fileEncoding = 4; lastKnownFileType = sourcecode.c.objc; path = BarCodeScannerViewController.m; sourceTree = "<group>"; };
		A3791F7013B62AA90061C4DC /* ScannerOverlayView.h */ = {isa = PBXFileReference; fileEncoding = 4; lastKnownFileType = sourcecode.c.h; path = ScannerOverlayView.h; sourceTree = "<group>"; };
		A3791F7113B62AA90061C4DC /* ScannerOverlayView.m */ = {isa = PBXFileReference; fileEncoding = 4; lastKnownFileType = sourcecode.c.objc; path = ScannerOverlayView.m; sourceTree = "<group>"; };
		A379223513B7258A0061C4DC /* LoadingViewController.h */ = {isa = PBXFileReference; fileEncoding = 4; lastKnownFileType = sourcecode.c.h; path = LoadingViewController.h; sourceTree = "<group>"; };
		A379223613B7258A0061C4DC /* LoadingViewController.m */ = {isa = PBXFileReference; fileEncoding = 4; lastKnownFileType = sourcecode.c.objc; path = LoadingViewController.m; sourceTree = "<group>"; };
		A391AC8D13B90986003CFB40 /* BookGetHistoryDatabase.h */ = {isa = PBXFileReference; fileEncoding = 4; lastKnownFileType = sourcecode.c.h; path = BookGetHistoryDatabase.h; sourceTree = "<group>"; };
		A391AC8E13B90986003CFB40 /* BookGetHistoryDatabase.m */ = {isa = PBXFileReference; fileEncoding = 4; lastKnownFileType = sourcecode.c.objc; path = BookGetHistoryDatabase.m; sourceTree = "<group>"; };
		A39A9A3313BDDBAA00937489 /* CFNetwork.framework */ = {isa = PBXFileReference; lastKnownFileType = wrapper.framework; name = CFNetwork.framework; path = System/Library/Frameworks/CFNetwork.framework; sourceTree = SDKROOT; };
		A39A9A3913BDDBDD00937489 /* SystemConfiguration.framework */ = {isa = PBXFileReference; lastKnownFileType = wrapper.framework; name = SystemConfiguration.framework; path = System/Library/Frameworks/SystemConfiguration.framework; sourceTree = SDKROOT; };
		A39A9A3B13BDDC1800937489 /* MobileCoreServices.framework */ = {isa = PBXFileReference; lastKnownFileType = wrapper.framework; name = MobileCoreServices.framework; path = System/Library/Frameworks/MobileCoreServices.framework; sourceTree = SDKROOT; };
		A39A9A5A13BDDC9100937489 /* libz.dylib */ = {isa = PBXFileReference; lastKnownFileType = "compiled.mach-o.dylib"; name = libz.dylib; path = usr/lib/libz.dylib; sourceTree = SDKROOT; };
		A39A9A5E13BDDE4D00937489 /* ASImageView.h */ = {isa = PBXFileReference; fileEncoding = 4; lastKnownFileType = sourcecode.c.h; path = ASImageView.h; sourceTree = "<group>"; };
		A39A9A5F13BDDE4D00937489 /* ASImageView.m */ = {isa = PBXFileReference; fileEncoding = 4; lastKnownFileType = sourcecode.c.objc; path = ASImageView.m; sourceTree = "<group>"; };
		A39A9BB813BE22FA00937489 /* BookSearchBarViewController.h */ = {isa = PBXFileReference; fileEncoding = 4; lastKnownFileType = sourcecode.c.h; path = BookSearchBarViewController.h; sourceTree = "<group>"; };
		A39A9BB913BE22FA00937489 /* BookSearchBarViewController.m */ = {isa = PBXFileReference; fileEncoding = 4; lastKnownFileType = sourcecode.c.objc; path = BookSearchBarViewController.m; sourceTree = "<group>"; };
		A39A9E0C13BE4E0800937489 /* BookInroViewController.h */ = {isa = PBXFileReference; fileEncoding = 4; lastKnownFileType = sourcecode.c.h; path = BookInroViewController.h; sourceTree = "<group>"; };
		A39A9E0D13BE4E0800937489 /* BookInroViewController.m */ = {isa = PBXFileReference; fileEncoding = 4; lastKnownFileType = sourcecode.c.objc; path = BookInroViewController.m; sourceTree = "<group>"; };
		A39A9FE413BEB5F800937489 /* BookPriceUtilities.h */ = {isa = PBXFileReference; fileEncoding = 4; lastKnownFileType = sourcecode.c.h; path = BookPriceUtilities.h; sourceTree = "<group>"; };
		A39A9FE513BEB5F800937489 /* BookPriceUtilities.m */ = {isa = PBXFileReference; fileEncoding = 4; lastKnownFileType = sourcecode.c.objc; path = BookPriceUtilities.m; sourceTree = "<group>"; };
		A3B17ED713B79A7A007B100E /* libsqlite3.dylib */ = {isa = PBXFileReference; lastKnownFileType = "compiled.mach-o.dylib"; name = libsqlite3.dylib; path = usr/lib/libsqlite3.dylib; sourceTree = SDKROOT; };
		A3B1864313B8CB84007B100E /* GradientView.m */ = {isa = PBXFileReference; fileEncoding = 4; lastKnownFileType = sourcecode.c.objc; path = GradientView.m; sourceTree = "<group>"; };
		A3B1864613B8CB84007B100E /* GradientView.h */ = {isa = PBXFileReference; fileEncoding = 4; lastKnownFileType = sourcecode.c.h; path = GradientView.h; sourceTree = "<group>"; };
		A3B8C93913BB8A6600028546 /* TableUIButton.h */ = {isa = PBXFileReference; fileEncoding = 4; lastKnownFileType = sourcecode.c.h; path = TableUIButton.h; sourceTree = "<group>"; };
		A3B8C93A13BB8A6600028546 /* TableUIButton.m */ = {isa = PBXFileReference; fileEncoding = 4; lastKnownFileType = sourcecode.c.objc; path = TableUIButton.m; sourceTree = "<group>"; };
		A3BDF00B13BF7B340027A336 /* UIImage+Scale.h */ = {isa = PBXFileReference; fileEncoding = 4; lastKnownFileType = sourcecode.c.h; path = "UIImage+Scale.h"; sourceTree = "<group>"; };
		A3BDF00C13BF7B340027A336 /* UIImage+Scale.m */ = {isa = PBXFileReference; fileEncoding = 4; lastKnownFileType = sourcecode.c.objc; path = "UIImage+Scale.m"; sourceTree = "<group>"; };
		A3BDF06B13C00A950027A336 /* BookReviewsViewController.h */ = {isa = PBXFileReference; fileEncoding = 4; lastKnownFileType = sourcecode.c.h; path = BookReviewsViewController.h; sourceTree = "<group>"; };
		A3BDF06C13C00A950027A336 /* BookReviewsViewController.m */ = {isa = PBXFileReference; fileEncoding = 4; lastKnownFileType = sourcecode.c.objc; path = BookReviewsViewController.m; sourceTree = "<group>"; };
		A3BDF07813C00DDE0027A336 /* DoubanBookReviewSummary.h */ = {isa = PBXFileReference; fileEncoding = 4; lastKnownFileType = sourcecode.c.h; path = DoubanBookReviewSummary.h; sourceTree = "<group>"; };
		A3BDF07913C00DDE0027A336 /* DoubanBookReviewSummary.m */ = {isa = PBXFileReference; fileEncoding = 4; lastKnownFileType = sourcecode.c.objc; path = DoubanBookReviewSummary.m; sourceTree = "<group>"; };
		A3BDF36813C044C70027A336 /* BookAuthorIntroViewController.h */ = {isa = PBXFileReference; fileEncoding = 4; lastKnownFileType = sourcecode.c.h; path = BookAuthorIntroViewController.h; sourceTree = "<group>"; };
		A3BDF36913C044C70027A336 /* BookAuthorIntroViewController.m */ = {isa = PBXFileReference; fileEncoding = 4; lastKnownFileType = sourcecode.c.objc; path = BookAuthorIntroViewController.m; sourceTree = "<group>"; };
		A3C7DA2813C2EDD100472D1F /* Icon-72.png */ = {isa = PBXFileReference; lastKnownFileType = image.png; path = "Icon-72.png"; sourceTree = "<group>"; };
		A3C7DA2913C2EDD100472D1F /* Icon-Small-50.png */ = {isa = PBXFileReference; lastKnownFileType = image.png; path = "Icon-Small-50.png"; sourceTree = "<group>"; };
		A3C7DA2A13C2EDD100472D1F /* Icon-Small.png */ = {isa = PBXFileReference; lastKnownFileType = image.png; path = "Icon-Small.png"; sourceTree = "<group>"; };
		A3C7DA2B13C2EDD100472D1F /* Icon-Small@2x.png */ = {isa = PBXFileReference; lastKnownFileType = image.png; path = "Icon-Small@2x.png"; sourceTree = "<group>"; };
		A3C7DA2C13C2EDD100472D1F /* Icon.png */ = {isa = PBXFileReference; lastKnownFileType = image.png; path = Icon.png; sourceTree = "<group>"; };
		A3C7DA2D13C2EDD100472D1F /* Icon@2x.png */ = {isa = PBXFileReference; lastKnownFileType = image.png; path = "Icon@2x.png"; sourceTree = "<group>"; };
		A3C7DA2E13C2EDD100472D1F /* iTunesArtwork */ = {isa = PBXFileReference; lastKnownFileType = file; path = iTunesArtwork; sourceTree = "<group>"; };
		A3C7DA2F13C2EDD100472D1F /* author.png */ = {isa = PBXFileReference; lastKnownFileType = image.png; path = author.png; sourceTree = "<group>"; };
		A3C7DA3013C2EDD100472D1F /* barcode.png */ = {isa = PBXFileReference; lastKnownFileType = image.png; path = barcode.png; sourceTree = "<group>"; };
		A3C7DA3113C2EDD100472D1F /* barcode@2x.png */ = {isa = PBXFileReference; lastKnownFileType = image.png; path = "barcode@2x.png"; sourceTree = "<group>"; };
		A3C7DA3213C2EDD100472D1F /* BarCodeScannerView.xib */ = {isa = PBXFileReference; lastKnownFileType = file.xib; path = BarCodeScannerView.xib; sourceTree = "<group>"; };
		A3C7DA3313C2EDD100472D1F /* BookDetailView.xib */ = {isa = PBXFileReference; lastKnownFileType = file.xib; path = BookDetailView.xib; sourceTree = "<group>"; };
		A3C7DA3413C2EDD100472D1F /* BookPriceComparisonView.xib */ = {isa = PBXFileReference; lastKnownFileType = file.xib; path = BookPriceComparisonView.xib; sourceTree = "<group>"; };
		A3C7DA3513C2EDD100472D1F /* BookReviewsView.xib */ = {isa = PBXFileReference; lastKnownFileType = file.xib; path = BookReviewsView.xib; sourceTree = "<group>"; };
		A3C7DA3613C2EDD100472D1F /* BookSearchView.xib */ = {isa = PBXFileReference; lastKnownFileType = file.xib; path = BookSearchView.xib; sourceTree = "<group>"; };
		A3C7DA3813C2EDD100472D1F /* 99.png */ = {isa = PBXFileReference; lastKnownFileType = image.png; path = 99.png; sourceTree = "<group>"; };
		A3C7DA3913C2EDD100472D1F /* chinapub.png */ = {isa = PBXFileReference; lastKnownFileType = image.png; path = chinapub.png; sourceTree = "<group>"; };
		A3C7DA3A13C2EDD100472D1F /* dd.png */ = {isa = PBXFileReference; lastKnownFileType = image.png; path = dd.png; sourceTree = "<group>"; };
		A3C7DA3B13C2EDD100472D1F /* joyo.png */ = {isa = PBXFileReference; lastKnownFileType = image.png; path = joyo.png; sourceTree = "<group>"; };
		A3C7DA3C13C2EDD100472D1F /* comment.png */ = {isa = PBXFileReference; lastKnownFileType = image.png; path = comment.png; sourceTree = "<group>"; };
		A3C7DA3D13C2EDD100472D1F /* cover_placeholder.jpg */ = {isa = PBXFileReference; lastKnownFileType = image.jpeg; path = cover_placeholder.jpg; sourceTree = "<group>"; };
		A3C7DA3E13C2EDD100472D1F /* history.png */ = {isa = PBXFileReference; lastKnownFileType = image.png; path = history.png; sourceTree = "<group>"; };
		A3C7DA3F13C2EDD200472D1F /* history@2x.png */ = {isa = PBXFileReference; lastKnownFileType = image.png; path = "history@2x.png"; sourceTree = "<group>"; };
		A3C7DA4013C2EDD200472D1F /* HistoryView.xib */ = {isa = PBXFileReference; lastKnownFileType = file.xib; path = HistoryView.xib; sourceTree = "<group>"; };
		A3C7DA4113C2EDD200472D1F /* info.png */ = {isa = PBXFileReference; lastKnownFileType = image.png; path = info.png; sourceTree = "<group>"; };
		A3C7DA4213C2EDD200472D1F /* LoadingView.xib */ = {isa = PBXFileReference; lastKnownFileType = file.xib; path = LoadingView.xib; sourceTree = "<group>"; };
		A3C7DA4313C2EDD200472D1F /* Magnifying Glass 2.tiff */ = {isa = PBXFileReference; lastKnownFileType = image.tiff; path = "Magnifying Glass 2.tiff"; sourceTree = "<group>"; };
		A3C7DA4413C2EDD200472D1F /* MainWindow.xib */ = {isa = PBXFileReference; lastKnownFileType = file.xib; path = MainWindow.xib; sourceTree = "<group>"; };
		A3C7DA4513C2EDD200472D1F /* more.png */ = {isa = PBXFileReference; lastKnownFileType = image.png; path = more.png; sourceTree = "<group>"; };
		A3C7DA4613C2EDD200472D1F /* more@2x.png */ = {isa = PBXFileReference; lastKnownFileType = image.png; path = "more@2x.png"; sourceTree = "<group>"; };
		A3C7DA4713C2EDD200472D1F /* MoreView.xib */ = {isa = PBXFileReference; lastKnownFileType = file.xib; path = MoreView.xib; sourceTree = "<group>"; };
		A3C7DA4813C2EDD200472D1F /* price.png */ = {isa = PBXFileReference; lastKnownFileType = image.png; path = price.png; sourceTree = "<group>"; };
		A3C7DA4913C2EDD200472D1F /* scan.wav */ = {isa = PBXFileReference; lastKnownFileType = audio.wav; path = scan.wav; sourceTree = "<group>"; };
		A3C7DA4A13C2EDD200472D1F /* search.png */ = {isa = PBXFileReference; lastKnownFileType = image.png; path = search.png; sourceTree = "<group>"; };
		A3C7DA4B13C2EDD200472D1F /* search@2x.png */ = {isa = PBXFileReference; lastKnownFileType = image.png; path = "search@2x.png"; sourceTree = "<group>"; };
		A3C7DA4C13C2EDD200472D1F /* SearchBarView.xib */ = {isa = PBXFileReference; lastKnownFileType = file.xib; path = SearchBarView.xib; sourceTree = "<group>"; };
		A3C7DA4D13C2EDD200472D1F /* star.png */ = {isa = PBXFileReference; lastKnownFileType = image.png; path = star.png; sourceTree = "<group>"; };
		A3C7DA4E13C2EDD200472D1F /* unstar.png */ = {isa = PBXFileReference; lastKnownFileType = image.png; path = unstar.png; sourceTree = "<group>"; };
		A3C7DA8513C2EFA800472D1F /* ASIAuthenticationDialog.h */ = {isa = PBXFileReference; fileEncoding = 4; lastKnownFileType = sourcecode.c.h; path = ASIAuthenticationDialog.h; sourceTree = "<group>"; };
		A3C7DA8613C2EFA800472D1F /* ASIAuthenticationDialog.m */ = {isa = PBXFileReference; fileEncoding = 4; lastKnownFileType = sourcecode.c.objc; path = ASIAuthenticationDialog.m; sourceTree = "<group>"; };
		A3C7DA8713C2EFA800472D1F /* ASICacheDelegate.h */ = {isa = PBXFileReference; fileEncoding = 4; lastKnownFileType = sourcecode.c.h; path = ASICacheDelegate.h; sourceTree = "<group>"; };
		A3C7DA8813C2EFA800472D1F /* ASIDataCompressor.h */ = {isa = PBXFileReference; fileEncoding = 4; lastKnownFileType = sourcecode.c.h; path = ASIDataCompressor.h; sourceTree = "<group>"; };
		A3C7DA8913C2EFA800472D1F /* ASIDataCompressor.m */ = {isa = PBXFileReference; fileEncoding = 4; lastKnownFileType = sourcecode.c.objc; path = ASIDataCompressor.m; sourceTree = "<group>"; };
		A3C7DA8A13C2EFA800472D1F /* ASIDataDecompressor.h */ = {isa = PBXFileReference; fileEncoding = 4; lastKnownFileType = sourcecode.c.h; path = ASIDataDecompressor.h; sourceTree = "<group>"; };
		A3C7DA8B13C2EFA800472D1F /* ASIDataDecompressor.m */ = {isa = PBXFileReference; fileEncoding = 4; lastKnownFileType = sourcecode.c.objc; path = ASIDataDecompressor.m; sourceTree = "<group>"; };
		A3C7DA8C13C2EFA800472D1F /* ASIDownloadCache.h */ = {isa = PBXFileReference; fileEncoding = 4; lastKnownFileType = sourcecode.c.h; path = ASIDownloadCache.h; sourceTree = "<group>"; };
		A3C7DA8D13C2EFA800472D1F /* ASIDownloadCache.m */ = {isa = PBXFileReference; fileEncoding = 4; lastKnownFileType = sourcecode.c.objc; path = ASIDownloadCache.m; sourceTree = "<group>"; };
		A3C7DA8E13C2EFA800472D1F /* ASIFormDataRequest.h */ = {isa = PBXFileReference; fileEncoding = 4; lastKnownFileType = sourcecode.c.h; path = ASIFormDataRequest.h; sourceTree = "<group>"; };
		A3C7DA8F13C2EFA800472D1F /* ASIFormDataRequest.m */ = {isa = PBXFileReference; fileEncoding = 4; lastKnownFileType = sourcecode.c.objc; path = ASIFormDataRequest.m; sourceTree = "<group>"; };
		A3C7DA9013C2EFA800472D1F /* ASIHTTPRequest.h */ = {isa = PBXFileReference; fileEncoding = 4; lastKnownFileType = sourcecode.c.h; path = ASIHTTPRequest.h; sourceTree = "<group>"; };
		A3C7DA9113C2EFA800472D1F /* ASIHTTPRequest.m */ = {isa = PBXFileReference; fileEncoding = 4; lastKnownFileType = sourcecode.c.objc; path = ASIHTTPRequest.m; sourceTree = "<group>"; };
		A3C7DA9213C2EFA800472D1F /* ASIHTTPRequestConfig.h */ = {isa = PBXFileReference; fileEncoding = 4; lastKnownFileType = sourcecode.c.h; path = ASIHTTPRequestConfig.h; sourceTree = "<group>"; };
		A3C7DA9313C2EFA800472D1F /* ASIHTTPRequestDelegate.h */ = {isa = PBXFileReference; fileEncoding = 4; lastKnownFileType = sourcecode.c.h; path = ASIHTTPRequestDelegate.h; sourceTree = "<group>"; };
		A3C7DA9413C2EFA800472D1F /* ASIInputStream.h */ = {isa = PBXFileReference; fileEncoding = 4; lastKnownFileType = sourcecode.c.h; path = ASIInputStream.h; sourceTree = "<group>"; };
		A3C7DA9513C2EFA800472D1F /* ASIInputStream.m */ = {isa = PBXFileReference; fileEncoding = 4; lastKnownFileType = sourcecode.c.objc; path = ASIInputStream.m; sourceTree = "<group>"; };
		A3C7DA9613C2EFA800472D1F /* ASINetworkQueue.h */ = {isa = PBXFileReference; fileEncoding = 4; lastKnownFileType = sourcecode.c.h; path = ASINetworkQueue.h; sourceTree = "<group>"; };
		A3C7DA9713C2EFA800472D1F /* ASINetworkQueue.m */ = {isa = PBXFileReference; fileEncoding = 4; lastKnownFileType = sourcecode.c.objc; path = ASINetworkQueue.m; sourceTree = "<group>"; };
		A3C7DA9813C2EFA800472D1F /* ASIProgressDelegate.h */ = {isa = PBXFileReference; fileEncoding = 4; lastKnownFileType = sourcecode.c.h; path = ASIProgressDelegate.h; sourceTree = "<group>"; };
		A3C7DA9913C2EFA800472D1F /* Reachability.h */ = {isa = PBXFileReference; fileEncoding = 4; lastKnownFileType = sourcecode.c.h; path = Reachability.h; sourceTree = "<group>"; };
		A3C7DA9A13C2EFA800472D1F /* Reachability.m */ = {isa = PBXFileReference; fileEncoding = 4; lastKnownFileType = sourcecode.c.objc; path = Reachability.m; sourceTree = "<group>"; };
		A3C7DA9C13C2EFA800472D1F /* CHANGES_AND_TODO_LIST.txt */ = {isa = PBXFileReference; fileEncoding = 4; lastKnownFileType = text; path = CHANGES_AND_TODO_LIST.txt; sourceTree = "<group>"; };
		A3C7DA9D13C2EFA800472D1F /* CONTRIBUTORS.txt */ = {isa = PBXFileReference; fileEncoding = 4; lastKnownFileType = text; path = CONTRIBUTORS.txt; sourceTree = "<group>"; };
		A3C7DA9E13C2EFA800472D1F /* FMDatabase.h */ = {isa = PBXFileReference; fileEncoding = 4; lastKnownFileType = sourcecode.c.h; path = FMDatabase.h; sourceTree = "<group>"; };
		A3C7DA9F13C2EFA800472D1F /* FMDatabase.m */ = {isa = PBXFileReference; fileEncoding = 4; lastKnownFileType = sourcecode.c.objc; path = FMDatabase.m; sourceTree = "<group>"; };
		A3C7DAA013C2EFA800472D1F /* FMDatabaseAdditions.h */ = {isa = PBXFileReference; fileEncoding = 4; lastKnownFileType = sourcecode.c.h; path = FMDatabaseAdditions.h; sourceTree = "<group>"; };
		A3C7DAA113C2EFA800472D1F /* FMDatabaseAdditions.m */ = {isa = PBXFileReference; fileEncoding = 4; lastKnownFileType = sourcecode.c.objc; path = FMDatabaseAdditions.m; sourceTree = "<group>"; };
		A3C7DAA313C2EFA800472D1F /* FMResultSet.h */ = {isa = PBXFileReference; fileEncoding = 4; lastKnownFileType = sourcecode.c.h; path = FMResultSet.h; sourceTree = "<group>"; };
		A3C7DAA413C2EFA800472D1F /* FMResultSet.m */ = {isa = PBXFileReference; fileEncoding = 4; lastKnownFileType = sourcecode.c.objc; path = FMResultSet.m; sourceTree = "<group>"; };
		A3C7DAA513C2EFA800472D1F /* LICENSE.txt */ = {isa = PBXFileReference; fileEncoding = 4; lastKnownFileType = text; path = LICENSE.txt; sourceTree = "<group>"; };
		A3C7DAA613C2EFA800472D1F /* README.markdown */ = {isa = PBXFileReference; fileEncoding = 4; lastKnownFileType = text; path = README.markdown; sourceTree = "<group>"; };
		A3C7DAA813C2EFA800472D1F /* GDataXMLNode.h */ = {isa = PBXFileReference; fileEncoding = 4; lastKnownFileType = sourcecode.c.h; path = GDataXMLNode.h; sourceTree = "<group>"; };
		A3C7DAA913C2EFA800472D1F /* GDataXMLNode.m */ = {isa = PBXFileReference; fileEncoding = 4; lastKnownFileType = sourcecode.c.objc; path = GDataXMLNode.m; sourceTree = "<group>"; };
		A3C7DAAB13C2EFA800472D1F /* TFHpple.h */ = {isa = PBXFileReference; fileEncoding = 4; lastKnownFileType = sourcecode.c.h; path = TFHpple.h; sourceTree = "<group>"; };
		A3C7DAAC13C2EFA800472D1F /* TFHpple.m */ = {isa = PBXFileReference; fileEncoding = 4; lastKnownFileType = sourcecode.c.objc; path = TFHpple.m; sourceTree = "<group>"; };
		A3C7DAAD13C2EFA800472D1F /* TFHppleElement.h */ = {isa = PBXFileReference; fileEncoding = 4; lastKnownFileType = sourcecode.c.h; path = TFHppleElement.h; sourceTree = "<group>"; };
		A3C7DAAE13C2EFA800472D1F /* TFHppleElement.m */ = {isa = PBXFileReference; fileEncoding = 4; lastKnownFileType = sourcecode.c.objc; path = TFHppleElement.m; sourceTree = "<group>"; };
		A3C7DAAF13C2EFA800472D1F /* XPathQuery.h */ = {isa = PBXFileReference; fileEncoding = 4; lastKnownFileType = sourcecode.c.h; path = XPathQuery.h; sourceTree = "<group>"; };
		A3C7DAB013C2EFA800472D1F /* XPathQuery.m */ = {isa = PBXFileReference; fileEncoding = 4; lastKnownFileType = sourcecode.c.objc; path = XPathQuery.m; sourceTree = "<group>"; };
		A3C7DAB513C2EFA800472D1F /* Decoder.h */ = {isa = PBXFileReference; fileEncoding = 4; lastKnownFileType = sourcecode.c.h; path = Decoder.h; sourceTree = "<group>"; };
		A3C7DAB613C2EFA800472D1F /* Exception.h */ = {isa = PBXFileReference; fileEncoding = 4; lastKnownFileType = sourcecode.c.h; path = Exception.h; sourceTree = "<group>"; };
		A3C7DAB713C2EFA800472D1F /* Image.h */ = {isa = PBXFileReference; fileEncoding = 4; lastKnownFileType = sourcecode.c.h; path = Image.h; sourceTree = "<group>"; };
		A3C7DAB813C2EFA800472D1F /* ImageScanner.h */ = {isa = PBXFileReference; fileEncoding = 4; lastKnownFileType = sourcecode.c.h; path = ImageScanner.h; sourceTree = "<group>"; };
		A3C7DAB913C2EFA800472D1F /* Processor.h */ = {isa = PBXFileReference; fileEncoding = 4; lastKnownFileType = sourcecode.c.h; path = Processor.h; sourceTree = "<group>"; };
		A3C7DABA13C2EFA800472D1F /* Scanner.h */ = {isa = PBXFileReference; fileEncoding = 4; lastKnownFileType = sourcecode.c.h; path = Scanner.h; sourceTree = "<group>"; };
		A3C7DABB13C2EFA800472D1F /* Symbol.h */ = {isa = PBXFileReference; fileEncoding = 4; lastKnownFileType = sourcecode.c.h; path = Symbol.h; sourceTree = "<group>"; };
		A3C7DABC13C2EFA800472D1F /* Video.h */ = {isa = PBXFileReference; fileEncoding = 4; lastKnownFileType = sourcecode.c.h; path = Video.h; sourceTree = "<group>"; };
		A3C7DABD13C2EFA800472D1F /* Window.h */ = {isa = PBXFileReference; fileEncoding = 4; lastKnownFileType = sourcecode.c.h; path = Window.h; sourceTree = "<group>"; };
		A3C7DABE13C2EFA800472D1F /* zbar.h */ = {isa = PBXFileReference; fileEncoding = 4; lastKnownFileType = sourcecode.c.h; path = zbar.h; sourceTree = "<group>"; };
		A3C7DABF13C2EFA800472D1F /* ZBarCaptureReader.h */ = {isa = PBXFileReference; fileEncoding = 4; lastKnownFileType = sourcecode.c.h; path = ZBarCaptureReader.h; sourceTree = "<group>"; };
		A3C7DAC013C2EFA800472D1F /* ZBarHelpController.h */ = {isa = PBXFileReference; fileEncoding = 4; lastKnownFileType = sourcecode.c.h; path = ZBarHelpController.h; sourceTree = "<group>"; };
		A3C7DAC113C2EFA800472D1F /* ZBarImage.h */ = {isa = PBXFileReference; fileEncoding = 4; lastKnownFileType = sourcecode.c.h; path = ZBarImage.h; sourceTree = "<group>"; };
		A3C7DAC213C2EFA800472D1F /* ZBarImageScanner.h */ = {isa = PBXFileReference; fileEncoding = 4; lastKnownFileType = sourcecode.c.h; path = ZBarImageScanner.h; sourceTree = "<group>"; };
		A3C7DAC313C2EFA800472D1F /* ZBarReaderController.h */ = {isa = PBXFileReference; fileEncoding = 4; lastKnownFileType = sourcecode.c.h; path = ZBarReaderController.h; sourceTree = "<group>"; };
		A3C7DAC413C2EFA800472D1F /* ZBarReaderView.h */ = {isa = PBXFileReference; fileEncoding = 4; lastKnownFileType = sourcecode.c.h; path = ZBarReaderView.h; sourceTree = "<group>"; };
		A3C7DAC513C2EFA800472D1F /* ZBarReaderViewController.h */ = {isa = PBXFileReference; fileEncoding = 4; lastKnownFileType = sourcecode.c.h; path = ZBarReaderViewController.h; sourceTree = "<group>"; };
		A3C7DAC613C2EFA800472D1F /* ZBarSDK.h */ = {isa = PBXFileReference; fileEncoding = 4; lastKnownFileType = sourcecode.c.h; path = ZBarSDK.h; sourceTree = "<group>"; };
		A3C7DAC713C2EFA800472D1F /* ZBarSymbol.h */ = {isa = PBXFileReference; fileEncoding = 4; lastKnownFileType = sourcecode.c.h; path = ZBarSymbol.h; sourceTree = "<group>"; };
		A3C7DAC813C2EFA800472D1F /* libzbar.a */ = {isa = PBXFileReference; lastKnownFileType = archive.ar; path = libzbar.a; sourceTree = "<group>"; };
		A3C7DACA13C2EFA800472D1F /* zbar-back.png */ = {isa = PBXFileReference; lastKnownFileType = image.png; path = "zbar-back.png"; sourceTree = "<group>"; };
		A3C7DACB13C2EFA800472D1F /* zbar-help.html */ = {isa = PBXFileReference; fileEncoding = 4; lastKnownFileType = text.html; path = "zbar-help.html"; sourceTree = "<group>"; };
		A3C7DACC13C2EFA800472D1F /* zbar-helpicons.png */ = {isa = PBXFileReference; lastKnownFileType = image.png; path = "zbar-helpicons.png"; sourceTree = "<group>"; };
		A3C7DACD13C2EFA800472D1F /* zbar-samples.png */ = {isa = PBXFileReference; lastKnownFileType = image.png; path = "zbar-samples.png"; sourceTree = "<group>"; };
		A3C7DED213C3542B00472D1F /* LoadingTableViewCell.h */ = {isa = PBXFileReference; fileEncoding = 4; lastKnownFileType = sourcecode.c.h; path = LoadingTableViewCell.h; sourceTree = "<group>"; };
		A3C7DED313C3542B00472D1F /* LoadingTableViewCell.m */ = {isa = PBXFileReference; fileEncoding = 4; lastKnownFileType = sourcecode.c.objc; path = LoadingTableViewCell.m; sourceTree = "<group>"; };
		A3C7DF1813C36EBA00472D1F /* ContinuousTableView.h */ = {isa = PBXFileReference; fileEncoding = 4; lastKnownFileType = sourcecode.c.h; path = ContinuousTableView.h; sourceTree = "<group>"; };
		A3C7DF1913C36EBA00472D1F /* ContinuousTableView.m */ = {isa = PBXFileReference; fileEncoding = 4; lastKnownFileType = sourcecode.c.objc; path = ContinuousTableView.m; sourceTree = "<group>"; };
		A3D3775013B395FC00632293 /* DoubanURLConnection.h */ = {isa = PBXFileReference; fileEncoding = 4; lastKnownFileType = sourcecode.c.h; path = DoubanURLConnection.h; sourceTree = "<group>"; };
		A3D3775113B395FC00632293 /* DoubanURLConnection.m */ = {isa = PBXFileReference; fileEncoding = 4; lastKnownFileType = sourcecode.c.objc; path = DoubanURLConnection.m; sourceTree = "<group>"; };
		A3D3780713B3A4F800632293 /* QuartzCore.framework */ = {isa = PBXFileReference; lastKnownFileType = wrapper.framework; name = QuartzCore.framework; path = System/Library/Frameworks/QuartzCore.framework; sourceTree = SDKROOT; };
		A3D3781D13B3A51300632293 /* CoreVideo.framework */ = {isa = PBXFileReference; lastKnownFileType = wrapper.framework; name = CoreVideo.framework; path = System/Library/Frameworks/CoreVideo.framework; sourceTree = SDKROOT; };
		A3D3782D13B3A55C00632293 /* libiconv.dylib */ = {isa = PBXFileReference; lastKnownFileType = "compiled.mach-o.dylib"; name = libiconv.dylib; path = usr/lib/libiconv.dylib; sourceTree = SDKROOT; };
		A3D3782F13B3A55C00632293 /* libicucore.dylib */ = {isa = PBXFileReference; lastKnownFileType = "compiled.mach-o.dylib"; name = libicucore.dylib; path = usr/lib/libicucore.dylib; sourceTree = SDKROOT; };
		A3D3787013B3A6AE00632293 /* CoreMedia.framework */ = {isa = PBXFileReference; lastKnownFileType = wrapper.framework; name = CoreMedia.framework; path = System/Library/Frameworks/CoreMedia.framework; sourceTree = SDKROOT; };
		A3D3787C13B3A6E700632293 /* AVFoundation.framework */ = {isa = PBXFileReference; lastKnownFileType = wrapper.framework; name = AVFoundation.framework; path = System/Library/Frameworks/AVFoundation.framework; sourceTree = SDKROOT; };
		A3D37FCD13B4D6A800632293 /* NSString+URLEncoding.h */ = {isa = PBXFileReference; fileEncoding = 4; lastKnownFileType = sourcecode.c.h; path = "NSString+URLEncoding.h"; sourceTree = "<group>"; };
		A3D37FCE13B4D6A800632293 /* NSString+URLEncoding.m */ = {isa = PBXFileReference; fileEncoding = 4; lastKnownFileType = sourcecode.c.objc; path = "NSString+URLEncoding.m"; sourceTree = "<group>"; };
		A3D37FD713B4D83500632293 /* BookDetailViewController.h */ = {isa = PBXFileReference; fileEncoding = 4; lastKnownFileType = sourcecode.c.h; path = BookDetailViewController.h; sourceTree = "<group>"; };
		A3D37FD813B4D83500632293 /* BookDetailViewController.m */ = {isa = PBXFileReference; fileEncoding = 4; lastKnownFileType = sourcecode.c.objc; path = BookDetailViewController.m; sourceTree = "<group>"; };
		A3D37FE013B4E1CE00632293 /* BookPriceComparisonViewController.h */ = {isa = PBXFileReference; fileEncoding = 4; lastKnownFileType = sourcecode.c.h; path = BookPriceComparisonViewController.h; sourceTree = "<group>"; };
		A3D37FE113B4E1CE00632293 /* BookPriceComparisonViewController.m */ = {isa = PBXFileReference; fileEncoding = 4; lastKnownFileType = sourcecode.c.objc; path = BookPriceComparisonViewController.m; sourceTree = "<group>"; };
		A3E3FA9313B22FE40023DC27 /* libxml2.dylib */ = {isa = PBXFileReference; lastKnownFileType = "compiled.mach-o.dylib"; name = libxml2.dylib; path = usr/lib/libxml2.dylib; sourceTree = SDKROOT; };
		A3E3FAA013B230500023DC27 /* DoubanBook.h */ = {isa = PBXFileReference; fileEncoding = 4; lastKnownFileType = sourcecode.c.h; path = DoubanBook.h; sourceTree = "<group>"; };
		A3E3FAA113B230500023DC27 /* DoubanBook.m */ = {isa = PBXFileReference; fileEncoding = 4; lastKnownFileType = sourcecode.c.objc; path = DoubanBook.m; sourceTree = "<group>"; };
		A3E3FB2A13B23BD50023DC27 /* DoubanConnector.h */ = {isa = PBXFileReference; fileEncoding = 4; lastKnownFileType = sourcecode.c.h; path = DoubanConnector.h; sourceTree = "<group>"; };
		A3E3FB2B13B23BD50023DC27 /* DoubanConnector.m */ = {isa = PBXFileReference; fileEncoding = 4; lastKnownFileType = sourcecode.c.objc; path = DoubanConnector.m; sourceTree = "<group>"; };
/* End PBXFileReference section */

/* Begin PBXFrameworksBuildPhase section */
		1D60588F0D05DD3D006BFB54 /* Frameworks */ = {
			isa = PBXFrameworksBuildPhase;
			buildActionMask = 2147483647;
			files = (
				A3D3783113B3A56100632293 /* libiconv.dylib in Frameworks */,
				A3D3783213B3A56100632293 /* libicucore.dylib in Frameworks */,
				A3D3781E13B3A51300632293 /* CoreVideo.framework in Frameworks */,
				A3D3780813B3A4F800632293 /* QuartzCore.framework in Frameworks */,
				1D60589F0D05DD5A006BFB54 /* Foundation.framework in Frameworks */,
				1DF5F4E00D08C38300B7A737 /* UIKit.framework in Frameworks */,
				288765080DF74369002DB57D /* CoreGraphics.framework in Frameworks */,
				A3E3FA9413B22FE40023DC27 /* libxml2.dylib in Frameworks */,
				A3D3787113B3A6AE00632293 /* CoreMedia.framework in Frameworks */,
				A3D3787D13B3A6E700632293 /* AVFoundation.framework in Frameworks */,
				A3B17ED813B79A7A007B100E /* libsqlite3.dylib in Frameworks */,
				A39A9A3413BDDBAA00937489 /* CFNetwork.framework in Frameworks */,
				A39A9A3A13BDDBDD00937489 /* SystemConfiguration.framework in Frameworks */,
				A39A9A3C13BDDC1800937489 /* MobileCoreServices.framework in Frameworks */,
				A39A9A5B13BDDC9100937489 /* libz.dylib in Frameworks */,
				A3C7DAE313C2EFA800472D1F /* libzbar.a in Frameworks */,
			);
			runOnlyForDeploymentPostprocessing = 0;
		};
/* End PBXFrameworksBuildPhase section */

/* Begin PBXGroup section */
		080E96DDFE201D6D7F000001 /* Classes */ = {
			isa = PBXGroup;
			children = (
				A391AC8C13B90748003CFB40 /* Database */,
				A3791F6F13B62A790061C4DC /* View */,
				A3E3FE4D13B2EE800023DC27 /* Utilities */,
				A3E3FD2213B2D0FD0023DC27 /* Controller */,
				A3E3FA9E13B230310023DC27 /* Douban */,
				1D3623240D0F684500981E51 /* bookhelperAppDelegate.h */,
				1D3623250D0F684500981E51 /* bookhelperAppDelegate.m */,
			);
			path = Classes;
			sourceTree = "<group>";
		};
		19C28FACFE9D520D11CA2CBB /* Products */ = {
			isa = PBXGroup;
			children = (
				1D6058910D05DD3D006BFB54 /* bookhelper.app */,
			);
			name = Products;
			sourceTree = "<group>";
		};
		29B97314FDCFA39411CA2CEA /* bookhelper */ = {
			isa = PBXGroup;
			children = (
				A3C7DA8313C2EFA800472D1F /* Libraries */,
				080E96DDFE201D6D7F000001 /* Classes */,
				29B97315FDCFA39411CA2CEA /* Other Sources */,
				29B97323FDCFA39411CA2CEA /* Frameworks */,
				A3C7DA2613C2EDD100472D1F /* Resources */,
				19C28FACFE9D520D11CA2CBB /* Products */,
			);
			name = bookhelper;
			sourceTree = "<group>";
		};
		29B97315FDCFA39411CA2CEA /* Other Sources */ = {
			isa = PBXGroup;
			children = (
				28A0AB4B0D9B1048005BE974 /* bookhelper_Prefix.pch */,
				29B97316FDCFA39411CA2CEA /* main.m */,
			);
			name = "Other Sources";
			sourceTree = "<group>";
		};
		29B97323FDCFA39411CA2CEA /* Frameworks */ = {
			isa = PBXGroup;
			children = (
				A3E3FA9313B22FE40023DC27 /* libxml2.dylib */,
				A3D3780713B3A4F800632293 /* QuartzCore.framework */,
				A3D3781D13B3A51300632293 /* CoreVideo.framework */,
				A3D3782D13B3A55C00632293 /* libiconv.dylib */,
				A3D3782F13B3A55C00632293 /* libicucore.dylib */,
				A3D3787013B3A6AE00632293 /* CoreMedia.framework */,
				A3D3787C13B3A6E700632293 /* AVFoundation.framework */,
				1DF5F4DF0D08C38300B7A737 /* UIKit.framework */,
				1D30AB110D05D00D00671497 /* Foundation.framework */,
				288765070DF74369002DB57D /* CoreGraphics.framework */,
				A3B17ED713B79A7A007B100E /* libsqlite3.dylib */,
				A39A9A3913BDDBDD00937489 /* SystemConfiguration.framework */,
				A39A9A3313BDDBAA00937489 /* CFNetwork.framework */,
				A39A9A3B13BDDC1800937489 /* MobileCoreServices.framework */,
				A39A9A5A13BDDC9100937489 /* libz.dylib */,
			);
			name = Frameworks;
			sourceTree = "<group>";
		};
		A34945AE13C218D400C25B23 /* Cell */ = {
			isa = PBXGroup;
			children = (
				A349455513C1FFFE00C25B23 /* ReviewTableViewCell.h */,
				A349455613C1FFFE00C25B23 /* ReviewTableViewCell.m */,
				A34945AF13C2190600C25B23 /* BookTableViewCell.h */,
				A34945B013C2190600C25B23 /* BookTableViewCell.m */,
				A3C7DED213C3542B00472D1F /* LoadingTableViewCell.h */,
				A3C7DED313C3542B00472D1F /* LoadingTableViewCell.m */,
			);
			name = Cell;
			sourceTree = "<group>";
		};
		A3791F6F13B62A790061C4DC /* View */ = {
			isa = PBXGroup;
			children = (
				A34945AE13C218D400C25B23 /* Cell */,
				A3B1864613B8CB84007B100E /* GradientView.h */,
				A3B1864313B8CB84007B100E /* GradientView.m */,
				A3791F7013B62AA90061C4DC /* ScannerOverlayView.h */,
				A3791F7113B62AA90061C4DC /* ScannerOverlayView.m */,
				A379223513B7258A0061C4DC /* LoadingViewController.h */,
				A379223613B7258A0061C4DC /* LoadingViewController.m */,
				A3B8C93913BB8A6600028546 /* TableUIButton.h */,
				A3B8C93A13BB8A6600028546 /* TableUIButton.m */,
				A39A9A5E13BDDE4D00937489 /* ASImageView.h */,
				A39A9A5F13BDDE4D00937489 /* ASImageView.m */,
				A3C7DF1813C36EBA00472D1F /* ContinuousTableView.h */,
				A3C7DF1913C36EBA00472D1F /* ContinuousTableView.m */,
				A30A966813C49A2D0069152B /* PromptModalView.h */,
				A30A966913C49A2D0069152B /* PromptModalView.m */,
			);
			name = View;
			sourceTree = "<group>";
		};
		A391AC8C13B90748003CFB40 /* Database */ = {
			isa = PBXGroup;
			children = (
				A391AC8D13B90986003CFB40 /* BookGetHistoryDatabase.h */,
				A391AC8E13B90986003CFB40 /* BookGetHistoryDatabase.m */,
				A303139A13BA2123000BD08C /* BookGetHistory.h */,
				A303139B13BA2123000BD08C /* BookGetHistory.m */,
			);
			name = Database;
			sourceTree = "<group>";
		};
		A39A9E0B13BE4DE800937489 /* BookDetail */ = {
			isa = PBXGroup;
			children = (
				A3D37FD713B4D83500632293 /* BookDetailViewController.h */,
				A3D37FD813B4D83500632293 /* BookDetailViewController.m */,
				A39A9E0C13BE4E0800937489 /* BookInroViewController.h */,
				A39A9E0D13BE4E0800937489 /* BookInroViewController.m */,
				A3D37FE013B4E1CE00632293 /* BookPriceComparisonViewController.h */,
				A3D37FE113B4E1CE00632293 /* BookPriceComparisonViewController.m */,
				A3BDF36813C044C70027A336 /* BookAuthorIntroViewController.h */,
				A3BDF36913C044C70027A336 /* BookAuthorIntroViewController.m */,
			);
			name = BookDetail;
			sourceTree = "<group>";
		};
		A3C7DA2613C2EDD100472D1F /* Resources */ = {
			isa = PBXGroup;
			children = (
				A3C7DA2713C2EDD100472D1F /* appicons */,
				A3C7DA2F13C2EDD100472D1F /* author.png */,
				A3C7DA3013C2EDD100472D1F /* barcode.png */,
				A3C7DA3113C2EDD100472D1F /* barcode@2x.png */,
				A3C7DA3213C2EDD100472D1F /* BarCodeScannerView.xib */,
				A3C7DA3313C2EDD100472D1F /* BookDetailView.xib */,
				A3C7DA3413C2EDD100472D1F /* BookPriceComparisonView.xib */,
				A3C7DA3513C2EDD100472D1F /* BookReviewsView.xib */,
				A3C7DA3613C2EDD100472D1F /* BookSearchView.xib */,
				A3C7DA3713C2EDD100472D1F /* bookstorelogos */,
				A3C7DA3C13C2EDD100472D1F /* comment.png */,
				A3C7DA3D13C2EDD100472D1F /* cover_placeholder.jpg */,
				A3C7DA3E13C2EDD100472D1F /* history.png */,
				A3C7DA3F13C2EDD200472D1F /* history@2x.png */,
				A3C7DA4013C2EDD200472D1F /* HistoryView.xib */,
				A3C7DA4113C2EDD200472D1F /* info.png */,
				A3C7DA4213C2EDD200472D1F /* LoadingView.xib */,
				A3C7DA4313C2EDD200472D1F /* Magnifying Glass 2.tiff */,
				A3C7DA4413C2EDD200472D1F /* MainWindow.xib */,
				A3C7DA4513C2EDD200472D1F /* more.png */,
				A3C7DA4613C2EDD200472D1F /* more@2x.png */,
				A3C7DA4713C2EDD200472D1F /* MoreView.xib */,
				A3C7DA4813C2EDD200472D1F /* price.png */,
				A3C7DA4913C2EDD200472D1F /* scan.wav */,
				A3C7DA4A13C2EDD200472D1F /* search.png */,
				A3C7DA4B13C2EDD200472D1F /* search@2x.png */,
				A3C7DA4C13C2EDD200472D1F /* SearchBarView.xib */,
				A3C7DA4D13C2EDD200472D1F /* star.png */,
				A3C7DA4E13C2EDD200472D1F /* unstar.png */,
			);
			path = Resources;
			sourceTree = "<group>";
		};
		A3C7DA2713C2EDD100472D1F /* appicons */ = {
			isa = PBXGroup;
			children = (
				A3C7DA2813C2EDD100472D1F /* Icon-72.png */,
				A3C7DA2913C2EDD100472D1F /* Icon-Small-50.png */,
				A3C7DA2A13C2EDD100472D1F /* Icon-Small.png */,
				A3C7DA2B13C2EDD100472D1F /* Icon-Small@2x.png */,
				A3C7DA2C13C2EDD100472D1F /* Icon.png */,
				A3C7DA2D13C2EDD100472D1F /* Icon@2x.png */,
				A3C7DA2E13C2EDD100472D1F /* iTunesArtwork */,
			);
			path = appicons;
			sourceTree = "<group>";
		};
		A3C7DA3713C2EDD100472D1F /* bookstorelogos */ = {
			isa = PBXGroup;
			children = (
				A3C7DA3813C2EDD100472D1F /* 99.png */,
				A3C7DA3913C2EDD100472D1F /* chinapub.png */,
				A3C7DA3A13C2EDD100472D1F /* dd.png */,
				A3C7DA3B13C2EDD100472D1F /* joyo.png */,
			);
			path = bookstorelogos;
			sourceTree = "<group>";
		};
		A3C7DA8313C2EFA800472D1F /* Libraries */ = {
			isa = PBXGroup;
			children = (
				A3C7DA8413C2EFA800472D1F /* ASIHTTPRequest */,
				A3C7DA9B13C2EFA800472D1F /* fmdb */,
				A3C7DAA713C2EFA800472D1F /* GData */,
				A3C7DAAA13C2EFA800472D1F /* Hpple */,
				A3C7DAB113C2EFA800472D1F /* ZBarSDK */,
			);
			path = Libraries;
			sourceTree = "<group>";
		};
		A3C7DA8413C2EFA800472D1F /* ASIHTTPRequest */ = {
			isa = PBXGroup;
			children = (
				A3C7DA8513C2EFA800472D1F /* ASIAuthenticationDialog.h */,
				A3C7DA8613C2EFA800472D1F /* ASIAuthenticationDialog.m */,
				A3C7DA8713C2EFA800472D1F /* ASICacheDelegate.h */,
				A3C7DA8813C2EFA800472D1F /* ASIDataCompressor.h */,
				A3C7DA8913C2EFA800472D1F /* ASIDataCompressor.m */,
				A3C7DA8A13C2EFA800472D1F /* ASIDataDecompressor.h */,
				A3C7DA8B13C2EFA800472D1F /* ASIDataDecompressor.m */,
				A3C7DA8C13C2EFA800472D1F /* ASIDownloadCache.h */,
				A3C7DA8D13C2EFA800472D1F /* ASIDownloadCache.m */,
				A3C7DA8E13C2EFA800472D1F /* ASIFormDataRequest.h */,
				A3C7DA8F13C2EFA800472D1F /* ASIFormDataRequest.m */,
				A3C7DA9013C2EFA800472D1F /* ASIHTTPRequest.h */,
				A3C7DA9113C2EFA800472D1F /* ASIHTTPRequest.m */,
				A3C7DA9213C2EFA800472D1F /* ASIHTTPRequestConfig.h */,
				A3C7DA9313C2EFA800472D1F /* ASIHTTPRequestDelegate.h */,
				A3C7DA9413C2EFA800472D1F /* ASIInputStream.h */,
				A3C7DA9513C2EFA800472D1F /* ASIInputStream.m */,
				A3C7DA9613C2EFA800472D1F /* ASINetworkQueue.h */,
				A3C7DA9713C2EFA800472D1F /* ASINetworkQueue.m */,
				A3C7DA9813C2EFA800472D1F /* ASIProgressDelegate.h */,
				A3C7DA9913C2EFA800472D1F /* Reachability.h */,
				A3C7DA9A13C2EFA800472D1F /* Reachability.m */,
			);
			path = ASIHTTPRequest;
			sourceTree = "<group>";
		};
		A3C7DA9B13C2EFA800472D1F /* fmdb */ = {
			isa = PBXGroup;
			children = (
				A3C7DA9C13C2EFA800472D1F /* CHANGES_AND_TODO_LIST.txt */,
				A3C7DA9D13C2EFA800472D1F /* CONTRIBUTORS.txt */,
				A3C7DA9E13C2EFA800472D1F /* FMDatabase.h */,
				A3C7DA9F13C2EFA800472D1F /* FMDatabase.m */,
				A3C7DAA013C2EFA800472D1F /* FMDatabaseAdditions.h */,
				A3C7DAA113C2EFA800472D1F /* FMDatabaseAdditions.m */,
				A3C7DAA313C2EFA800472D1F /* FMResultSet.h */,
				A3C7DAA413C2EFA800472D1F /* FMResultSet.m */,
				A3C7DAA513C2EFA800472D1F /* LICENSE.txt */,
				A3C7DAA613C2EFA800472D1F /* README.markdown */,
			);
			path = fmdb;
			sourceTree = "<group>";
		};
		A3C7DAA713C2EFA800472D1F /* GData */ = {
			isa = PBXGroup;
			children = (
				A3C7DAA813C2EFA800472D1F /* GDataXMLNode.h */,
				A3C7DAA913C2EFA800472D1F /* GDataXMLNode.m */,
			);
			path = GData;
			sourceTree = "<group>";
		};
		A3C7DAAA13C2EFA800472D1F /* Hpple */ = {
			isa = PBXGroup;
			children = (
				A3C7DAAB13C2EFA800472D1F /* TFHpple.h */,
				A3C7DAAC13C2EFA800472D1F /* TFHpple.m */,
				A3C7DAAD13C2EFA800472D1F /* TFHppleElement.h */,
				A3C7DAAE13C2EFA800472D1F /* TFHppleElement.m */,
				A3C7DAAF13C2EFA800472D1F /* XPathQuery.h */,
				A3C7DAB013C2EFA800472D1F /* XPathQuery.m */,
			);
			path = Hpple;
			sourceTree = "<group>";
		};
		A3C7DAB113C2EFA800472D1F /* ZBarSDK */ = {
			isa = PBXGroup;
			children = (
				A3C7DAB213C2EFA800472D1F /* Headers */,
				A3C7DAC813C2EFA800472D1F /* libzbar.a */,
				A3C7DAC913C2EFA800472D1F /* Resources */,
			);
			path = ZBarSDK;
			sourceTree = "<group>";
		};
		A3C7DAB213C2EFA800472D1F /* Headers */ = {
			isa = PBXGroup;
			children = (
				A3C7DAB313C2EFA800472D1F /* ZBarSDK */,
			);
			path = Headers;
			sourceTree = "<group>";
		};
		A3C7DAB313C2EFA800472D1F /* ZBarSDK */ = {
			isa = PBXGroup;
			children = (
				A3C7DAB413C2EFA800472D1F /* zbar */,
				A3C7DABE13C2EFA800472D1F /* zbar.h */,
				A3C7DABF13C2EFA800472D1F /* ZBarCaptureReader.h */,
				A3C7DAC013C2EFA800472D1F /* ZBarHelpController.h */,
				A3C7DAC113C2EFA800472D1F /* ZBarImage.h */,
				A3C7DAC213C2EFA800472D1F /* ZBarImageScanner.h */,
				A3C7DAC313C2EFA800472D1F /* ZBarReaderController.h */,
				A3C7DAC413C2EFA800472D1F /* ZBarReaderView.h */,
				A3C7DAC513C2EFA800472D1F /* ZBarReaderViewController.h */,
				A3C7DAC613C2EFA800472D1F /* ZBarSDK.h */,
				A3C7DAC713C2EFA800472D1F /* ZBarSymbol.h */,
			);
			path = ZBarSDK;
			sourceTree = "<group>";
		};
		A3C7DAB413C2EFA800472D1F /* zbar */ = {
			isa = PBXGroup;
			children = (
				A3C7DAB513C2EFA800472D1F /* Decoder.h */,
				A3C7DAB613C2EFA800472D1F /* Exception.h */,
				A3C7DAB713C2EFA800472D1F /* Image.h */,
				A3C7DAB813C2EFA800472D1F /* ImageScanner.h */,
				A3C7DAB913C2EFA800472D1F /* Processor.h */,
				A3C7DABA13C2EFA800472D1F /* Scanner.h */,
				A3C7DABB13C2EFA800472D1F /* Symbol.h */,
				A3C7DABC13C2EFA800472D1F /* Video.h */,
				A3C7DABD13C2EFA800472D1F /* Window.h */,
			);
			path = zbar;
			sourceTree = "<group>";
		};
		A3C7DAC913C2EFA800472D1F /* Resources */ = {
			isa = PBXGroup;
			children = (
				A3C7DACA13C2EFA800472D1F /* zbar-back.png */,
				A3C7DACB13C2EFA800472D1F /* zbar-help.html */,
				A3C7DACC13C2EFA800472D1F /* zbar-helpicons.png */,
				A3C7DACD13C2EFA800472D1F /* zbar-samples.png */,
			);
			path = Resources;
			sourceTree = "<group>";
		};
		A3E3FA9E13B230310023DC27 /* Douban */ = {
			isa = PBXGroup;
			children = (
				A3D3775013B395FC00632293 /* DoubanURLConnection.h */,
				A3D3775113B395FC00632293 /* DoubanURLConnection.m */,
				A3E3FB2A13B23BD50023DC27 /* DoubanConnector.h */,
				A3E3FB2B13B23BD50023DC27 /* DoubanConnector.m */,
				A39A9FE413BEB5F800937489 /* BookPriceUtilities.h */,
				A39A9FE513BEB5F800937489 /* BookPriceUtilities.m */,
				A3E3FA9F13B2303D0023DC27 /* Models */,
			);
			name = Douban;
			sourceTree = "<group>";
		};
		A3E3FA9F13B2303D0023DC27 /* Models */ = {
			isa = PBXGroup;
			children = (
				A3E3FAA013B230500023DC27 /* DoubanBook.h */,
				A3E3FAA113B230500023DC27 /* DoubanBook.m */,
				A3BDF07813C00DDE0027A336 /* DoubanBookReviewSummary.h */,
				A3BDF07913C00DDE0027A336 /* DoubanBookReviewSummary.m */,
			);
			name = Models;
			sourceTree = "<group>";
		};
		A3E3FD2213B2D0FD0023DC27 /* Controller */ = {
			isa = PBXGroup;
			children = (
				A39A9E0B13BE4DE800937489 /* BookDetail */,
				28216C950DB411BC00E5133A /* BookSearchViewController.h */,
				28216C960DB411BC00E5133A /* BookSearchViewController.m */,
				A3791DC213B5D1240061C4DC /* BarCodeScannerViewController.h */,
				A3791DC313B5D1240061C4DC /* BarCodeScannerViewController.m */,
				A303142513BA32BF000BD08C /* BookGetHistoryViewController.h */,
				A303142613BA32BF000BD08C /* BookGetHistoryViewController.m */,
				A3317F0B13BC8ED500D0E7A6 /* MoreViewController.h */,
				A3317F0C13BC8ED500D0E7A6 /* MoreViewController.m */,
				A39A9BB813BE22FA00937489 /* BookSearchBarViewController.h */,
				A39A9BB913BE22FA00937489 /* BookSearchBarViewController.m */,
				A3BDF06B13C00A950027A336 /* BookReviewsViewController.h */,
				A3BDF06C13C00A950027A336 /* BookReviewsViewController.m */,
			);
			name = Controller;
			sourceTree = "<group>";
		};
		A3E3FE4D13B2EE800023DC27 /* Utilities */ = {
			isa = PBXGroup;
			children = (
				A3D37FCD13B4D6A800632293 /* NSString+URLEncoding.h */,
				A3D37FCE13B4D6A800632293 /* NSString+URLEncoding.m */,
				A303133713B9F8C4000BD08C /* PathUtilities.h */,
				A303133813B9F8C4000BD08C /* PathUtilities.m */,
				A3BDF00B13BF7B340027A336 /* UIImage+Scale.h */,
				A3BDF00C13BF7B340027A336 /* UIImage+Scale.m */,
			);
			name = Utilities;
			sourceTree = "<group>";
		};
/* End PBXGroup section */

/* Begin PBXNativeTarget section */
		1D6058900D05DD3D006BFB54 /* bookhelper */ = {
			isa = PBXNativeTarget;
			buildConfigurationList = 1D6058960D05DD3E006BFB54 /* Build configuration list for PBXNativeTarget "bookhelper" */;
			buildPhases = (
				1D60588D0D05DD3D006BFB54 /* Resources */,
				1D60588E0D05DD3D006BFB54 /* Sources */,
				1D60588F0D05DD3D006BFB54 /* Frameworks */,
			);
			buildRules = (
			);
			dependencies = (
			);
			name = bookhelper;
			productName = bookhelper;
			productReference = 1D6058910D05DD3D006BFB54 /* bookhelper.app */;
			productType = "com.apple.product-type.application";
		};
/* End PBXNativeTarget section */

/* Begin PBXProject section */
		29B97313FDCFA39411CA2CEA /* Project object */ = {
			isa = PBXProject;
			buildConfigurationList = C01FCF4E08A954540054247B /* Build configuration list for PBXProject "bookhelper" */;
			compatibilityVersion = "Xcode 3.2";
			developmentRegion = English;
			hasScannedForEncodings = 1;
			knownRegions = (
				English,
				Japanese,
				French,
				German,
			);
			mainGroup = 29B97314FDCFA39411CA2CEA /* bookhelper */;
			projectDirPath = "";
			projectRoot = "";
			targets = (
				1D6058900D05DD3D006BFB54 /* bookhelper */,
			);
		};
/* End PBXProject section */

/* Begin PBXResourcesBuildPhase section */
		1D60588D0D05DD3D006BFB54 /* Resources */ = {
			isa = PBXResourcesBuildPhase;
			buildActionMask = 2147483647;
			files = (
				A3C7DA4F13C2EDD200472D1F /* Icon-72.png in Resources */,
				A3C7DA5013C2EDD200472D1F /* Icon-Small-50.png in Resources */,
				A3C7DA5113C2EDD200472D1F /* Icon-Small.png in Resources */,
				A3C7DA5213C2EDD200472D1F /* Icon-Small@2x.png in Resources */,
				A3C7DA5313C2EDD200472D1F /* Icon.png in Resources */,
				A3C7DA5413C2EDD200472D1F /* Icon@2x.png in Resources */,
				A3C7DA5513C2EDD200472D1F /* iTunesArtwork in Resources */,
				A3C7DA5613C2EDD200472D1F /* author.png in Resources */,
				A3C7DA5713C2EDD200472D1F /* barcode.png in Resources */,
				A3C7DA5813C2EDD200472D1F /* barcode@2x.png in Resources */,
				A3C7DA5913C2EDD200472D1F /* BarCodeScannerView.xib in Resources */,
				A3C7DA5A13C2EDD200472D1F /* BookDetailView.xib in Resources */,
				A3C7DA5B13C2EDD200472D1F /* BookPriceComparisonView.xib in Resources */,
				A3C7DA5C13C2EDD200472D1F /* BookReviewsView.xib in Resources */,
				A3C7DA5D13C2EDD200472D1F /* BookSearchView.xib in Resources */,
				A3C7DA5E13C2EDD200472D1F /* 99.png in Resources */,
				A3C7DA5F13C2EDD200472D1F /* chinapub.png in Resources */,
				A3C7DA6013C2EDD200472D1F /* dd.png in Resources */,
				A3C7DA6113C2EDD200472D1F /* joyo.png in Resources */,
				A3C7DA6213C2EDD200472D1F /* comment.png in Resources */,
				A3C7DA6313C2EDD200472D1F /* cover_placeholder.jpg in Resources */,
				A3C7DA6413C2EDD200472D1F /* history.png in Resources */,
				A3C7DA6513C2EDD200472D1F /* history@2x.png in Resources */,
				A3C7DA6613C2EDD200472D1F /* HistoryView.xib in Resources */,
				A3C7DA6713C2EDD200472D1F /* info.png in Resources */,
				A3C7DA6813C2EDD200472D1F /* LoadingView.xib in Resources */,
				A3C7DA6913C2EDD200472D1F /* Magnifying Glass 2.tiff in Resources */,
				A3C7DA6A13C2EDD200472D1F /* MainWindow.xib in Resources */,
				A3C7DA6B13C2EDD200472D1F /* more.png in Resources */,
				A3C7DA6C13C2EDD200472D1F /* more@2x.png in Resources */,
				A3C7DA6D13C2EDD200472D1F /* MoreView.xib in Resources */,
				A3C7DA6E13C2EDD200472D1F /* price.png in Resources */,
				A3C7DA6F13C2EDD200472D1F /* scan.wav in Resources */,
				A3C7DA7013C2EDD200472D1F /* search.png in Resources */,
				A3C7DA7113C2EDD200472D1F /* search@2x.png in Resources */,
				A3C7DA7213C2EDD200472D1F /* SearchBarView.xib in Resources */,
				A3C7DA7313C2EDD200472D1F /* star.png in Resources */,
				A3C7DA7413C2EDD200472D1F /* unstar.png in Resources */,
				A3C7DAD713C2EFA800472D1F /* CHANGES_AND_TODO_LIST.txt in Resources */,
				A3C7DAD813C2EFA800472D1F /* CONTRIBUTORS.txt in Resources */,
				A3C7DADD13C2EFA800472D1F /* LICENSE.txt in Resources */,
				A3C7DADE13C2EFA800472D1F /* README.markdown in Resources */,
				A3C7DAE413C2EFA800472D1F /* zbar-back.png in Resources */,
				A3C7DAE513C2EFA800472D1F /* zbar-help.html in Resources */,
				A3C7DAE613C2EFA800472D1F /* zbar-helpicons.png in Resources */,
				A3C7DAE713C2EFA800472D1F /* zbar-samples.png in Resources */,
			);
			runOnlyForDeploymentPostprocessing = 0;
		};
/* End PBXResourcesBuildPhase section */

/* Begin PBXSourcesBuildPhase section */
		1D60588E0D05DD3D006BFB54 /* Sources */ = {
			isa = PBXSourcesBuildPhase;
			buildActionMask = 2147483647;
			files = (
				1D60589B0D05DD56006BFB54 /* main.m in Sources */,
				1D3623260D0F684500981E51 /* bookhelperAppDelegate.m in Sources */,
				28216C970DB411BC00E5133A /* BookSearchViewController.m in Sources */,
				A3E3FAA213B230500023DC27 /* DoubanBook.m in Sources */,
				A3E3FB2C13B23BD50023DC27 /* DoubanConnector.m in Sources */,
				A3D3775213B395FC00632293 /* DoubanURLConnection.m in Sources */,
				A3D37FCF13B4D6A800632293 /* NSString+URLEncoding.m in Sources */,
				A3D37FD913B4D83500632293 /* BookDetailViewController.m in Sources */,
				A3D37FE213B4E1CE00632293 /* BookPriceComparisonViewController.m in Sources */,
				A3791DC413B5D1240061C4DC /* BarCodeScannerViewController.m in Sources */,
				A3791F7213B62AA90061C4DC /* ScannerOverlayView.m in Sources */,
				A379223713B7258A0061C4DC /* LoadingViewController.m in Sources */,
				A3B1864913B8CB84007B100E /* GradientView.m in Sources */,
				A391AC8F13B90986003CFB40 /* BookGetHistoryDatabase.m in Sources */,
				A303133913B9F8C4000BD08C /* PathUtilities.m in Sources */,
				A303139C13BA2123000BD08C /* BookGetHistory.m in Sources */,
				A303142713BA32BF000BD08C /* BookGetHistoryViewController.m in Sources */,
				A3B8C93B13BB8A6600028546 /* TableUIButton.m in Sources */,
				A3317F0D13BC8ED500D0E7A6 /* MoreViewController.m in Sources */,
				A39A9A6013BDDE4D00937489 /* ASImageView.m in Sources */,
				A39A9BBA13BE22FA00937489 /* BookSearchBarViewController.m in Sources */,
				A39A9E0E13BE4E0800937489 /* BookInroViewController.m in Sources */,
				A39A9FE613BEB5F800937489 /* BookPriceUtilities.m in Sources */,
				A3BDF00D13BF7B340027A336 /* UIImage+Scale.m in Sources */,
				A3BDF06D13C00A950027A336 /* BookReviewsViewController.m in Sources */,
				A3BDF07A13C00DDE0027A336 /* DoubanBookReviewSummary.m in Sources */,
				A3BDF36A13C044C70027A336 /* BookAuthorIntroViewController.m in Sources */,
				A349455713C1FFFE00C25B23 /* ReviewTableViewCell.m in Sources */,
				A34945B113C2190600C25B23 /* BookTableViewCell.m in Sources */,
				A3C7DACE13C2EFA800472D1F /* ASIAuthenticationDialog.m in Sources */,
				A3C7DACF13C2EFA800472D1F /* ASIDataCompressor.m in Sources */,
				A3C7DAD013C2EFA800472D1F /* ASIDataDecompressor.m in Sources */,
				A3C7DAD113C2EFA800472D1F /* ASIDownloadCache.m in Sources */,
				A3C7DAD213C2EFA800472D1F /* ASIFormDataRequest.m in Sources */,
				A3C7DAD313C2EFA800472D1F /* ASIHTTPRequest.m in Sources */,
				A3C7DAD413C2EFA800472D1F /* ASIInputStream.m in Sources */,
				A3C7DAD513C2EFA800472D1F /* ASINetworkQueue.m in Sources */,
				A3C7DAD613C2EFA800472D1F /* Reachability.m in Sources */,
				A3C7DAD913C2EFA800472D1F /* FMDatabase.m in Sources */,
				A3C7DADA13C2EFA800472D1F /* FMDatabaseAdditions.m in Sources */,
				A3C7DADC13C2EFA800472D1F /* FMResultSet.m in Sources */,
				A3C7DADF13C2EFA800472D1F /* GDataXMLNode.m in Sources */,
				A3C7DAE013C2EFA800472D1F /* TFHpple.m in Sources */,
				A3C7DAE113C2EFA800472D1F /* TFHppleElement.m in Sources */,
				A3C7DAE213C2EFA800472D1F /* XPathQuery.m in Sources */,
				A3C7DED413C3542B00472D1F /* LoadingTableViewCell.m in Sources */,
				A3C7DF1A13C36EBA00472D1F /* ContinuousTableView.m in Sources */,
				A30A966A13C49A2D0069152B /* PromptModalView.m in Sources */,
			);
			runOnlyForDeploymentPostprocessing = 0;
		};
/* End PBXSourcesBuildPhase section */

/* Begin XCBuildConfiguration section */
		1D6058940D05DD3E006BFB54 /* Debug */ = {
			isa = XCBuildConfiguration;
			buildSettings = {
				ALWAYS_SEARCH_USER_PATHS = NO;
				COPY_PHASE_STRIP = NO;
				GCC_DYNAMIC_NO_PIC = NO;
				GCC_OPTIMIZATION_LEVEL = 0;
				GCC_PRECOMPILE_PREFIX_HEADER = YES;
				GCC_PREFIX_HEADER = bookhelper_Prefix.pch;
				HEADER_SEARCH_PATHS = "$(inherited)";
				INFOPLIST_FILE = "bookhelper-Info.plist";
				LIBRARY_SEARCH_PATHS = (
					"$(inherited)",
					"\"$(SRCROOT)/Libraries/ZBarSDK\"",
				);
				PRODUCT_NAME = bookhelper;
			};
			name = Debug;
		};
		1D6058950D05DD3E006BFB54 /* Release */ = {
			isa = XCBuildConfiguration;
			buildSettings = {
				ALWAYS_SEARCH_USER_PATHS = NO;
				COPY_PHASE_STRIP = YES;
				GCC_PRECOMPILE_PREFIX_HEADER = YES;
				GCC_PREFIX_HEADER = bookhelper_Prefix.pch;
				HEADER_SEARCH_PATHS = "$(inherited)";
				INFOPLIST_FILE = "bookhelper-Info.plist";
				LIBRARY_SEARCH_PATHS = (
					"$(inherited)",
					"\"$(SRCROOT)/Libraries/ZBarSDK\"",
				);
				PRODUCT_NAME = bookhelper;
				VALIDATE_PRODUCT = YES;
			};
			name = Release;
		};
		C01FCF4F08A954540054247B /* Debug */ = {
			isa = XCBuildConfiguration;
			buildSettings = {
				ARCHS = "$(ARCHS_STANDARD_32_BIT)";
				"CODE_SIGN_IDENTITY[sdk=iphoneos*]" = "iPhone Developer: Lu kejin (7ES269D2MX)";
				GCC_C_LANGUAGE_STANDARD = c99;
				GCC_WARN_ABOUT_RETURN_TYPE = YES;
				GCC_WARN_UNUSED_VARIABLE = YES;
				HEADER_SEARCH_PATHS = /usr/include/libxml2;
				LIBRARY_SEARCH_PATHS = "$(SRCROOT)/Libraries/ZBarSDK";
				PREBINDING = NO;
				"PROVISIONING_PROFILE[sdk=iphoneos*]" = "C3B85B81-DF62-4D70-839A-50D4815A3156";
				SDKROOT = iphoneos;
			};
			name = Debug;
		};
		C01FCF5008A954540054247B /* Release */ = {
			isa = XCBuildConfiguration;
			buildSettings = {
				ARCHS = "$(ARCHS_STANDARD_32_BIT)";
				"CODE_SIGN_IDENTITY[sdk=iphoneos*]" = "iPhone Developer: Lu kejin (7ES269D2MX)";
				GCC_C_LANGUAGE_STANDARD = c99;
				GCC_WARN_ABOUT_RETURN_TYPE = YES;
				GCC_WARN_UNUSED_VARIABLE = YES;
				HEADER_SEARCH_PATHS = /usr/include/libxml2;
				LIBRARY_SEARCH_PATHS = "$(SRCROOT)/Libraries/ZBarSDK";
				OTHER_CFLAGS = "-DNS_BLOCK_ASSERTIONS=1";
				PREBINDING = NO;
				"PROVISIONING_PROFILE[sdk=iphoneos*]" = "C3B85B81-DF62-4D70-839A-50D4815A3156";
				SDKROOT = iphoneos;
			};
			name = Release;
		};
/* End XCBuildConfiguration section */

/* Begin XCConfigurationList section */
		1D6058960D05DD3E006BFB54 /* Build configuration list for PBXNativeTarget "bookhelper" */ = {
			isa = XCConfigurationList;
			buildConfigurations = (
				1D6058940D05DD3E006BFB54 /* Debug */,
				1D6058950D05DD3E006BFB54 /* Release */,
			);
			defaultConfigurationIsVisible = 0;
			defaultConfigurationName = Release;
		};
		C01FCF4E08A954540054247B /* Build configuration list for PBXProject "bookhelper" */ = {
			isa = XCConfigurationList;
			buildConfigurations = (
				C01FCF4F08A954540054247B /* Debug */,
				C01FCF5008A954540054247B /* Release */,
			);
			defaultConfigurationIsVisible = 0;
			defaultConfigurationName = Release;
		};
/* End XCConfigurationList section */
	};
	rootObject = 29B97313FDCFA39411CA2CEA /* Project object */;
}
