// !$*UTF8*$!
{
	archiveVersion = 1;
	classes = {
	};
	objectVersion = 46;
	objects = {

/* Begin PBXBuildFile section */
		1D3623260D0F684500981E51 /* bookhelperAppDelegate.m in Sources */ = {isa = PBXBuildFile; fileRef = 1D3623250D0F684500981E51 /* bookhelperAppDelegate.m */; };
		1D60589B0D05DD56006BFB54 /* main.m in Sources */ = {isa = PBXBuildFile; fileRef = 29B97316FDCFA39411CA2CEA /* main.m */; };
		1D60589F0D05DD5A006BFB54 /* Foundation.framework in Frameworks */ = {isa = PBXBuildFile; fileRef = 1D30AB110D05D00D00671497 /* Foundation.framework */; };
		1DF5F4E00D08C38300B7A737 /* UIKit.framework in Frameworks */ = {isa = PBXBuildFile; fileRef = 1DF5F4DF0D08C38300B7A737 /* UIKit.framework */; };
		28216C970DB411BC00E5133A /* BookSearchViewController.m in Sources */ = {isa = PBXBuildFile; fileRef = 28216C960DB411BC00E5133A /* BookSearchViewController.m */; };
		288765080DF74369002DB57D /* CoreGraphics.framework in Frameworks */ = {isa = PBXBuildFile; fileRef = 288765070DF74369002DB57D /* CoreGraphics.framework */; };
		A303133913B9F8C4000BD08C /* PathUtilities.m in Sources */ = {isa = PBXBuildFile; fileRef = A303133813B9F8C4000BD08C /* PathUtilities.m */; };
		A303139C13BA2123000BD08C /* BookGetHistory.m in Sources */ = {isa = PBXBuildFile; fileRef = A303139B13BA2123000BD08C /* BookGetHistory.m */; };
		A303142713BA32BF000BD08C /* BookGetHistoryViewController.m in Sources */ = {isa = PBXBuildFile; fileRef = A303142613BA32BF000BD08C /* BookGetHistoryViewController.m */; };
		A3317F0D13BC8ED500D0E7A6 /* MoreViewController.m in Sources */ = {isa = PBXBuildFile; fileRef = A3317F0C13BC8ED500D0E7A6 /* MoreViewController.m */; };
		A3317F0F13BC8EF700D0E7A6 /* MoreView.xib in Resources */ = {isa = PBXBuildFile; fileRef = A3317F0E13BC8EF700D0E7A6 /* MoreView.xib */; };
		A349455713C1FFFE00C25B23 /* ReviewTableViewCell.m in Sources */ = {isa = PBXBuildFile; fileRef = A349455613C1FFFE00C25B23 /* ReviewTableViewCell.m */; };
		A34945B113C2190600C25B23 /* BookTableViewCell.m in Sources */ = {isa = PBXBuildFile; fileRef = A34945B013C2190600C25B23 /* BookTableViewCell.m */; };
		A3791DC413B5D1240061C4DC /* BarCodeScannerViewController.m in Sources */ = {isa = PBXBuildFile; fileRef = A3791DC313B5D1240061C4DC /* BarCodeScannerViewController.m */; };
		A3791DC613B5D1460061C4DC /* BarCodeScannerView.xib in Resources */ = {isa = PBXBuildFile; fileRef = A3791DC513B5D1460061C4DC /* BarCodeScannerView.xib */; };
		A3791F7213B62AA90061C4DC /* ScannerOverlayView.m in Sources */ = {isa = PBXBuildFile; fileRef = A3791F7113B62AA90061C4DC /* ScannerOverlayView.m */; };
		A3791F7613B632D30061C4DC /* scan.wav in Resources */ = {isa = PBXBuildFile; fileRef = A3791F7513B632D30061C4DC /* scan.wav */; };
		A379223713B7258A0061C4DC /* LoadingViewController.m in Sources */ = {isa = PBXBuildFile; fileRef = A379223613B7258A0061C4DC /* LoadingViewController.m */; };
		A379225A13B725A30061C4DC /* LoadingView.xib in Resources */ = {isa = PBXBuildFile; fileRef = A379225913B725A30061C4DC /* LoadingView.xib */; };
		A38EDA5213BCC736004CABBC /* Icon-72.png in Resources */ = {isa = PBXBuildFile; fileRef = A38EDA4B13BCC736004CABBC /* Icon-72.png */; };
		A38EDA5313BCC736004CABBC /* Icon-Small-50.png in Resources */ = {isa = PBXBuildFile; fileRef = A38EDA4C13BCC736004CABBC /* Icon-Small-50.png */; };
		A38EDA5413BCC736004CABBC /* Icon-Small.png in Resources */ = {isa = PBXBuildFile; fileRef = A38EDA4D13BCC736004CABBC /* Icon-Small.png */; };
		A38EDA5513BCC736004CABBC /* Icon-Small@2x.png in Resources */ = {isa = PBXBuildFile; fileRef = A38EDA4E13BCC736004CABBC /* Icon-Small@2x.png */; };
		A38EDA5613BCC736004CABBC /* Icon.png in Resources */ = {isa = PBXBuildFile; fileRef = A38EDA4F13BCC736004CABBC /* Icon.png */; };
		A38EDA5713BCC736004CABBC /* Icon@2x.png in Resources */ = {isa = PBXBuildFile; fileRef = A38EDA5013BCC736004CABBC /* Icon@2x.png */; };
		A38EDA5813BCC736004CABBC /* iTunesArtwork in Resources */ = {isa = PBXBuildFile; fileRef = A38EDA5113BCC736004CABBC /* iTunesArtwork */; };
		A391AC8F13B90986003CFB40 /* BookGetHistoryDatabase.m in Sources */ = {isa = PBXBuildFile; fileRef = A391AC8E13B90986003CFB40 /* BookGetHistoryDatabase.m */; };
		A39A9A3413BDDBAA00937489 /* CFNetwork.framework in Frameworks */ = {isa = PBXBuildFile; fileRef = A39A9A3313BDDBAA00937489 /* CFNetwork.framework */; };
		A39A9A3A13BDDBDD00937489 /* SystemConfiguration.framework in Frameworks */ = {isa = PBXBuildFile; fileRef = A39A9A3913BDDBDD00937489 /* SystemConfiguration.framework */; };
		A39A9A3C13BDDC1800937489 /* MobileCoreServices.framework in Frameworks */ = {isa = PBXBuildFile; fileRef = A39A9A3B13BDDC1800937489 /* MobileCoreServices.framework */; };
		A39A9A5B13BDDC9100937489 /* libz.dylib in Frameworks */ = {isa = PBXBuildFile; fileRef = A39A9A5A13BDDC9100937489 /* libz.dylib */; };
		A39A9A6013BDDE4D00937489 /* ASImageView.m in Sources */ = {isa = PBXBuildFile; fileRef = A39A9A5F13BDDE4D00937489 /* ASImageView.m */; };
		A39A9BB213BE21D900937489 /* SearchBarView.xib in Resources */ = {isa = PBXBuildFile; fileRef = A39A9BB113BE21D900937489 /* SearchBarView.xib */; };
		A39A9BBA13BE22FA00937489 /* BookSearchBarViewController.m in Sources */ = {isa = PBXBuildFile; fileRef = A39A9BB913BE22FA00937489 /* BookSearchBarViewController.m */; };
		A39A9E0E13BE4E0800937489 /* BookInroViewController.m in Sources */ = {isa = PBXBuildFile; fileRef = A39A9E0D13BE4E0800937489 /* BookInroViewController.m */; };
		A39A9FE613BEB5F800937489 /* BookPriceUtilities.m in Sources */ = {isa = PBXBuildFile; fileRef = A39A9FE513BEB5F800937489 /* BookPriceUtilities.m */; };
		A39AA01313BEBD0400937489 /* 99.png in Resources */ = {isa = PBXBuildFile; fileRef = A39AA00F13BEBD0400937489 /* 99.png */; };
		A39AA01413BEBD0400937489 /* chinapub.png in Resources */ = {isa = PBXBuildFile; fileRef = A39AA01013BEBD0400937489 /* chinapub.png */; };
		A39AA01513BEBD0400937489 /* dd.png in Resources */ = {isa = PBXBuildFile; fileRef = A39AA01113BEBD0400937489 /* dd.png */; };
		A39AA01613BEBD0400937489 /* joyo.png in Resources */ = {isa = PBXBuildFile; fileRef = A39AA01213BEBD0400937489 /* joyo.png */; };
		A3B17E2C13B78D3F007B100E /* comment.png in Resources */ = {isa = PBXBuildFile; fileRef = A3B17E2A13B78D3F007B100E /* comment.png */; };
		A3B17ED813B79A7A007B100E /* libsqlite3.dylib in Frameworks */ = {isa = PBXBuildFile; fileRef = A3B17ED713B79A7A007B100E /* libsqlite3.dylib */; };
		A3B1864713B8CB84007B100E /* ShadowedTableView.m in Sources */ = {isa = PBXBuildFile; fileRef = A3B1864113B8CB84007B100E /* ShadowedTableView.m */; };
		A3B1864813B8CB84007B100E /* ClearLabelsCellView.m in Sources */ = {isa = PBXBuildFile; fileRef = A3B1864213B8CB84007B100E /* ClearLabelsCellView.m */; };
		A3B1864913B8CB84007B100E /* GradientView.m in Sources */ = {isa = PBXBuildFile; fileRef = A3B1864313B8CB84007B100E /* GradientView.m */; };
		A3B8C89513BB7FDC00028546 /* star.png in Resources */ = {isa = PBXBuildFile; fileRef = A3B8C89113BB7FDC00028546 /* star.png */; };
		A3B8C89713BB7FDC00028546 /* unstar.png in Resources */ = {isa = PBXBuildFile; fileRef = A3B8C89313BB7FDC00028546 /* unstar.png */; };
		A3B8C93B13BB8A6600028546 /* TableUIButton.m in Sources */ = {isa = PBXBuildFile; fileRef = A3B8C93A13BB8A6600028546 /* TableUIButton.m */; };
		A3BDEF8113BF723D0027A336 /* info.png in Resources */ = {isa = PBXBuildFile; fileRef = A3BDEF7E13BF723D0027A336 /* info.png */; };
		A3BDEF8213BF723D0027A336 /* price.png in Resources */ = {isa = PBXBuildFile; fileRef = A3BDEF7F13BF723D0027A336 /* price.png */; };
		A3BDEF8313BF723D0027A336 /* author.png in Resources */ = {isa = PBXBuildFile; fileRef = A3BDEF8013BF723D0027A336 /* author.png */; };
		A3BDF00D13BF7B340027A336 /* UIImage+Scale.m in Sources */ = {isa = PBXBuildFile; fileRef = A3BDF00C13BF7B340027A336 /* UIImage+Scale.m */; };
		A3BDF02013BF80100027A336 /* cover_placeholder.jpg in Resources */ = {isa = PBXBuildFile; fileRef = A3BDF01F13BF80100027A336 /* cover_placeholder.jpg */; };
		A3BDF06D13C00A950027A336 /* BookReviewsViewController.m in Sources */ = {isa = PBXBuildFile; fileRef = A3BDF06C13C00A950027A336 /* BookReviewsViewController.m */; };
		A3BDF06F13C00AB00027A336 /* BookReviewsView.xib in Resources */ = {isa = PBXBuildFile; fileRef = A3BDF06E13C00AB00027A336 /* BookReviewsView.xib */; };
		A3BDF07A13C00DDE0027A336 /* DoubanBookReviewSummary.m in Sources */ = {isa = PBXBuildFile; fileRef = A3BDF07913C00DDE0027A336 /* DoubanBookReviewSummary.m */; };
		A3BDF1B213C028E20027A336 /* ASIAuthenticationDialog.m in Sources */ = {isa = PBXBuildFile; fileRef = A3BDF16D13C028E20027A336 /* ASIAuthenticationDialog.m */; };
		A3BDF1B313C028E20027A336 /* ASIDataCompressor.m in Sources */ = {isa = PBXBuildFile; fileRef = A3BDF17013C028E20027A336 /* ASIDataCompressor.m */; };
		A3BDF1B413C028E20027A336 /* ASIDataDecompressor.m in Sources */ = {isa = PBXBuildFile; fileRef = A3BDF17213C028E20027A336 /* ASIDataDecompressor.m */; };
		A3BDF1B513C028E20027A336 /* ASIDownloadCache.m in Sources */ = {isa = PBXBuildFile; fileRef = A3BDF17413C028E20027A336 /* ASIDownloadCache.m */; };
		A3BDF1B613C028E20027A336 /* ASIFormDataRequest.m in Sources */ = {isa = PBXBuildFile; fileRef = A3BDF17613C028E20027A336 /* ASIFormDataRequest.m */; };
		A3BDF1B713C028E20027A336 /* ASIHTTPRequest.m in Sources */ = {isa = PBXBuildFile; fileRef = A3BDF17813C028E20027A336 /* ASIHTTPRequest.m */; };
		A3BDF1B813C028E20027A336 /* ASIInputStream.m in Sources */ = {isa = PBXBuildFile; fileRef = A3BDF17C13C028E20027A336 /* ASIInputStream.m */; };
		A3BDF1B913C028E20027A336 /* ASINetworkQueue.m in Sources */ = {isa = PBXBuildFile; fileRef = A3BDF17E13C028E20027A336 /* ASINetworkQueue.m */; };
		A3BDF1BA13C028E20027A336 /* Reachability.m in Sources */ = {isa = PBXBuildFile; fileRef = A3BDF18113C028E20027A336 /* Reachability.m */; };
		A3BDF1BB13C028E20027A336 /* CHANGES_AND_TODO_LIST.txt in Resources */ = {isa = PBXBuildFile; fileRef = A3BDF18313C028E20027A336 /* CHANGES_AND_TODO_LIST.txt */; };
		A3BDF1BC13C028E20027A336 /* CONTRIBUTORS.txt in Resources */ = {isa = PBXBuildFile; fileRef = A3BDF18413C028E20027A336 /* CONTRIBUTORS.txt */; };
		A3BDF1BD13C028E20027A336 /* FMDatabase.m in Sources */ = {isa = PBXBuildFile; fileRef = A3BDF18613C028E20027A336 /* FMDatabase.m */; };
		A3BDF1BE13C028E20027A336 /* FMDatabaseAdditions.m in Sources */ = {isa = PBXBuildFile; fileRef = A3BDF18813C028E20027A336 /* FMDatabaseAdditions.m */; };
		A3BDF1C013C028E20027A336 /* FMResultSet.m in Sources */ = {isa = PBXBuildFile; fileRef = A3BDF18B13C028E20027A336 /* FMResultSet.m */; };
		A3BDF1C113C028E20027A336 /* LICENSE.txt in Resources */ = {isa = PBXBuildFile; fileRef = A3BDF18C13C028E20027A336 /* LICENSE.txt */; };
		A3BDF1C213C028E20027A336 /* README.markdown in Resources */ = {isa = PBXBuildFile; fileRef = A3BDF18D13C028E20027A336 /* README.markdown */; };
		A3BDF1C313C028E20027A336 /* TFHpple.m in Sources */ = {isa = PBXBuildFile; fileRef = A3BDF19013C028E20027A336 /* TFHpple.m */; };
		A3BDF1C413C028E20027A336 /* TFHppleElement.m in Sources */ = {isa = PBXBuildFile; fileRef = A3BDF19213C028E20027A336 /* TFHppleElement.m */; };
		A3BDF1C513C028E20027A336 /* XPathQuery.m in Sources */ = {isa = PBXBuildFile; fileRef = A3BDF19413C028E20027A336 /* XPathQuery.m */; };
		A3BDF1C613C028E20027A336 /* libzbar.a in Frameworks */ = {isa = PBXBuildFile; fileRef = A3BDF1AC13C028E20027A336 /* libzbar.a */; };
		A3BDF1C713C028E20027A336 /* zbar-back.png in Resources */ = {isa = PBXBuildFile; fileRef = A3BDF1AE13C028E20027A336 /* zbar-back.png */; };
		A3BDF1C813C028E20027A336 /* zbar-help.html in Resources */ = {isa = PBXBuildFile; fileRef = A3BDF1AF13C028E20027A336 /* zbar-help.html */; };
		A3BDF1C913C028E20027A336 /* zbar-helpicons.png in Resources */ = {isa = PBXBuildFile; fileRef = A3BDF1B013C028E20027A336 /* zbar-helpicons.png */; };
		A3BDF1CA13C028E20027A336 /* zbar-samples.png in Resources */ = {isa = PBXBuildFile; fileRef = A3BDF1B113C028E20027A336 /* zbar-samples.png */; };
		A3BDF23C13C02AF50027A336 /* GDataXMLNode.m in Sources */ = {isa = PBXBuildFile; fileRef = A3BDF23B13C02AF50027A336 /* GDataXMLNode.m */; };
		A3BDF36A13C044C70027A336 /* BookAuthorIntroViewController.m in Sources */ = {isa = PBXBuildFile; fileRef = A3BDF36913C044C70027A336 /* BookAuthorIntroViewController.m */; };
		A3D375EB13B35C8B00632293 /* history.png in Resources */ = {isa = PBXBuildFile; fileRef = A3D375EA13B35C8B00632293 /* history.png */; };
		A3D3775213B395FC00632293 /* DoubanURLConnection.m in Sources */ = {isa = PBXBuildFile; fileRef = A3D3775113B395FC00632293 /* DoubanURLConnection.m */; };
		A3D3780813B3A4F800632293 /* QuartzCore.framework in Frameworks */ = {isa = PBXBuildFile; fileRef = A3D3780713B3A4F800632293 /* QuartzCore.framework */; };
		A3D3781E13B3A51300632293 /* CoreVideo.framework in Frameworks */ = {isa = PBXBuildFile; fileRef = A3D3781D13B3A51300632293 /* CoreVideo.framework */; };
		A3D3783113B3A56100632293 /* libiconv.dylib in Frameworks */ = {isa = PBXBuildFile; fileRef = A3D3782D13B3A55C00632293 /* libiconv.dylib */; };
		A3D3783213B3A56100632293 /* libicucore.dylib in Frameworks */ = {isa = PBXBuildFile; fileRef = A3D3782F13B3A55C00632293 /* libicucore.dylib */; };
		A3D3787113B3A6AE00632293 /* CoreMedia.framework in Frameworks */ = {isa = PBXBuildFile; fileRef = A3D3787013B3A6AE00632293 /* CoreMedia.framework */; };
		A3D3787D13B3A6E700632293 /* AVFoundation.framework in Frameworks */ = {isa = PBXBuildFile; fileRef = A3D3787C13B3A6E700632293 /* AVFoundation.framework */; };
		A3D37FCF13B4D6A800632293 /* NSString+URLEncoding.m in Sources */ = {isa = PBXBuildFile; fileRef = A3D37FCE13B4D6A800632293 /* NSString+URLEncoding.m */; };
		A3D37FD913B4D83500632293 /* BookDetailViewController.m in Sources */ = {isa = PBXBuildFile; fileRef = A3D37FD813B4D83500632293 /* BookDetailViewController.m */; };
		A3D37FDB13B4D85800632293 /* BookDetailView.xib in Resources */ = {isa = PBXBuildFile; fileRef = A3D37FDA13B4D85800632293 /* BookDetailView.xib */; };
		A3D37FE213B4E1CE00632293 /* BookPriceComparisonViewController.m in Sources */ = {isa = PBXBuildFile; fileRef = A3D37FE113B4E1CE00632293 /* BookPriceComparisonViewController.m */; };
		A3D3807D13B50DAC00632293 /* BookPriceComparisonView.xib in Resources */ = {isa = PBXBuildFile; fileRef = A3D3807C13B50DAC00632293 /* BookPriceComparisonView.xib */; };
		A3D380C513B5147900632293 /* barcode.png in Resources */ = {isa = PBXBuildFile; fileRef = A3D380C413B5147900632293 /* barcode.png */; };
		A3D382E213B57EA100632293 /* search.png in Resources */ = {isa = PBXBuildFile; fileRef = A3D382E113B57EA100632293 /* search.png */; };
		A3E3FA9413B22FE40023DC27 /* libxml2.dylib in Frameworks */ = {isa = PBXBuildFile; fileRef = A3E3FA9313B22FE40023DC27 /* libxml2.dylib */; };
		A3E3FAA213B230500023DC27 /* DoubanBook.m in Sources */ = {isa = PBXBuildFile; fileRef = A3E3FAA113B230500023DC27 /* DoubanBook.m */; };
		A3E3FB2C13B23BD50023DC27 /* DoubanConnector.m in Sources */ = {isa = PBXBuildFile; fileRef = A3E3FB2B13B23BD50023DC27 /* DoubanConnector.m */; };
		A3E3FD2E13B2D1520023DC27 /* BookSearchView.xib in Resources */ = {isa = PBXBuildFile; fileRef = A3E3FD2A13B2D1520023DC27 /* BookSearchView.xib */; };
		A3E3FD2F13B2D1520023DC27 /* HistoryView.xib in Resources */ = {isa = PBXBuildFile; fileRef = A3E3FD2B13B2D1520023DC27 /* HistoryView.xib */; };
		A3E3FD3013B2D1520023DC27 /* MainWindow.xib in Resources */ = {isa = PBXBuildFile; fileRef = A3E3FD2C13B2D1520023DC27 /* MainWindow.xib */; };
		A3E3FE6E13B2F20F0023DC27 /* history@2x.png in Resources */ = {isa = PBXBuildFile; fileRef = A3E3FE6D13B2F20F0023DC27 /* history@2x.png */; };
		A3E3FE7D13B2F2660023DC27 /* bookhelper-Info.plist in Resources */ = {isa = PBXBuildFile; fileRef = A3E3FE7C13B2F2660023DC27 /* bookhelper-Info.plist */; };
		A3F0F8F613BA4C9700E8C732 /* more.png in Resources */ = {isa = PBXBuildFile; fileRef = A3F0F8F413BA4C9700E8C732 /* more.png */; };
		A3F0F8F713BA4C9700E8C732 /* more@2x.png in Resources */ = {isa = PBXBuildFile; fileRef = A3F0F8F513BA4C9700E8C732 /* more@2x.png */; };
		A3F0F8FA13BA4CA900E8C732 /* barcode@2x.png in Resources */ = {isa = PBXBuildFile; fileRef = A3F0F8F813BA4CA900E8C732 /* barcode@2x.png */; };
		A3F0F8FB13BA4CA900E8C732 /* search@2x.png in Resources */ = {isa = PBXBuildFile; fileRef = A3F0F8F913BA4CA900E8C732 /* search@2x.png */; };
/* End PBXBuildFile section */

/* Begin PBXFileReference section */
		1D30AB110D05D00D00671497 /* Foundation.framework */ = {isa = PBXFileReference; lastKnownFileType = wrapper.framework; name = Foundation.framework; path = System/Library/Frameworks/Foundation.framework; sourceTree = SDKROOT; };
		1D3623240D0F684500981E51 /* bookhelperAppDelegate.h */ = {isa = PBXFileReference; fileEncoding = 4; lastKnownFileType = sourcecode.c.h; path = bookhelperAppDelegate.h; sourceTree = "<group>"; };
		1D3623250D0F684500981E51 /* bookhelperAppDelegate.m */ = {isa = PBXFileReference; fileEncoding = 4; lastKnownFileType = sourcecode.c.objc; path = bookhelperAppDelegate.m; sourceTree = "<group>"; };
		1D6058910D05DD3D006BFB54 /* bookhelper.app */ = {isa = PBXFileReference; explicitFileType = wrapper.application; includeInIndex = 0; path = bookhelper.app; sourceTree = BUILT_PRODUCTS_DIR; };
		1DF5F4DF0D08C38300B7A737 /* UIKit.framework */ = {isa = PBXFileReference; lastKnownFileType = wrapper.framework; name = UIKit.framework; path = System/Library/Frameworks/UIKit.framework; sourceTree = SDKROOT; };
		28216C950DB411BC00E5133A /* BookSearchViewController.h */ = {isa = PBXFileReference; fileEncoding = 4; lastKnownFileType = sourcecode.c.h; path = BookSearchViewController.h; sourceTree = "<group>"; };
		28216C960DB411BC00E5133A /* BookSearchViewController.m */ = {isa = PBXFileReference; fileEncoding = 4; lastKnownFileType = sourcecode.c.objc; path = BookSearchViewController.m; sourceTree = "<group>"; };
		288765070DF74369002DB57D /* CoreGraphics.framework */ = {isa = PBXFileReference; lastKnownFileType = wrapper.framework; name = CoreGraphics.framework; path = System/Library/Frameworks/CoreGraphics.framework; sourceTree = SDKROOT; };
		28A0AB4B0D9B1048005BE974 /* bookhelper_Prefix.pch */ = {isa = PBXFileReference; fileEncoding = 4; lastKnownFileType = sourcecode.c.h; path = bookhelper_Prefix.pch; sourceTree = "<group>"; };
		29B97316FDCFA39411CA2CEA /* main.m */ = {isa = PBXFileReference; fileEncoding = 4; lastKnownFileType = sourcecode.c.objc; path = main.m; sourceTree = "<group>"; };
		A303133713B9F8C4000BD08C /* PathUtilities.h */ = {isa = PBXFileReference; fileEncoding = 4; lastKnownFileType = sourcecode.c.h; path = PathUtilities.h; sourceTree = "<group>"; };
		A303133813B9F8C4000BD08C /* PathUtilities.m */ = {isa = PBXFileReference; fileEncoding = 4; lastKnownFileType = sourcecode.c.objc; path = PathUtilities.m; sourceTree = "<group>"; };
		A303139A13BA2123000BD08C /* BookGetHistory.h */ = {isa = PBXFileReference; fileEncoding = 4; lastKnownFileType = sourcecode.c.h; path = BookGetHistory.h; sourceTree = "<group>"; };
		A303139B13BA2123000BD08C /* BookGetHistory.m */ = {isa = PBXFileReference; fileEncoding = 4; lastKnownFileType = sourcecode.c.objc; path = BookGetHistory.m; sourceTree = "<group>"; };
		A303142513BA32BF000BD08C /* BookGetHistoryViewController.h */ = {isa = PBXFileReference; fileEncoding = 4; lastKnownFileType = sourcecode.c.h; path = BookGetHistoryViewController.h; sourceTree = "<group>"; };
		A303142613BA32BF000BD08C /* BookGetHistoryViewController.m */ = {isa = PBXFileReference; fileEncoding = 4; lastKnownFileType = sourcecode.c.objc; path = BookGetHistoryViewController.m; sourceTree = "<group>"; };
		A3317F0B13BC8ED500D0E7A6 /* MoreViewController.h */ = {isa = PBXFileReference; fileEncoding = 4; lastKnownFileType = sourcecode.c.h; path = MoreViewController.h; sourceTree = "<group>"; };
		A3317F0C13BC8ED500D0E7A6 /* MoreViewController.m */ = {isa = PBXFileReference; fileEncoding = 4; lastKnownFileType = sourcecode.c.objc; path = MoreViewController.m; sourceTree = "<group>"; };
		A3317F0E13BC8EF700D0E7A6 /* MoreView.xib */ = {isa = PBXFileReference; lastKnownFileType = file.xib; name = MoreView.xib; path = ../../../../../Users/Luke/Projects/bookhelper/Resources/MoreView.xib; sourceTree = "<group>"; };
		A349455513C1FFFE00C25B23 /* ReviewTableViewCell.h */ = {isa = PBXFileReference; fileEncoding = 4; lastKnownFileType = sourcecode.c.h; path = ReviewTableViewCell.h; sourceTree = "<group>"; };
		A349455613C1FFFE00C25B23 /* ReviewTableViewCell.m */ = {isa = PBXFileReference; fileEncoding = 4; lastKnownFileType = sourcecode.c.objc; path = ReviewTableViewCell.m; sourceTree = "<group>"; };
		A34945AF13C2190600C25B23 /* BookTableViewCell.h */ = {isa = PBXFileReference; fileEncoding = 4; lastKnownFileType = sourcecode.c.h; path = BookTableViewCell.h; sourceTree = "<group>"; };
		A34945B013C2190600C25B23 /* BookTableViewCell.m */ = {isa = PBXFileReference; fileEncoding = 4; lastKnownFileType = sourcecode.c.objc; path = BookTableViewCell.m; sourceTree = "<group>"; };
		A3791DC213B5D1240061C4DC /* BarCodeScannerViewController.h */ = {isa = PBXFileReference; fileEncoding = 4; lastKnownFileType = sourcecode.c.h; path = BarCodeScannerViewController.h; sourceTree = "<group>"; };
		A3791DC313B5D1240061C4DC /* BarCodeScannerViewController.m */ = {isa = PBXFileReference; fileEncoding = 4; lastKnownFileType = sourcecode.c.objc; path = BarCodeScannerViewController.m; sourceTree = "<group>"; };
		A3791DC513B5D1460061C4DC /* BarCodeScannerView.xib */ = {isa = PBXFileReference; lastKnownFileType = file.xib; name = BarCodeScannerView.xib; path = /Users/Luke/Projects/bookhelper/Resources/BarCodeScannerView.xib; sourceTree = "<absolute>"; };
		A3791F7013B62AA90061C4DC /* ScannerOverlayView.h */ = {isa = PBXFileReference; fileEncoding = 4; lastKnownFileType = sourcecode.c.h; path = ScannerOverlayView.h; sourceTree = "<group>"; };
		A3791F7113B62AA90061C4DC /* ScannerOverlayView.m */ = {isa = PBXFileReference; fileEncoding = 4; lastKnownFileType = sourcecode.c.objc; path = ScannerOverlayView.m; sourceTree = "<group>"; };
		A3791F7513B632D30061C4DC /* scan.wav */ = {isa = PBXFileReference; lastKnownFileType = audio.wav; name = scan.wav; path = /Users/Luke/Projects/bookhelper/Resources/scan.wav; sourceTree = "<absolute>"; };
		A379223513B7258A0061C4DC /* LoadingViewController.h */ = {isa = PBXFileReference; fileEncoding = 4; lastKnownFileType = sourcecode.c.h; path = LoadingViewController.h; sourceTree = "<group>"; };
		A379223613B7258A0061C4DC /* LoadingViewController.m */ = {isa = PBXFileReference; fileEncoding = 4; lastKnownFileType = sourcecode.c.objc; path = LoadingViewController.m; sourceTree = "<group>"; };
		A379225913B725A30061C4DC /* LoadingView.xib */ = {isa = PBXFileReference; lastKnownFileType = file.xib; name = LoadingView.xib; path = /Users/Luke/Projects/bookhelper/Resources/LoadingView.xib; sourceTree = "<absolute>"; };
		A38EDA4B13BCC736004CABBC /* Icon-72.png */ = {isa = PBXFileReference; lastKnownFileType = image.png; name = "Icon-72.png"; path = "/Users/Luke/Projects/bookhelper/Resources/appicons/Icon-72.png"; sourceTree = "<absolute>"; };
		A38EDA4C13BCC736004CABBC /* Icon-Small-50.png */ = {isa = PBXFileReference; lastKnownFileType = image.png; name = "Icon-Small-50.png"; path = "/Users/Luke/Projects/bookhelper/Resources/appicons/Icon-Small-50.png"; sourceTree = "<absolute>"; };
		A38EDA4D13BCC736004CABBC /* Icon-Small.png */ = {isa = PBXFileReference; lastKnownFileType = image.png; name = "Icon-Small.png"; path = "/Users/Luke/Projects/bookhelper/Resources/appicons/Icon-Small.png"; sourceTree = "<absolute>"; };
		A38EDA4E13BCC736004CABBC /* Icon-Small@2x.png */ = {isa = PBXFileReference; lastKnownFileType = image.png; name = "Icon-Small@2x.png"; path = "/Users/Luke/Projects/bookhelper/Resources/appicons/Icon-Small@2x.png"; sourceTree = "<absolute>"; };
		A38EDA4F13BCC736004CABBC /* Icon.png */ = {isa = PBXFileReference; lastKnownFileType = image.png; name = Icon.png; path = /Users/Luke/Projects/bookhelper/Resources/appicons/Icon.png; sourceTree = "<absolute>"; };
		A38EDA5013BCC736004CABBC /* Icon@2x.png */ = {isa = PBXFileReference; lastKnownFileType = image.png; name = "Icon@2x.png"; path = "/Users/Luke/Projects/bookhelper/Resources/appicons/Icon@2x.png"; sourceTree = "<absolute>"; };
		A38EDA5113BCC736004CABBC /* iTunesArtwork */ = {isa = PBXFileReference; lastKnownFileType = file; name = iTunesArtwork; path = /Users/Luke/Projects/bookhelper/Resources/appicons/iTunesArtwork; sourceTree = "<absolute>"; };
		A391AC8D13B90986003CFB40 /* BookGetHistoryDatabase.h */ = {isa = PBXFileReference; fileEncoding = 4; lastKnownFileType = sourcecode.c.h; path = BookGetHistoryDatabase.h; sourceTree = "<group>"; };
		A391AC8E13B90986003CFB40 /* BookGetHistoryDatabase.m */ = {isa = PBXFileReference; fileEncoding = 4; lastKnownFileType = sourcecode.c.objc; path = BookGetHistoryDatabase.m; sourceTree = "<group>"; };
		A39A9A3313BDDBAA00937489 /* CFNetwork.framework */ = {isa = PBXFileReference; lastKnownFileType = wrapper.framework; name = CFNetwork.framework; path = System/Library/Frameworks/CFNetwork.framework; sourceTree = SDKROOT; };
		A39A9A3913BDDBDD00937489 /* SystemConfiguration.framework */ = {isa = PBXFileReference; lastKnownFileType = wrapper.framework; name = SystemConfiguration.framework; path = System/Library/Frameworks/SystemConfiguration.framework; sourceTree = SDKROOT; };
		A39A9A3B13BDDC1800937489 /* MobileCoreServices.framework */ = {isa = PBXFileReference; lastKnownFileType = wrapper.framework; name = MobileCoreServices.framework; path = System/Library/Frameworks/MobileCoreServices.framework; sourceTree = SDKROOT; };
		A39A9A5A13BDDC9100937489 /* libz.dylib */ = {isa = PBXFileReference; lastKnownFileType = "compiled.mach-o.dylib"; name = libz.dylib; path = usr/lib/libz.dylib; sourceTree = SDKROOT; };
		A39A9A5E13BDDE4D00937489 /* ASImageView.h */ = {isa = PBXFileReference; fileEncoding = 4; lastKnownFileType = sourcecode.c.h; path = ASImageView.h; sourceTree = "<group>"; };
		A39A9A5F13BDDE4D00937489 /* ASImageView.m */ = {isa = PBXFileReference; fileEncoding = 4; lastKnownFileType = sourcecode.c.objc; path = ASImageView.m; sourceTree = "<group>"; };
		A39A9BB113BE21D900937489 /* SearchBarView.xib */ = {isa = PBXFileReference; lastKnownFileType = file.xib; name = SearchBarView.xib; path = /Users/Luke/Projects/bookhelper/Resources/SearchBarView.xib; sourceTree = "<absolute>"; };
		A39A9BB813BE22FA00937489 /* BookSearchBarViewController.h */ = {isa = PBXFileReference; fileEncoding = 4; lastKnownFileType = sourcecode.c.h; path = BookSearchBarViewController.h; sourceTree = "<group>"; };
		A39A9BB913BE22FA00937489 /* BookSearchBarViewController.m */ = {isa = PBXFileReference; fileEncoding = 4; lastKnownFileType = sourcecode.c.objc; path = BookSearchBarViewController.m; sourceTree = "<group>"; };
		A39A9E0C13BE4E0800937489 /* BookInroViewController.h */ = {isa = PBXFileReference; fileEncoding = 4; lastKnownFileType = sourcecode.c.h; path = BookInroViewController.h; sourceTree = "<group>"; };
		A39A9E0D13BE4E0800937489 /* BookInroViewController.m */ = {isa = PBXFileReference; fileEncoding = 4; lastKnownFileType = sourcecode.c.objc; path = BookInroViewController.m; sourceTree = "<group>"; };
		A39A9FE413BEB5F800937489 /* BookPriceUtilities.h */ = {isa = PBXFileReference; fileEncoding = 4; lastKnownFileType = sourcecode.c.h; path = BookPriceUtilities.h; sourceTree = "<group>"; };
		A39A9FE513BEB5F800937489 /* BookPriceUtilities.m */ = {isa = PBXFileReference; fileEncoding = 4; lastKnownFileType = sourcecode.c.objc; path = BookPriceUtilities.m; sourceTree = "<group>"; };
		A39AA00F13BEBD0400937489 /* 99.png */ = {isa = PBXFileReference; lastKnownFileType = image.png; name = 99.png; path = /Users/Luke/Projects/bookhelper/Resources/bookstorelogos/99.png; sourceTree = "<absolute>"; };
		A39AA01013BEBD0400937489 /* chinapub.png */ = {isa = PBXFileReference; lastKnownFileType = image.png; name = chinapub.png; path = /Users/Luke/Projects/bookhelper/Resources/bookstorelogos/chinapub.png; sourceTree = "<absolute>"; };
		A39AA01113BEBD0400937489 /* dd.png */ = {isa = PBXFileReference; lastKnownFileType = image.png; name = dd.png; path = /Users/Luke/Projects/bookhelper/Resources/bookstorelogos/dd.png; sourceTree = "<absolute>"; };
		A39AA01213BEBD0400937489 /* joyo.png */ = {isa = PBXFileReference; lastKnownFileType = image.png; name = joyo.png; path = /Users/Luke/Projects/bookhelper/Resources/bookstorelogos/joyo.png; sourceTree = "<absolute>"; };
		A3B17E2A13B78D3F007B100E /* comment.png */ = {isa = PBXFileReference; lastKnownFileType = image.png; path = comment.png; sourceTree = "<group>"; };
		A3B17ED713B79A7A007B100E /* libsqlite3.dylib */ = {isa = PBXFileReference; lastKnownFileType = "compiled.mach-o.dylib"; name = libsqlite3.dylib; path = usr/lib/libsqlite3.dylib; sourceTree = SDKROOT; };
		A3B1864113B8CB84007B100E /* ShadowedTableView.m */ = {isa = PBXFileReference; fileEncoding = 4; lastKnownFileType = sourcecode.c.objc; name = ShadowedTableView.m; path = /Users/Luke/Projects/bookhelper/Classes/ShadowedTableView.m; sourceTree = "<absolute>"; };
		A3B1864213B8CB84007B100E /* ClearLabelsCellView.m */ = {isa = PBXFileReference; fileEncoding = 4; lastKnownFileType = sourcecode.c.objc; name = ClearLabelsCellView.m; path = /Users/Luke/Projects/bookhelper/Classes/ClearLabelsCellView.m; sourceTree = "<absolute>"; };
		A3B1864313B8CB84007B100E /* GradientView.m */ = {isa = PBXFileReference; fileEncoding = 4; lastKnownFileType = sourcecode.c.objc; name = GradientView.m; path = /Users/Luke/Projects/bookhelper/Classes/GradientView.m; sourceTree = "<absolute>"; };
		A3B1864413B8CB84007B100E /* ShadowedTableView.h */ = {isa = PBXFileReference; fileEncoding = 4; lastKnownFileType = sourcecode.c.h; name = ShadowedTableView.h; path = /Users/Luke/Projects/bookhelper/Classes/ShadowedTableView.h; sourceTree = "<absolute>"; };
		A3B1864513B8CB84007B100E /* ClearLabelsCellView.h */ = {isa = PBXFileReference; fileEncoding = 4; lastKnownFileType = sourcecode.c.h; name = ClearLabelsCellView.h; path = /Users/Luke/Projects/bookhelper/Classes/ClearLabelsCellView.h; sourceTree = "<absolute>"; };
		A3B1864613B8CB84007B100E /* GradientView.h */ = {isa = PBXFileReference; fileEncoding = 4; lastKnownFileType = sourcecode.c.h; name = GradientView.h; path = /Users/Luke/Projects/bookhelper/Classes/GradientView.h; sourceTree = "<absolute>"; };
		A3B8C89113BB7FDC00028546 /* star.png */ = {isa = PBXFileReference; lastKnownFileType = image.png; path = star.png; sourceTree = "<group>"; };
		A3B8C89313BB7FDC00028546 /* unstar.png */ = {isa = PBXFileReference; lastKnownFileType = image.png; path = unstar.png; sourceTree = "<group>"; };
		A3B8C93913BB8A6600028546 /* TableUIButton.h */ = {isa = PBXFileReference; fileEncoding = 4; lastKnownFileType = sourcecode.c.h; path = TableUIButton.h; sourceTree = "<group>"; };
		A3B8C93A13BB8A6600028546 /* TableUIButton.m */ = {isa = PBXFileReference; fileEncoding = 4; lastKnownFileType = sourcecode.c.objc; path = TableUIButton.m; sourceTree = "<group>"; };
		A3BDEF7E13BF723D0027A336 /* info.png */ = {isa = PBXFileReference; lastKnownFileType = image.png; name = info.png; path = /Users/Luke/Projects/bookhelper/Resources/info.png; sourceTree = "<absolute>"; };
		A3BDEF7F13BF723D0027A336 /* price.png */ = {isa = PBXFileReference; lastKnownFileType = image.png; name = price.png; path = /Users/Luke/Projects/bookhelper/Resources/price.png; sourceTree = "<absolute>"; };
		A3BDEF8013BF723D0027A336 /* author.png */ = {isa = PBXFileReference; lastKnownFileType = image.png; name = author.png; path = /Users/Luke/Projects/bookhelper/Resources/author.png; sourceTree = "<absolute>"; };
		A3BDF00B13BF7B340027A336 /* UIImage+Scale.h */ = {isa = PBXFileReference; fileEncoding = 4; lastKnownFileType = sourcecode.c.h; path = "UIImage+Scale.h"; sourceTree = "<group>"; };
		A3BDF00C13BF7B340027A336 /* UIImage+Scale.m */ = {isa = PBXFileReference; fileEncoding = 4; lastKnownFileType = sourcecode.c.objc; path = "UIImage+Scale.m"; sourceTree = "<group>"; };
		A3BDF01F13BF80100027A336 /* cover_placeholder.jpg */ = {isa = PBXFileReference; lastKnownFileType = image.jpeg; name = cover_placeholder.jpg; path = ../../../../../Users/Luke/Projects/bookhelper/Resources/cover_placeholder.jpg; sourceTree = "<group>"; };
		A3BDF06B13C00A950027A336 /* BookReviewsViewController.h */ = {isa = PBXFileReference; fileEncoding = 4; lastKnownFileType = sourcecode.c.h; path = BookReviewsViewController.h; sourceTree = "<group>"; };
		A3BDF06C13C00A950027A336 /* BookReviewsViewController.m */ = {isa = PBXFileReference; fileEncoding = 4; lastKnownFileType = sourcecode.c.objc; path = BookReviewsViewController.m; sourceTree = "<group>"; };
		A3BDF06E13C00AB00027A336 /* BookReviewsView.xib */ = {isa = PBXFileReference; lastKnownFileType = file.xib; name = BookReviewsView.xib; path = /Users/Luke/Projects/bookhelper/Resources/BookReviewsView.xib; sourceTree = "<absolute>"; };
		A3BDF07813C00DDE0027A336 /* DoubanBookReviewSummary.h */ = {isa = PBXFileReference; fileEncoding = 4; lastKnownFileType = sourcecode.c.h; path = DoubanBookReviewSummary.h; sourceTree = "<group>"; };
		A3BDF07913C00DDE0027A336 /* DoubanBookReviewSummary.m */ = {isa = PBXFileReference; fileEncoding = 4; lastKnownFileType = sourcecode.c.objc; path = DoubanBookReviewSummary.m; sourceTree = "<group>"; };
		A3BDF16C13C028E20027A336 /* ASIAuthenticationDialog.h */ = {isa = PBXFileReference; fileEncoding = 4; lastKnownFileType = sourcecode.c.h; name = ASIAuthenticationDialog.h; path = /Users/Luke/Projects/bookhelper/Libraries/ASIHTTPRequest/ASIAuthenticationDialog.h; sourceTree = "<absolute>"; };
		A3BDF16D13C028E20027A336 /* ASIAuthenticationDialog.m */ = {isa = PBXFileReference; fileEncoding = 4; lastKnownFileType = sourcecode.c.objc; name = ASIAuthenticationDialog.m; path = /Users/Luke/Projects/bookhelper/Libraries/ASIHTTPRequest/ASIAuthenticationDialog.m; sourceTree = "<absolute>"; };
		A3BDF16E13C028E20027A336 /* ASICacheDelegate.h */ = {isa = PBXFileReference; fileEncoding = 4; lastKnownFileType = sourcecode.c.h; name = ASICacheDelegate.h; path = /Users/Luke/Projects/bookhelper/Libraries/ASIHTTPRequest/ASICacheDelegate.h; sourceTree = "<absolute>"; };
		A3BDF16F13C028E20027A336 /* ASIDataCompressor.h */ = {isa = PBXFileReference; fileEncoding = 4; lastKnownFileType = sourcecode.c.h; name = ASIDataCompressor.h; path = /Users/Luke/Projects/bookhelper/Libraries/ASIHTTPRequest/ASIDataCompressor.h; sourceTree = "<absolute>"; };
		A3BDF17013C028E20027A336 /* ASIDataCompressor.m */ = {isa = PBXFileReference; fileEncoding = 4; lastKnownFileType = sourcecode.c.objc; name = ASIDataCompressor.m; path = /Users/Luke/Projects/bookhelper/Libraries/ASIHTTPRequest/ASIDataCompressor.m; sourceTree = "<absolute>"; };
		A3BDF17113C028E20027A336 /* ASIDataDecompressor.h */ = {isa = PBXFileReference; fileEncoding = 4; lastKnownFileType = sourcecode.c.h; name = ASIDataDecompressor.h; path = /Users/Luke/Projects/bookhelper/Libraries/ASIHTTPRequest/ASIDataDecompressor.h; sourceTree = "<absolute>"; };
		A3BDF17213C028E20027A336 /* ASIDataDecompressor.m */ = {isa = PBXFileReference; fileEncoding = 4; lastKnownFileType = sourcecode.c.objc; name = ASIDataDecompressor.m; path = /Users/Luke/Projects/bookhelper/Libraries/ASIHTTPRequest/ASIDataDecompressor.m; sourceTree = "<absolute>"; };
		A3BDF17313C028E20027A336 /* ASIDownloadCache.h */ = {isa = PBXFileReference; fileEncoding = 4; lastKnownFileType = sourcecode.c.h; name = ASIDownloadCache.h; path = /Users/Luke/Projects/bookhelper/Libraries/ASIHTTPRequest/ASIDownloadCache.h; sourceTree = "<absolute>"; };
		A3BDF17413C028E20027A336 /* ASIDownloadCache.m */ = {isa = PBXFileReference; fileEncoding = 4; lastKnownFileType = sourcecode.c.objc; name = ASIDownloadCache.m; path = /Users/Luke/Projects/bookhelper/Libraries/ASIHTTPRequest/ASIDownloadCache.m; sourceTree = "<absolute>"; };
		A3BDF17513C028E20027A336 /* ASIFormDataRequest.h */ = {isa = PBXFileReference; fileEncoding = 4; lastKnownFileType = sourcecode.c.h; name = ASIFormDataRequest.h; path = /Users/Luke/Projects/bookhelper/Libraries/ASIHTTPRequest/ASIFormDataRequest.h; sourceTree = "<absolute>"; };
		A3BDF17613C028E20027A336 /* ASIFormDataRequest.m */ = {isa = PBXFileReference; fileEncoding = 4; lastKnownFileType = sourcecode.c.objc; name = ASIFormDataRequest.m; path = /Users/Luke/Projects/bookhelper/Libraries/ASIHTTPRequest/ASIFormDataRequest.m; sourceTree = "<absolute>"; };
		A3BDF17713C028E20027A336 /* ASIHTTPRequest.h */ = {isa = PBXFileReference; fileEncoding = 4; lastKnownFileType = sourcecode.c.h; name = ASIHTTPRequest.h; path = /Users/Luke/Projects/bookhelper/Libraries/ASIHTTPRequest/ASIHTTPRequest.h; sourceTree = "<absolute>"; };
		A3BDF17813C028E20027A336 /* ASIHTTPRequest.m */ = {isa = PBXFileReference; fileEncoding = 4; lastKnownFileType = sourcecode.c.objc; name = ASIHTTPRequest.m; path = /Users/Luke/Projects/bookhelper/Libraries/ASIHTTPRequest/ASIHTTPRequest.m; sourceTree = "<absolute>"; };
		A3BDF17913C028E20027A336 /* ASIHTTPRequestConfig.h */ = {isa = PBXFileReference; fileEncoding = 4; lastKnownFileType = sourcecode.c.h; name = ASIHTTPRequestConfig.h; path = /Users/Luke/Projects/bookhelper/Libraries/ASIHTTPRequest/ASIHTTPRequestConfig.h; sourceTree = "<absolute>"; };
		A3BDF17A13C028E20027A336 /* ASIHTTPRequestDelegate.h */ = {isa = PBXFileReference; fileEncoding = 4; lastKnownFileType = sourcecode.c.h; name = ASIHTTPRequestDelegate.h; path = /Users/Luke/Projects/bookhelper/Libraries/ASIHTTPRequest/ASIHTTPRequestDelegate.h; sourceTree = "<absolute>"; };
		A3BDF17B13C028E20027A336 /* ASIInputStream.h */ = {isa = PBXFileReference; fileEncoding = 4; lastKnownFileType = sourcecode.c.h; name = ASIInputStream.h; path = /Users/Luke/Projects/bookhelper/Libraries/ASIHTTPRequest/ASIInputStream.h; sourceTree = "<absolute>"; };
		A3BDF17C13C028E20027A336 /* ASIInputStream.m */ = {isa = PBXFileReference; fileEncoding = 4; lastKnownFileType = sourcecode.c.objc; name = ASIInputStream.m; path = /Users/Luke/Projects/bookhelper/Libraries/ASIHTTPRequest/ASIInputStream.m; sourceTree = "<absolute>"; };
		A3BDF17D13C028E20027A336 /* ASINetworkQueue.h */ = {isa = PBXFileReference; fileEncoding = 4; lastKnownFileType = sourcecode.c.h; name = ASINetworkQueue.h; path = /Users/Luke/Projects/bookhelper/Libraries/ASIHTTPRequest/ASINetworkQueue.h; sourceTree = "<absolute>"; };
		A3BDF17E13C028E20027A336 /* ASINetworkQueue.m */ = {isa = PBXFileReference; fileEncoding = 4; lastKnownFileType = sourcecode.c.objc; name = ASINetworkQueue.m; path = /Users/Luke/Projects/bookhelper/Libraries/ASIHTTPRequest/ASINetworkQueue.m; sourceTree = "<absolute>"; };
		A3BDF17F13C028E20027A336 /* ASIProgressDelegate.h */ = {isa = PBXFileReference; fileEncoding = 4; lastKnownFileType = sourcecode.c.h; name = ASIProgressDelegate.h; path = /Users/Luke/Projects/bookhelper/Libraries/ASIHTTPRequest/ASIProgressDelegate.h; sourceTree = "<absolute>"; };
		A3BDF18013C028E20027A336 /* Reachability.h */ = {isa = PBXFileReference; fileEncoding = 4; lastKnownFileType = sourcecode.c.h; name = Reachability.h; path = /Users/Luke/Projects/bookhelper/Libraries/ASIHTTPRequest/Reachability.h; sourceTree = "<absolute>"; };
		A3BDF18113C028E20027A336 /* Reachability.m */ = {isa = PBXFileReference; fileEncoding = 4; lastKnownFileType = sourcecode.c.objc; name = Reachability.m; path = /Users/Luke/Projects/bookhelper/Libraries/ASIHTTPRequest/Reachability.m; sourceTree = "<absolute>"; };
		A3BDF18313C028E20027A336 /* CHANGES_AND_TODO_LIST.txt */ = {isa = PBXFileReference; fileEncoding = 4; lastKnownFileType = text; name = CHANGES_AND_TODO_LIST.txt; path = /Users/Luke/Projects/bookhelper/Libraries/fmdb/CHANGES_AND_TODO_LIST.txt; sourceTree = "<absolute>"; };
		A3BDF18413C028E20027A336 /* CONTRIBUTORS.txt */ = {isa = PBXFileReference; fileEncoding = 4; lastKnownFileType = text; name = CONTRIBUTORS.txt; path = /Users/Luke/Projects/bookhelper/Libraries/fmdb/CONTRIBUTORS.txt; sourceTree = "<absolute>"; };
		A3BDF18513C028E20027A336 /* FMDatabase.h */ = {isa = PBXFileReference; fileEncoding = 4; lastKnownFileType = sourcecode.c.h; name = FMDatabase.h; path = /Users/Luke/Projects/bookhelper/Libraries/fmdb/FMDatabase.h; sourceTree = "<absolute>"; };
		A3BDF18613C028E20027A336 /* FMDatabase.m */ = {isa = PBXFileReference; fileEncoding = 4; lastKnownFileType = sourcecode.c.objc; name = FMDatabase.m; path = /Users/Luke/Projects/bookhelper/Libraries/fmdb/FMDatabase.m; sourceTree = "<absolute>"; };
		A3BDF18713C028E20027A336 /* FMDatabaseAdditions.h */ = {isa = PBXFileReference; fileEncoding = 4; lastKnownFileType = sourcecode.c.h; name = FMDatabaseAdditions.h; path = /Users/Luke/Projects/bookhelper/Libraries/fmdb/FMDatabaseAdditions.h; sourceTree = "<absolute>"; };
		A3BDF18813C028E20027A336 /* FMDatabaseAdditions.m */ = {isa = PBXFileReference; fileEncoding = 4; lastKnownFileType = sourcecode.c.objc; name = FMDatabaseAdditions.m; path = /Users/Luke/Projects/bookhelper/Libraries/fmdb/FMDatabaseAdditions.m; sourceTree = "<absolute>"; };
		A3BDF18A13C028E20027A336 /* FMResultSet.h */ = {isa = PBXFileReference; fileEncoding = 4; lastKnownFileType = sourcecode.c.h; name = FMResultSet.h; path = /Users/Luke/Projects/bookhelper/Libraries/fmdb/FMResultSet.h; sourceTree = "<absolute>"; };
		A3BDF18B13C028E20027A336 /* FMResultSet.m */ = {isa = PBXFileReference; fileEncoding = 4; lastKnownFileType = sourcecode.c.objc; name = FMResultSet.m; path = /Users/Luke/Projects/bookhelper/Libraries/fmdb/FMResultSet.m; sourceTree = "<absolute>"; };
		A3BDF18C13C028E20027A336 /* LICENSE.txt */ = {isa = PBXFileReference; fileEncoding = 4; lastKnownFileType = text; name = LICENSE.txt; path = /Users/Luke/Projects/bookhelper/Libraries/fmdb/LICENSE.txt; sourceTree = "<absolute>"; };
		A3BDF18D13C028E20027A336 /* README.markdown */ = {isa = PBXFileReference; fileEncoding = 4; lastKnownFileType = text; name = README.markdown; path = /Users/Luke/Projects/bookhelper/Libraries/fmdb/README.markdown; sourceTree = "<absolute>"; };
		A3BDF18F13C028E20027A336 /* TFHpple.h */ = {isa = PBXFileReference; fileEncoding = 4; lastKnownFileType = sourcecode.c.h; name = TFHpple.h; path = /Users/Luke/Projects/bookhelper/Libraries/Hpple/TFHpple.h; sourceTree = "<absolute>"; };
		A3BDF19013C028E20027A336 /* TFHpple.m */ = {isa = PBXFileReference; fileEncoding = 4; lastKnownFileType = sourcecode.c.objc; name = TFHpple.m; path = /Users/Luke/Projects/bookhelper/Libraries/Hpple/TFHpple.m; sourceTree = "<absolute>"; };
		A3BDF19113C028E20027A336 /* TFHppleElement.h */ = {isa = PBXFileReference; fileEncoding = 4; lastKnownFileType = sourcecode.c.h; name = TFHppleElement.h; path = /Users/Luke/Projects/bookhelper/Libraries/Hpple/TFHppleElement.h; sourceTree = "<absolute>"; };
		A3BDF19213C028E20027A336 /* TFHppleElement.m */ = {isa = PBXFileReference; fileEncoding = 4; lastKnownFileType = sourcecode.c.objc; name = TFHppleElement.m; path = /Users/Luke/Projects/bookhelper/Libraries/Hpple/TFHppleElement.m; sourceTree = "<absolute>"; };
		A3BDF19313C028E20027A336 /* XPathQuery.h */ = {isa = PBXFileReference; fileEncoding = 4; lastKnownFileType = sourcecode.c.h; name = XPathQuery.h; path = /Users/Luke/Projects/bookhelper/Libraries/Hpple/XPathQuery.h; sourceTree = "<absolute>"; };
		A3BDF19413C028E20027A336 /* XPathQuery.m */ = {isa = PBXFileReference; fileEncoding = 4; lastKnownFileType = sourcecode.c.objc; name = XPathQuery.m; path = /Users/Luke/Projects/bookhelper/Libraries/Hpple/XPathQuery.m; sourceTree = "<absolute>"; };
		A3BDF19913C028E20027A336 /* Decoder.h */ = {isa = PBXFileReference; fileEncoding = 4; lastKnownFileType = sourcecode.c.h; name = Decoder.h; path = /Users/Luke/Projects/bookhelper/Libraries/ZBarSDK/Headers/ZBarSDK/zbar/Decoder.h; sourceTree = "<absolute>"; };
		A3BDF19A13C028E20027A336 /* Exception.h */ = {isa = PBXFileReference; fileEncoding = 4; lastKnownFileType = sourcecode.c.h; name = Exception.h; path = /Users/Luke/Projects/bookhelper/Libraries/ZBarSDK/Headers/ZBarSDK/zbar/Exception.h; sourceTree = "<absolute>"; };
		A3BDF19B13C028E20027A336 /* Image.h */ = {isa = PBXFileReference; fileEncoding = 4; lastKnownFileType = sourcecode.c.h; name = Image.h; path = /Users/Luke/Projects/bookhelper/Libraries/ZBarSDK/Headers/ZBarSDK/zbar/Image.h; sourceTree = "<absolute>"; };
		A3BDF19C13C028E20027A336 /* ImageScanner.h */ = {isa = PBXFileReference; fileEncoding = 4; lastKnownFileType = sourcecode.c.h; name = ImageScanner.h; path = /Users/Luke/Projects/bookhelper/Libraries/ZBarSDK/Headers/ZBarSDK/zbar/ImageScanner.h; sourceTree = "<absolute>"; };
		A3BDF19D13C028E20027A336 /* Processor.h */ = {isa = PBXFileReference; fileEncoding = 4; lastKnownFileType = sourcecode.c.h; name = Processor.h; path = /Users/Luke/Projects/bookhelper/Libraries/ZBarSDK/Headers/ZBarSDK/zbar/Processor.h; sourceTree = "<absolute>"; };
		A3BDF19E13C028E20027A336 /* Scanner.h */ = {isa = PBXFileReference; fileEncoding = 4; lastKnownFileType = sourcecode.c.h; name = Scanner.h; path = /Users/Luke/Projects/bookhelper/Libraries/ZBarSDK/Headers/ZBarSDK/zbar/Scanner.h; sourceTree = "<absolute>"; };
		A3BDF19F13C028E20027A336 /* Symbol.h */ = {isa = PBXFileReference; fileEncoding = 4; lastKnownFileType = sourcecode.c.h; name = Symbol.h; path = /Users/Luke/Projects/bookhelper/Libraries/ZBarSDK/Headers/ZBarSDK/zbar/Symbol.h; sourceTree = "<absolute>"; };
		A3BDF1A013C028E20027A336 /* Video.h */ = {isa = PBXFileReference; fileEncoding = 4; lastKnownFileType = sourcecode.c.h; name = Video.h; path = /Users/Luke/Projects/bookhelper/Libraries/ZBarSDK/Headers/ZBarSDK/zbar/Video.h; sourceTree = "<absolute>"; };
		A3BDF1A113C028E20027A336 /* Window.h */ = {isa = PBXFileReference; fileEncoding = 4; lastKnownFileType = sourcecode.c.h; name = Window.h; path = /Users/Luke/Projects/bookhelper/Libraries/ZBarSDK/Headers/ZBarSDK/zbar/Window.h; sourceTree = "<absolute>"; };
		A3BDF1A213C028E20027A336 /* zbar.h */ = {isa = PBXFileReference; fileEncoding = 4; lastKnownFileType = sourcecode.c.h; name = zbar.h; path = /Users/Luke/Projects/bookhelper/Libraries/ZBarSDK/Headers/ZBarSDK/zbar.h; sourceTree = "<absolute>"; };
		A3BDF1A313C028E20027A336 /* ZBarCaptureReader.h */ = {isa = PBXFileReference; fileEncoding = 4; lastKnownFileType = sourcecode.c.h; name = ZBarCaptureReader.h; path = /Users/Luke/Projects/bookhelper/Libraries/ZBarSDK/Headers/ZBarSDK/ZBarCaptureReader.h; sourceTree = "<absolute>"; };
		A3BDF1A413C028E20027A336 /* ZBarHelpController.h */ = {isa = PBXFileReference; fileEncoding = 4; lastKnownFileType = sourcecode.c.h; name = ZBarHelpController.h; path = /Users/Luke/Projects/bookhelper/Libraries/ZBarSDK/Headers/ZBarSDK/ZBarHelpController.h; sourceTree = "<absolute>"; };
		A3BDF1A513C028E20027A336 /* ZBarImage.h */ = {isa = PBXFileReference; fileEncoding = 4; lastKnownFileType = sourcecode.c.h; name = ZBarImage.h; path = /Users/Luke/Projects/bookhelper/Libraries/ZBarSDK/Headers/ZBarSDK/ZBarImage.h; sourceTree = "<absolute>"; };
		A3BDF1A613C028E20027A336 /* ZBarImageScanner.h */ = {isa = PBXFileReference; fileEncoding = 4; lastKnownFileType = sourcecode.c.h; name = ZBarImageScanner.h; path = /Users/Luke/Projects/bookhelper/Libraries/ZBarSDK/Headers/ZBarSDK/ZBarImageScanner.h; sourceTree = "<absolute>"; };
		A3BDF1A713C028E20027A336 /* ZBarReaderController.h */ = {isa = PBXFileReference; fileEncoding = 4; lastKnownFileType = sourcecode.c.h; name = ZBarReaderController.h; path = /Users/Luke/Projects/bookhelper/Libraries/ZBarSDK/Headers/ZBarSDK/ZBarReaderController.h; sourceTree = "<absolute>"; };
		A3BDF1A813C028E20027A336 /* ZBarReaderView.h */ = {isa = PBXFileReference; fileEncoding = 4; lastKnownFileType = sourcecode.c.h; name = ZBarReaderView.h; path = /Users/Luke/Projects/bookhelper/Libraries/ZBarSDK/Headers/ZBarSDK/ZBarReaderView.h; sourceTree = "<absolute>"; };
		A3BDF1A913C028E20027A336 /* ZBarReaderViewController.h */ = {isa = PBXFileReference; fileEncoding = 4; lastKnownFileType = sourcecode.c.h; name = ZBarReaderViewController.h; path = /Users/Luke/Projects/bookhelper/Libraries/ZBarSDK/Headers/ZBarSDK/ZBarReaderViewController.h; sourceTree = "<absolute>"; };
		A3BDF1AA13C028E20027A336 /* ZBarSDK.h */ = {isa = PBXFileReference; fileEncoding = 4; lastKnownFileType = sourcecode.c.h; name = ZBarSDK.h; path = /Users/Luke/Projects/bookhelper/Libraries/ZBarSDK/Headers/ZBarSDK/ZBarSDK.h; sourceTree = "<absolute>"; };
		A3BDF1AB13C028E20027A336 /* ZBarSymbol.h */ = {isa = PBXFileReference; fileEncoding = 4; lastKnownFileType = sourcecode.c.h; name = ZBarSymbol.h; path = /Users/Luke/Projects/bookhelper/Libraries/ZBarSDK/Headers/ZBarSDK/ZBarSymbol.h; sourceTree = "<absolute>"; };
		A3BDF1AC13C028E20027A336 /* libzbar.a */ = {isa = PBXFileReference; lastKnownFileType = archive.ar; name = libzbar.a; path = /Users/Luke/Projects/bookhelper/Libraries/ZBarSDK/libzbar.a; sourceTree = "<absolute>"; };
		A3BDF1AE13C028E20027A336 /* zbar-back.png */ = {isa = PBXFileReference; lastKnownFileType = image.png; name = "zbar-back.png"; path = "/Users/Luke/Projects/bookhelper/Libraries/ZBarSDK/Resources/zbar-back.png"; sourceTree = "<absolute>"; };
		A3BDF1AF13C028E20027A336 /* zbar-help.html */ = {isa = PBXFileReference; fileEncoding = 4; lastKnownFileType = text.html; name = "zbar-help.html"; path = "/Users/Luke/Projects/bookhelper/Libraries/ZBarSDK/Resources/zbar-help.html"; sourceTree = "<absolute>"; };
		A3BDF1B013C028E20027A336 /* zbar-helpicons.png */ = {isa = PBXFileReference; lastKnownFileType = image.png; name = "zbar-helpicons.png"; path = "/Users/Luke/Projects/bookhelper/Libraries/ZBarSDK/Resources/zbar-helpicons.png"; sourceTree = "<absolute>"; };
		A3BDF1B113C028E20027A336 /* zbar-samples.png */ = {isa = PBXFileReference; lastKnownFileType = image.png; name = "zbar-samples.png"; path = "/Users/Luke/Projects/bookhelper/Libraries/ZBarSDK/Resources/zbar-samples.png"; sourceTree = "<absolute>"; };
		A3BDF23A13C02AF50027A336 /* GDataXMLNode.h */ = {isa = PBXFileReference; fileEncoding = 4; lastKnownFileType = sourcecode.c.h; path = GDataXMLNode.h; sourceTree = "<group>"; };
		A3BDF23B13C02AF50027A336 /* GDataXMLNode.m */ = {isa = PBXFileReference; fileEncoding = 4; lastKnownFileType = sourcecode.c.objc; path = GDataXMLNode.m; sourceTree = "<group>"; };
		A3BDF36813C044C70027A336 /* BookAuthorIntroViewController.h */ = {isa = PBXFileReference; fileEncoding = 4; lastKnownFileType = sourcecode.c.h; path = BookAuthorIntroViewController.h; sourceTree = "<group>"; };
		A3BDF36913C044C70027A336 /* BookAuthorIntroViewController.m */ = {isa = PBXFileReference; fileEncoding = 4; lastKnownFileType = sourcecode.c.objc; path = BookAuthorIntroViewController.m; sourceTree = "<group>"; };
		A3D375EA13B35C8B00632293 /* history.png */ = {isa = PBXFileReference; lastKnownFileType = image.png; path = history.png; sourceTree = "<group>"; };
		A3D3775013B395FC00632293 /* DoubanURLConnection.h */ = {isa = PBXFileReference; fileEncoding = 4; lastKnownFileType = sourcecode.c.h; path = DoubanURLConnection.h; sourceTree = "<group>"; };
		A3D3775113B395FC00632293 /* DoubanURLConnection.m */ = {isa = PBXFileReference; fileEncoding = 4; lastKnownFileType = sourcecode.c.objc; path = DoubanURLConnection.m; sourceTree = "<group>"; };
		A3D3780713B3A4F800632293 /* QuartzCore.framework */ = {isa = PBXFileReference; lastKnownFileType = wrapper.framework; name = QuartzCore.framework; path = System/Library/Frameworks/QuartzCore.framework; sourceTree = SDKROOT; };
		A3D3781D13B3A51300632293 /* CoreVideo.framework */ = {isa = PBXFileReference; lastKnownFileType = wrapper.framework; name = CoreVideo.framework; path = System/Library/Frameworks/CoreVideo.framework; sourceTree = SDKROOT; };
		A3D3782D13B3A55C00632293 /* libiconv.dylib */ = {isa = PBXFileReference; lastKnownFileType = "compiled.mach-o.dylib"; name = libiconv.dylib; path = usr/lib/libiconv.dylib; sourceTree = SDKROOT; };
		A3D3782F13B3A55C00632293 /* libicucore.dylib */ = {isa = PBXFileReference; lastKnownFileType = "compiled.mach-o.dylib"; name = libicucore.dylib; path = usr/lib/libicucore.dylib; sourceTree = SDKROOT; };
		A3D3787013B3A6AE00632293 /* CoreMedia.framework */ = {isa = PBXFileReference; lastKnownFileType = wrapper.framework; name = CoreMedia.framework; path = System/Library/Frameworks/CoreMedia.framework; sourceTree = SDKROOT; };
		A3D3787C13B3A6E700632293 /* AVFoundation.framework */ = {isa = PBXFileReference; lastKnownFileType = wrapper.framework; name = AVFoundation.framework; path = System/Library/Frameworks/AVFoundation.framework; sourceTree = SDKROOT; };
		A3D37FCD13B4D6A800632293 /* NSString+URLEncoding.h */ = {isa = PBXFileReference; fileEncoding = 4; lastKnownFileType = sourcecode.c.h; path = "NSString+URLEncoding.h"; sourceTree = "<group>"; };
		A3D37FCE13B4D6A800632293 /* NSString+URLEncoding.m */ = {isa = PBXFileReference; fileEncoding = 4; lastKnownFileType = sourcecode.c.objc; path = "NSString+URLEncoding.m"; sourceTree = "<group>"; };
		A3D37FD713B4D83500632293 /* BookDetailViewController.h */ = {isa = PBXFileReference; fileEncoding = 4; lastKnownFileType = sourcecode.c.h; path = BookDetailViewController.h; sourceTree = "<group>"; };
		A3D37FD813B4D83500632293 /* BookDetailViewController.m */ = {isa = PBXFileReference; fileEncoding = 4; lastKnownFileType = sourcecode.c.objc; path = BookDetailViewController.m; sourceTree = "<group>"; };
		A3D37FDA13B4D85800632293 /* BookDetailView.xib */ = {isa = PBXFileReference; lastKnownFileType = file.xib; name = BookDetailView.xib; path = /Users/Luke/Projects/bookhelper/Resources/BookDetailView.xib; sourceTree = "<absolute>"; };
		A3D37FE013B4E1CE00632293 /* BookPriceComparisonViewController.h */ = {isa = PBXFileReference; fileEncoding = 4; lastKnownFileType = sourcecode.c.h; path = BookPriceComparisonViewController.h; sourceTree = "<group>"; };
		A3D37FE113B4E1CE00632293 /* BookPriceComparisonViewController.m */ = {isa = PBXFileReference; fileEncoding = 4; lastKnownFileType = sourcecode.c.objc; path = BookPriceComparisonViewController.m; sourceTree = "<group>"; };
		A3D3807C13B50DAC00632293 /* BookPriceComparisonView.xib */ = {isa = PBXFileReference; lastKnownFileType = file.xib; name = BookPriceComparisonView.xib; path = /Users/Luke/Projects/bookhelper/Resources/BookPriceComparisonView.xib; sourceTree = "<absolute>"; };
		A3D380C413B5147900632293 /* barcode.png */ = {isa = PBXFileReference; lastKnownFileType = image.png; path = barcode.png; sourceTree = "<group>"; };
		A3D382E113B57EA100632293 /* search.png */ = {isa = PBXFileReference; lastKnownFileType = image.png; path = search.png; sourceTree = "<group>"; };
		A3E3FA9313B22FE40023DC27 /* libxml2.dylib */ = {isa = PBXFileReference; lastKnownFileType = "compiled.mach-o.dylib"; name = libxml2.dylib; path = usr/lib/libxml2.dylib; sourceTree = SDKROOT; };
		A3E3FAA013B230500023DC27 /* DoubanBook.h */ = {isa = PBXFileReference; fileEncoding = 4; lastKnownFileType = sourcecode.c.h; path = DoubanBook.h; sourceTree = "<group>"; };
		A3E3FAA113B230500023DC27 /* DoubanBook.m */ = {isa = PBXFileReference; fileEncoding = 4; lastKnownFileType = sourcecode.c.objc; path = DoubanBook.m; sourceTree = "<group>"; };
		A3E3FB2A13B23BD50023DC27 /* DoubanConnector.h */ = {isa = PBXFileReference; fileEncoding = 4; lastKnownFileType = sourcecode.c.h; path = DoubanConnector.h; sourceTree = "<group>"; };
		A3E3FB2B13B23BD50023DC27 /* DoubanConnector.m */ = {isa = PBXFileReference; fileEncoding = 4; lastKnownFileType = sourcecode.c.objc; path = DoubanConnector.m; sourceTree = "<group>"; };
		A3E3FD2A13B2D1520023DC27 /* BookSearchView.xib */ = {isa = PBXFileReference; lastKnownFileType = file.xib; name = BookSearchView.xib; path = ../../../../../Users/Luke/Projects/bookhelper/Resources/BookSearchView.xib; sourceTree = "<group>"; };
		A3E3FD2B13B2D1520023DC27 /* HistoryView.xib */ = {isa = PBXFileReference; lastKnownFileType = file.xib; name = HistoryView.xib; path = /Users/Luke/Projects/bookhelper/Resources/HistoryView.xib; sourceTree = "<absolute>"; };
		A3E3FD2C13B2D1520023DC27 /* MainWindow.xib */ = {isa = PBXFileReference; lastKnownFileType = file.xib; name = MainWindow.xib; path = /Users/Luke/Projects/bookhelper/Resources/MainWindow.xib; sourceTree = "<absolute>"; };
		A3E3FE6D13B2F20F0023DC27 /* history@2x.png */ = {isa = PBXFileReference; lastKnownFileType = image.png; name = "history@2x.png"; path = "/Users/Luke/Projects/bookhelper/Resources/history@2x.png"; sourceTree = "<absolute>"; };
		A3E3FE7C13B2F2660023DC27 /* bookhelper-Info.plist */ = {isa = PBXFileReference; fileEncoding = 4; lastKnownFileType = text.plist.xml; name = "bookhelper-Info.plist"; path = "/Users/Luke/Projects/bookhelper/bookhelper-Info.plist"; sourceTree = "<absolute>"; };
		A3F0F8F413BA4C9700E8C732 /* more.png */ = {isa = PBXFileReference; lastKnownFileType = image.png; path = more.png; sourceTree = "<group>"; };
		A3F0F8F513BA4C9700E8C732 /* more@2x.png */ = {isa = PBXFileReference; lastKnownFileType = image.png; path = "more@2x.png"; sourceTree = "<group>"; };
		A3F0F8F813BA4CA900E8C732 /* barcode@2x.png */ = {isa = PBXFileReference; lastKnownFileType = image.png; path = "barcode@2x.png"; sourceTree = "<group>"; };
		A3F0F8F913BA4CA900E8C732 /* search@2x.png */ = {isa = PBXFileReference; lastKnownFileType = image.png; path = "search@2x.png"; sourceTree = "<group>"; };
/* End PBXFileReference section */

/* Begin PBXFrameworksBuildPhase section */
		1D60588F0D05DD3D006BFB54 /* Frameworks */ = {
			isa = PBXFrameworksBuildPhase;
			buildActionMask = 2147483647;
			files = (
				A3D3783113B3A56100632293 /* libiconv.dylib in Frameworks */,
				A3D3783213B3A56100632293 /* libicucore.dylib in Frameworks */,
				A3D3781E13B3A51300632293 /* CoreVideo.framework in Frameworks */,
				A3D3780813B3A4F800632293 /* QuartzCore.framework in Frameworks */,
				1D60589F0D05DD5A006BFB54 /* Foundation.framework in Frameworks */,
				1DF5F4E00D08C38300B7A737 /* UIKit.framework in Frameworks */,
				288765080DF74369002DB57D /* CoreGraphics.framework in Frameworks */,
				A3E3FA9413B22FE40023DC27 /* libxml2.dylib in Frameworks */,
				A3D3787113B3A6AE00632293 /* CoreMedia.framework in Frameworks */,
				A3D3787D13B3A6E700632293 /* AVFoundation.framework in Frameworks */,
				A3B17ED813B79A7A007B100E /* libsqlite3.dylib in Frameworks */,
				A39A9A3413BDDBAA00937489 /* CFNetwork.framework in Frameworks */,
				A39A9A3A13BDDBDD00937489 /* SystemConfiguration.framework in Frameworks */,
				A39A9A3C13BDDC1800937489 /* MobileCoreServices.framework in Frameworks */,
				A39A9A5B13BDDC9100937489 /* libz.dylib in Frameworks */,
				A3BDF1C613C028E20027A336 /* libzbar.a in Frameworks */,
			);
			runOnlyForDeploymentPostprocessing = 0;
		};
/* End PBXFrameworksBuildPhase section */

/* Begin PBXGroup section */
		080E96DDFE201D6D7F000001 /* Classes */ = {
			isa = PBXGroup;
			children = (
				A391AC8C13B90748003CFB40 /* Database */,
				A3791F6F13B62A790061C4DC /* View */,
				A3E3FE4D13B2EE800023DC27 /* Utilities */,
				A3E3FD2213B2D0FD0023DC27 /* Controller */,
				A3E3FA9E13B230310023DC27 /* Douban */,
				1D3623240D0F684500981E51 /* bookhelperAppDelegate.h */,
				1D3623250D0F684500981E51 /* bookhelperAppDelegate.m */,
			);
			path = Classes;
			sourceTree = "<group>";
		};
		19C28FACFE9D520D11CA2CBB /* Products */ = {
			isa = PBXGroup;
			children = (
				1D6058910D05DD3D006BFB54 /* bookhelper.app */,
			);
			name = Products;
			sourceTree = "<group>";
		};
		29B97314FDCFA39411CA2CEA /* bookhelper */ = {
			isa = PBXGroup;
			children = (
				A3BDF16A13C028E20027A336 /* Libraries */,
				080E96DDFE201D6D7F000001 /* Classes */,
				29B97315FDCFA39411CA2CEA /* Other Sources */,
				29B97323FDCFA39411CA2CEA /* Frameworks */,
				A3E3FD2813B2D1520023DC27 /* Resources */,
				19C28FACFE9D520D11CA2CBB /* Products */,
			);
			name = bookhelper;
			sourceTree = "<group>";
		};
		29B97315FDCFA39411CA2CEA /* Other Sources */ = {
			isa = PBXGroup;
			children = (
				28A0AB4B0D9B1048005BE974 /* bookhelper_Prefix.pch */,
				29B97316FDCFA39411CA2CEA /* main.m */,
			);
			name = "Other Sources";
			sourceTree = "<group>";
		};
		29B97323FDCFA39411CA2CEA /* Frameworks */ = {
			isa = PBXGroup;
			children = (
				A3E3FA9313B22FE40023DC27 /* libxml2.dylib */,
				A3D3780713B3A4F800632293 /* QuartzCore.framework */,
				A3D3781D13B3A51300632293 /* CoreVideo.framework */,
				A3D3782D13B3A55C00632293 /* libiconv.dylib */,
				A3D3782F13B3A55C00632293 /* libicucore.dylib */,
				A3D3787013B3A6AE00632293 /* CoreMedia.framework */,
				A3D3787C13B3A6E700632293 /* AVFoundation.framework */,
				1DF5F4DF0D08C38300B7A737 /* UIKit.framework */,
				1D30AB110D05D00D00671497 /* Foundation.framework */,
				288765070DF74369002DB57D /* CoreGraphics.framework */,
				A3B17ED713B79A7A007B100E /* libsqlite3.dylib */,
				A39A9A3913BDDBDD00937489 /* SystemConfiguration.framework */,
				A39A9A3313BDDBAA00937489 /* CFNetwork.framework */,
				A39A9A3B13BDDC1800937489 /* MobileCoreServices.framework */,
				A39A9A5A13BDDC9100937489 /* libz.dylib */,
			);
			name = Frameworks;
			sourceTree = "<group>";
		};
		A34945AE13C218D400C25B23 /* Cell */ = {
			isa = PBXGroup;
			children = (
				A349455513C1FFFE00C25B23 /* ReviewTableViewCell.h */,
				A349455613C1FFFE00C25B23 /* ReviewTableViewCell.m */,
				A34945AF13C2190600C25B23 /* BookTableViewCell.h */,
				A34945B013C2190600C25B23 /* BookTableViewCell.m */,
			);
			name = Cell;
			sourceTree = "<group>";
		};
		A3791F6F13B62A790061C4DC /* View */ = {
			isa = PBXGroup;
			children = (
				A34945AE13C218D400C25B23 /* Cell */,
				A3B1864413B8CB84007B100E /* ShadowedTableView.h */,
				A3B1864113B8CB84007B100E /* ShadowedTableView.m */,
				A3B1864613B8CB84007B100E /* GradientView.h */,
				A3B1864313B8CB84007B100E /* GradientView.m */,
				A3B1864513B8CB84007B100E /* ClearLabelsCellView.h */,
				A3B1864213B8CB84007B100E /* ClearLabelsCellView.m */,
				A3791F7013B62AA90061C4DC /* ScannerOverlayView.h */,
				A3791F7113B62AA90061C4DC /* ScannerOverlayView.m */,
				A379223513B7258A0061C4DC /* LoadingViewController.h */,
				A379223613B7258A0061C4DC /* LoadingViewController.m */,
				A3B8C93913BB8A6600028546 /* TableUIButton.h */,
				A3B8C93A13BB8A6600028546 /* TableUIButton.m */,
				A39A9A5E13BDDE4D00937489 /* ASImageView.h */,
				A39A9A5F13BDDE4D00937489 /* ASImageView.m */,
			);
			name = View;
			sourceTree = "<group>";
		};
		A38EDA4A13BCC736004CABBC /* appicons */ = {
			isa = PBXGroup;
			children = (
				A38EDA4B13BCC736004CABBC /* Icon-72.png */,
				A38EDA4C13BCC736004CABBC /* Icon-Small-50.png */,
				A38EDA4D13BCC736004CABBC /* Icon-Small.png */,
				A38EDA4E13BCC736004CABBC /* Icon-Small@2x.png */,
				A38EDA4F13BCC736004CABBC /* Icon.png */,
				A38EDA5013BCC736004CABBC /* Icon@2x.png */,
				A38EDA5113BCC736004CABBC /* iTunesArtwork */,
			);
			name = appicons;
			path = ../../../../../Users/Luke/Projects/bookhelper/Resources/appicons;
			sourceTree = "<group>";
		};
		A38EDA5913BCC743004CABBC /* tabbar */ = {
			isa = PBXGroup;
			children = (
				A3D382E113B57EA100632293 /* search.png */,
				A3F0F8F913BA4CA900E8C732 /* search@2x.png */,
				A3D380C413B5147900632293 /* barcode.png */,
				A3F0F8F813BA4CA900E8C732 /* barcode@2x.png */,
				A3D375EA13B35C8B00632293 /* history.png */,
				A3F0F8F413BA4C9700E8C732 /* more.png */,
				A3F0F8F513BA4C9700E8C732 /* more@2x.png */,
				A3B17E2A13B78D3F007B100E /* comment.png */,
			);
			name = tabbar;
			sourceTree = "<group>";
		};
		A391AC8C13B90748003CFB40 /* Database */ = {
			isa = PBXGroup;
			children = (
				A391AC8D13B90986003CFB40 /* BookGetHistoryDatabase.h */,
				A391AC8E13B90986003CFB40 /* BookGetHistoryDatabase.m */,
				A303139A13BA2123000BD08C /* BookGetHistory.h */,
				A303139B13BA2123000BD08C /* BookGetHistory.m */,
			);
			name = Database;
			sourceTree = "<group>";
		};
		A39A9E0B13BE4DE800937489 /* BookDetail */ = {
			isa = PBXGroup;
			children = (
				A3D37FD713B4D83500632293 /* BookDetailViewController.h */,
				A3D37FD813B4D83500632293 /* BookDetailViewController.m */,
				A39A9E0C13BE4E0800937489 /* BookInroViewController.h */,
				A39A9E0D13BE4E0800937489 /* BookInroViewController.m */,
				A3D37FE013B4E1CE00632293 /* BookPriceComparisonViewController.h */,
				A3D37FE113B4E1CE00632293 /* BookPriceComparisonViewController.m */,
				A3BDF36813C044C70027A336 /* BookAuthorIntroViewController.h */,
				A3BDF36913C044C70027A336 /* BookAuthorIntroViewController.m */,
			);
			name = BookDetail;
			sourceTree = "<group>";
		};
		A39AA00E13BEBD0400937489 /* bookstorelogos */ = {
			isa = PBXGroup;
			children = (
				A39AA00F13BEBD0400937489 /* 99.png */,
				A39AA01013BEBD0400937489 /* chinapub.png */,
				A39AA01113BEBD0400937489 /* dd.png */,
				A39AA01213BEBD0400937489 /* joyo.png */,
			);
			path = bookstorelogos;
			sourceTree = "<group>";
		};
		A3BDF16A13C028E20027A336 /* Libraries */ = {
			isa = PBXGroup;
			children = (
				A3BDF23913C02AF50027A336 /* GData */,
				A3BDF16B13C028E20027A336 /* ASIHTTPRequest */,
				A3BDF18213C028E20027A336 /* fmdb */,
				A3BDF18E13C028E20027A336 /* Hpple */,
				A3BDF19513C028E20027A336 /* ZBarSDK */,
			);
			path = Libraries;
			sourceTree = "<group>";
		};
		A3BDF16B13C028E20027A336 /* ASIHTTPRequest */ = {
			isa = PBXGroup;
			children = (
				A3BDF16C13C028E20027A336 /* ASIAuthenticationDialog.h */,
				A3BDF16D13C028E20027A336 /* ASIAuthenticationDialog.m */,
				A3BDF16E13C028E20027A336 /* ASICacheDelegate.h */,
				A3BDF16F13C028E20027A336 /* ASIDataCompressor.h */,
				A3BDF17013C028E20027A336 /* ASIDataCompressor.m */,
				A3BDF17113C028E20027A336 /* ASIDataDecompressor.h */,
				A3BDF17213C028E20027A336 /* ASIDataDecompressor.m */,
				A3BDF17313C028E20027A336 /* ASIDownloadCache.h */,
				A3BDF17413C028E20027A336 /* ASIDownloadCache.m */,
				A3BDF17513C028E20027A336 /* ASIFormDataRequest.h */,
				A3BDF17613C028E20027A336 /* ASIFormDataRequest.m */,
				A3BDF17713C028E20027A336 /* ASIHTTPRequest.h */,
				A3BDF17813C028E20027A336 /* ASIHTTPRequest.m */,
				A3BDF17913C028E20027A336 /* ASIHTTPRequestConfig.h */,
				A3BDF17A13C028E20027A336 /* ASIHTTPRequestDelegate.h */,
				A3BDF17B13C028E20027A336 /* ASIInputStream.h */,
				A3BDF17C13C028E20027A336 /* ASIInputStream.m */,
				A3BDF17D13C028E20027A336 /* ASINetworkQueue.h */,
				A3BDF17E13C028E20027A336 /* ASINetworkQueue.m */,
				A3BDF17F13C028E20027A336 /* ASIProgressDelegate.h */,
				A3BDF18013C028E20027A336 /* Reachability.h */,
				A3BDF18113C028E20027A336 /* Reachability.m */,
			);
			path = ASIHTTPRequest;
			sourceTree = "<group>";
		};
		A3BDF18213C028E20027A336 /* fmdb */ = {
			isa = PBXGroup;
			children = (
				A3BDF18313C028E20027A336 /* CHANGES_AND_TODO_LIST.txt */,
				A3BDF18413C028E20027A336 /* CONTRIBUTORS.txt */,
				A3BDF18513C028E20027A336 /* FMDatabase.h */,
				A3BDF18613C028E20027A336 /* FMDatabase.m */,
				A3BDF18713C028E20027A336 /* FMDatabaseAdditions.h */,
				A3BDF18813C028E20027A336 /* FMDatabaseAdditions.m */,
				A3BDF18A13C028E20027A336 /* FMResultSet.h */,
				A3BDF18B13C028E20027A336 /* FMResultSet.m */,
				A3BDF18C13C028E20027A336 /* LICENSE.txt */,
				A3BDF18D13C028E20027A336 /* README.markdown */,
			);
			path = fmdb;
			sourceTree = "<group>";
		};
		A3BDF18E13C028E20027A336 /* Hpple */ = {
			isa = PBXGroup;
			children = (
				A3BDF18F13C028E20027A336 /* TFHpple.h */,
				A3BDF19013C028E20027A336 /* TFHpple.m */,
				A3BDF19113C028E20027A336 /* TFHppleElement.h */,
				A3BDF19213C028E20027A336 /* TFHppleElement.m */,
				A3BDF19313C028E20027A336 /* XPathQuery.h */,
				A3BDF19413C028E20027A336 /* XPathQuery.m */,
			);
			path = Hpple;
			sourceTree = "<group>";
		};
		A3BDF19513C028E20027A336 /* ZBarSDK */ = {
			isa = PBXGroup;
			children = (
				A3BDF19613C028E20027A336 /* Headers */,
				A3BDF1AC13C028E20027A336 /* libzbar.a */,
				A3BDF1AD13C028E20027A336 /* Resources */,
			);
			path = ZBarSDK;
			sourceTree = "<group>";
		};
		A3BDF19613C028E20027A336 /* Headers */ = {
			isa = PBXGroup;
			children = (
				A3BDF19713C028E20027A336 /* ZBarSDK */,
			);
			name = Headers;
			path = /Users/Luke/Projects/bookhelper/Libraries/ZBarSDK/Headers;
			sourceTree = "<absolute>";
		};
		A3BDF19713C028E20027A336 /* ZBarSDK */ = {
			isa = PBXGroup;
			children = (
				A3BDF19813C028E20027A336 /* zbar */,
				A3BDF1A213C028E20027A336 /* zbar.h */,
				A3BDF1A313C028E20027A336 /* ZBarCaptureReader.h */,
				A3BDF1A413C028E20027A336 /* ZBarHelpController.h */,
				A3BDF1A513C028E20027A336 /* ZBarImage.h */,
				A3BDF1A613C028E20027A336 /* ZBarImageScanner.h */,
				A3BDF1A713C028E20027A336 /* ZBarReaderController.h */,
				A3BDF1A813C028E20027A336 /* ZBarReaderView.h */,
				A3BDF1A913C028E20027A336 /* ZBarReaderViewController.h */,
				A3BDF1AA13C028E20027A336 /* ZBarSDK.h */,
				A3BDF1AB13C028E20027A336 /* ZBarSymbol.h */,
			);
			name = ZBarSDK;
			path = /Users/Luke/Projects/bookhelper/Libraries/ZBarSDK/Headers/ZBarSDK;
			sourceTree = "<absolute>";
		};
		A3BDF19813C028E20027A336 /* zbar */ = {
			isa = PBXGroup;
			children = (
				A3BDF19913C028E20027A336 /* Decoder.h */,
				A3BDF19A13C028E20027A336 /* Exception.h */,
				A3BDF19B13C028E20027A336 /* Image.h */,
				A3BDF19C13C028E20027A336 /* ImageScanner.h */,
				A3BDF19D13C028E20027A336 /* Processor.h */,
				A3BDF19E13C028E20027A336 /* Scanner.h */,
				A3BDF19F13C028E20027A336 /* Symbol.h */,
				A3BDF1A013C028E20027A336 /* Video.h */,
				A3BDF1A113C028E20027A336 /* Window.h */,
			);
			name = zbar;
			path = /Users/Luke/Projects/bookhelper/Libraries/ZBarSDK/Headers/ZBarSDK/zbar;
			sourceTree = "<absolute>";
		};
		A3BDF1AD13C028E20027A336 /* Resources */ = {
			isa = PBXGroup;
			children = (
				A3BDF1AE13C028E20027A336 /* zbar-back.png */,
				A3BDF1AF13C028E20027A336 /* zbar-help.html */,
				A3BDF1B013C028E20027A336 /* zbar-helpicons.png */,
				A3BDF1B113C028E20027A336 /* zbar-samples.png */,
			);
			name = Resources;
			path = ../../../../../../Users/Luke/Projects/bookhelper/Libraries/ZBarSDK/Resources;
			sourceTree = "<group>";
		};
		A3BDF23913C02AF50027A336 /* GData */ = {
			isa = PBXGroup;
			children = (
				A3BDF23A13C02AF50027A336 /* GDataXMLNode.h */,
				A3BDF23B13C02AF50027A336 /* GDataXMLNode.m */,
			);
			path = GData;
			sourceTree = "<group>";
		};
		A3E3FA9E13B230310023DC27 /* Douban */ = {
			isa = PBXGroup;
			children = (
				A3D3775013B395FC00632293 /* DoubanURLConnection.h */,
				A3D3775113B395FC00632293 /* DoubanURLConnection.m */,
				A3E3FB2A13B23BD50023DC27 /* DoubanConnector.h */,
				A3E3FB2B13B23BD50023DC27 /* DoubanConnector.m */,
				A39A9FE413BEB5F800937489 /* BookPriceUtilities.h */,
				A39A9FE513BEB5F800937489 /* BookPriceUtilities.m */,
				A3E3FA9F13B2303D0023DC27 /* Models */,
			);
			name = Douban;
			sourceTree = "<group>";
		};
		A3E3FA9F13B2303D0023DC27 /* Models */ = {
			isa = PBXGroup;
			children = (
				A3E3FAA013B230500023DC27 /* DoubanBook.h */,
				A3E3FAA113B230500023DC27 /* DoubanBook.m */,
				A3BDF07813C00DDE0027A336 /* DoubanBookReviewSummary.h */,
				A3BDF07913C00DDE0027A336 /* DoubanBookReviewSummary.m */,
			);
			name = Models;
			sourceTree = "<group>";
		};
		A3E3FD2213B2D0FD0023DC27 /* Controller */ = {
			isa = PBXGroup;
			children = (
				A39A9E0B13BE4DE800937489 /* BookDetail */,
				28216C950DB411BC00E5133A /* BookSearchViewController.h */,
				28216C960DB411BC00E5133A /* BookSearchViewController.m */,
				A3791DC213B5D1240061C4DC /* BarCodeScannerViewController.h */,
				A3791DC313B5D1240061C4DC /* BarCodeScannerViewController.m */,
				A303142513BA32BF000BD08C /* BookGetHistoryViewController.h */,
				A303142613BA32BF000BD08C /* BookGetHistoryViewController.m */,
				A3317F0B13BC8ED500D0E7A6 /* MoreViewController.h */,
				A3317F0C13BC8ED500D0E7A6 /* MoreViewController.m */,
				A39A9BB813BE22FA00937489 /* BookSearchBarViewController.h */,
				A39A9BB913BE22FA00937489 /* BookSearchBarViewController.m */,
				A3BDF06B13C00A950027A336 /* BookReviewsViewController.h */,
				A3BDF06C13C00A950027A336 /* BookReviewsViewController.m */,
			);
			name = Controller;
			sourceTree = "<group>";
		};
		A3E3FD2813B2D1520023DC27 /* Resources */ = {
			isa = PBXGroup;
			children = (
				A3BDF01F13BF80100027A336 /* cover_placeholder.jpg */,
				A3BDEF7E13BF723D0027A336 /* info.png */,
				A3BDEF7F13BF723D0027A336 /* price.png */,
				A3BDEF8013BF723D0027A336 /* author.png */,
				A39AA00E13BEBD0400937489 /* bookstorelogos */,
				A38EDA5913BCC743004CABBC /* tabbar */,
				A38EDA4A13BCC736004CABBC /* appicons */,
				A3791F7513B632D30061C4DC /* scan.wav */,
				A3B8C89113BB7FDC00028546 /* star.png */,
				A3B8C89313BB7FDC00028546 /* unstar.png */,
				A3E3FE7C13B2F2660023DC27 /* bookhelper-Info.plist */,
				A3E3FE6D13B2F20F0023DC27 /* history@2x.png */,
				A3E3FD2A13B2D1520023DC27 /* BookSearchView.xib */,
				A3E3FD2B13B2D1520023DC27 /* HistoryView.xib */,
				A3E3FD2C13B2D1520023DC27 /* MainWindow.xib */,
				A3D37FDA13B4D85800632293 /* BookDetailView.xib */,
				A3D3807C13B50DAC00632293 /* BookPriceComparisonView.xib */,
				A3791DC513B5D1460061C4DC /* BarCodeScannerView.xib */,
				A379225913B725A30061C4DC /* LoadingView.xib */,
				A3317F0E13BC8EF700D0E7A6 /* MoreView.xib */,
				A39A9BB113BE21D900937489 /* SearchBarView.xib */,
				A3BDF06E13C00AB00027A336 /* BookReviewsView.xib */,
			);
			path = Resources;
			sourceTree = "<group>";
		};
		A3E3FE4D13B2EE800023DC27 /* Utilities */ = {
			isa = PBXGroup;
			children = (
				A3D37FCD13B4D6A800632293 /* NSString+URLEncoding.h */,
				A3D37FCE13B4D6A800632293 /* NSString+URLEncoding.m */,
				A303133713B9F8C4000BD08C /* PathUtilities.h */,
				A303133813B9F8C4000BD08C /* PathUtilities.m */,
				A3BDF00B13BF7B340027A336 /* UIImage+Scale.h */,
				A3BDF00C13BF7B340027A336 /* UIImage+Scale.m */,
			);
			name = Utilities;
			sourceTree = "<group>";
		};
/* End PBXGroup section */

/* Begin PBXNativeTarget section */
		1D6058900D05DD3D006BFB54 /* bookhelper */ = {
			isa = PBXNativeTarget;
			buildConfigurationList = 1D6058960D05DD3E006BFB54 /* Build configuration list for PBXNativeTarget "bookhelper" */;
			buildPhases = (
				1D60588D0D05DD3D006BFB54 /* Resources */,
				1D60588E0D05DD3D006BFB54 /* Sources */,
				1D60588F0D05DD3D006BFB54 /* Frameworks */,
			);
			buildRules = (
			);
			dependencies = (
			);
			name = bookhelper;
			productName = bookhelper;
			productReference = 1D6058910D05DD3D006BFB54 /* bookhelper.app */;
			productType = "com.apple.product-type.application";
		};
/* End PBXNativeTarget section */

/* Begin PBXProject section */
		29B97313FDCFA39411CA2CEA /* Project object */ = {
			isa = PBXProject;
			buildConfigurationList = C01FCF4E08A954540054247B /* Build configuration list for PBXProject "bookhelper" */;
			compatibilityVersion = "Xcode 3.2";
			developmentRegion = English;
			hasScannedForEncodings = 1;
			knownRegions = (
				English,
				Japanese,
				French,
				German,
			);
			mainGroup = 29B97314FDCFA39411CA2CEA /* bookhelper */;
			projectDirPath = "";
			projectRoot = "";
			targets = (
				1D6058900D05DD3D006BFB54 /* bookhelper */,
			);
		};
/* End PBXProject section */

/* Begin PBXResourcesBuildPhase section */
		1D60588D0D05DD3D006BFB54 /* Resources */ = {
			isa = PBXResourcesBuildPhase;
			buildActionMask = 2147483647;
			files = (
				A3E3FD2E13B2D1520023DC27 /* BookSearchView.xib in Resources */,
				A3E3FD2F13B2D1520023DC27 /* HistoryView.xib in Resources */,
				A3E3FD3013B2D1520023DC27 /* MainWindow.xib in Resources */,
				A3E3FE6E13B2F20F0023DC27 /* history@2x.png in Resources */,
				A3E3FE7D13B2F2660023DC27 /* bookhelper-Info.plist in Resources */,
				A3D375EB13B35C8B00632293 /* history.png in Resources */,
				A3D37FDB13B4D85800632293 /* BookDetailView.xib in Resources */,
				A3D3807D13B50DAC00632293 /* BookPriceComparisonView.xib in Resources */,
				A3D380C513B5147900632293 /* barcode.png in Resources */,
				A3D382E213B57EA100632293 /* search.png in Resources */,
				A3791DC613B5D1460061C4DC /* BarCodeScannerView.xib in Resources */,
				A3791F7613B632D30061C4DC /* scan.wav in Resources */,
				A379225A13B725A30061C4DC /* LoadingView.xib in Resources */,
				A3B17E2C13B78D3F007B100E /* comment.png in Resources */,
				A3F0F8F613BA4C9700E8C732 /* more.png in Resources */,
				A3F0F8F713BA4C9700E8C732 /* more@2x.png in Resources */,
				A3F0F8FA13BA4CA900E8C732 /* barcode@2x.png in Resources */,
				A3F0F8FB13BA4CA900E8C732 /* search@2x.png in Resources */,
				A3B8C89513BB7FDC00028546 /* star.png in Resources */,
				A3B8C89713BB7FDC00028546 /* unstar.png in Resources */,
				A3317F0F13BC8EF700D0E7A6 /* MoreView.xib in Resources */,
				A38EDA5213BCC736004CABBC /* Icon-72.png in Resources */,
				A38EDA5313BCC736004CABBC /* Icon-Small-50.png in Resources */,
				A38EDA5413BCC736004CABBC /* Icon-Small.png in Resources */,
				A38EDA5513BCC736004CABBC /* Icon-Small@2x.png in Resources */,
				A38EDA5613BCC736004CABBC /* Icon.png in Resources */,
				A38EDA5713BCC736004CABBC /* Icon@2x.png in Resources */,
				A38EDA5813BCC736004CABBC /* iTunesArtwork in Resources */,
				A39A9BB213BE21D900937489 /* SearchBarView.xib in Resources */,
				A39AA01313BEBD0400937489 /* 99.png in Resources */,
				A39AA01413BEBD0400937489 /* chinapub.png in Resources */,
				A39AA01513BEBD0400937489 /* dd.png in Resources */,
				A39AA01613BEBD0400937489 /* joyo.png in Resources */,
				A3BDEF8113BF723D0027A336 /* info.png in Resources */,
				A3BDEF8213BF723D0027A336 /* price.png in Resources */,
				A3BDEF8313BF723D0027A336 /* author.png in Resources */,
				A3BDF02013BF80100027A336 /* cover_placeholder.jpg in Resources */,
				A3BDF06F13C00AB00027A336 /* BookReviewsView.xib in Resources */,
				A3BDF1BB13C028E20027A336 /* CHANGES_AND_TODO_LIST.txt in Resources */,
				A3BDF1BC13C028E20027A336 /* CONTRIBUTORS.txt in Resources */,
				A3BDF1C113C028E20027A336 /* LICENSE.txt in Resources */,
				A3BDF1C213C028E20027A336 /* README.markdown in Resources */,
				A3BDF1C713C028E20027A336 /* zbar-back.png in Resources */,
				A3BDF1C813C028E20027A336 /* zbar-help.html in Resources */,
				A3BDF1C913C028E20027A336 /* zbar-helpicons.png in Resources */,
				A3BDF1CA13C028E20027A336 /* zbar-samples.png in Resources */,
			);
			runOnlyForDeploymentPostprocessing = 0;
		};
/* End PBXResourcesBuildPhase section */

/* Begin PBXSourcesBuildPhase section */
		1D60588E0D05DD3D006BFB54 /* Sources */ = {
			isa = PBXSourcesBuildPhase;
			buildActionMask = 2147483647;
			files = (
				1D60589B0D05DD56006BFB54 /* main.m in Sources */,
				1D3623260D0F684500981E51 /* bookhelperAppDelegate.m in Sources */,
				28216C970DB411BC00E5133A /* BookSearchViewController.m in Sources */,
				A3E3FAA213B230500023DC27 /* DoubanBook.m in Sources */,
				A3E3FB2C13B23BD50023DC27 /* DoubanConnector.m in Sources */,
				A3D3775213B395FC00632293 /* DoubanURLConnection.m in Sources */,
				A3D37FCF13B4D6A800632293 /* NSString+URLEncoding.m in Sources */,
				A3D37FD913B4D83500632293 /* BookDetailViewController.m in Sources */,
				A3D37FE213B4E1CE00632293 /* BookPriceComparisonViewController.m in Sources */,
				A3791DC413B5D1240061C4DC /* BarCodeScannerViewController.m in Sources */,
				A3791F7213B62AA90061C4DC /* ScannerOverlayView.m in Sources */,
				A379223713B7258A0061C4DC /* LoadingViewController.m in Sources */,
				A3B1864713B8CB84007B100E /* ShadowedTableView.m in Sources */,
				A3B1864813B8CB84007B100E /* ClearLabelsCellView.m in Sources */,
				A3B1864913B8CB84007B100E /* GradientView.m in Sources */,
				A391AC8F13B90986003CFB40 /* BookGetHistoryDatabase.m in Sources */,
				A303133913B9F8C4000BD08C /* PathUtilities.m in Sources */,
				A303139C13BA2123000BD08C /* BookGetHistory.m in Sources */,
				A303142713BA32BF000BD08C /* BookGetHistoryViewController.m in Sources */,
				A3B8C93B13BB8A6600028546 /* TableUIButton.m in Sources */,
				A3317F0D13BC8ED500D0E7A6 /* MoreViewController.m in Sources */,
				A39A9A6013BDDE4D00937489 /* ASImageView.m in Sources */,
				A39A9BBA13BE22FA00937489 /* BookSearchBarViewController.m in Sources */,
				A39A9E0E13BE4E0800937489 /* BookInroViewController.m in Sources */,
				A39A9FE613BEB5F800937489 /* BookPriceUtilities.m in Sources */,
				A3BDF00D13BF7B340027A336 /* UIImage+Scale.m in Sources */,
				A3BDF06D13C00A950027A336 /* BookReviewsViewController.m in Sources */,
				A3BDF07A13C00DDE0027A336 /* DoubanBookReviewSummary.m in Sources */,
				A3BDF1B213C028E20027A336 /* ASIAuthenticationDialog.m in Sources */,
				A3BDF1B313C028E20027A336 /* ASIDataCompressor.m in Sources */,
				A3BDF1B413C028E20027A336 /* ASIDataDecompressor.m in Sources */,
				A3BDF1B513C028E20027A336 /* ASIDownloadCache.m in Sources */,
				A3BDF1B613C028E20027A336 /* ASIFormDataRequest.m in Sources */,
				A3BDF1B713C028E20027A336 /* ASIHTTPRequest.m in Sources */,
				A3BDF1B813C028E20027A336 /* ASIInputStream.m in Sources */,
				A3BDF1B913C028E20027A336 /* ASINetworkQueue.m in Sources */,
				A3BDF1BA13C028E20027A336 /* Reachability.m in Sources */,
				A3BDF1BD13C028E20027A336 /* FMDatabase.m in Sources */,
				A3BDF1BE13C028E20027A336 /* FMDatabaseAdditions.m in Sources */,
				A3BDF1C013C028E20027A336 /* FMResultSet.m in Sources */,
				A3BDF1C313C028E20027A336 /* TFHpple.m in Sources */,
				A3BDF1C413C028E20027A336 /* TFHppleElement.m in Sources */,
				A3BDF1C513C028E20027A336 /* XPathQuery.m in Sources */,
				A3BDF23C13C02AF50027A336 /* GDataXMLNode.m in Sources */,
				A3BDF36A13C044C70027A336 /* BookAuthorIntroViewController.m in Sources */,
				A349455713C1FFFE00C25B23 /* ReviewTableViewCell.m in Sources */,
				A34945B113C2190600C25B23 /* BookTableViewCell.m in Sources */,
			);
			runOnlyForDeploymentPostprocessing = 0;
		};
/* End PBXSourcesBuildPhase section */

/* Begin XCBuildConfiguration section */
		1D6058940D05DD3E006BFB54 /* Debug */ = {
			isa = XCBuildConfiguration;
			buildSettings = {
				ALWAYS_SEARCH_USER_PATHS = NO;
				COPY_PHASE_STRIP = NO;
				GCC_DYNAMIC_NO_PIC = NO;
				GCC_OPTIMIZATION_LEVEL = 0;
				GCC_PRECOMPILE_PREFIX_HEADER = YES;
				GCC_PREFIX_HEADER = bookhelper_Prefix.pch;
				HEADER_SEARCH_PATHS = "$(inherited)";
				INFOPLIST_FILE = "bookhelper-Info.plist";
				LIBRARY_SEARCH_PATHS = "$(inherited)";
				PRODUCT_NAME = bookhelper;
			};
			name = Debug;
		};
		1D6058950D05DD3E006BFB54 /* Release */ = {
			isa = XCBuildConfiguration;
			buildSettings = {
				ALWAYS_SEARCH_USER_PATHS = NO;
				COPY_PHASE_STRIP = YES;
				GCC_PRECOMPILE_PREFIX_HEADER = YES;
				GCC_PREFIX_HEADER = bookhelper_Prefix.pch;
				HEADER_SEARCH_PATHS = "$(inherited)";
				INFOPLIST_FILE = "bookhelper-Info.plist";
				LIBRARY_SEARCH_PATHS = "$(inherited)";
				PRODUCT_NAME = bookhelper;
				VALIDATE_PRODUCT = YES;
			};
			name = Release;
		};
		C01FCF4F08A954540054247B /* Debug */ = {
			isa = XCBuildConfiguration;
			buildSettings = {
				ARCHS = "$(ARCHS_STANDARD_32_BIT)";
				"CODE_SIGN_IDENTITY[sdk=iphoneos*]" = "iPhone Developer: Lu kejin (7ES269D2MX)";
				GCC_C_LANGUAGE_STANDARD = c99;
				GCC_WARN_ABOUT_RETURN_TYPE = YES;
				GCC_WARN_UNUSED_VARIABLE = YES;
				HEADER_SEARCH_PATHS = /usr/include/libxml2;
				LIBRARY_SEARCH_PATHS = "$(SRCROOT)/Libraries/ZBarSDK";
				PREBINDING = NO;
				"PROVISIONING_PROFILE[sdk=iphoneos*]" = "C3B85B81-DF62-4D70-839A-50D4815A3156";
				SDKROOT = iphoneos;
			};
			name = Debug;
		};
		C01FCF5008A954540054247B /* Release */ = {
			isa = XCBuildConfiguration;
			buildSettings = {
				ARCHS = "$(ARCHS_STANDARD_32_BIT)";
				"CODE_SIGN_IDENTITY[sdk=iphoneos*]" = "iPhone Developer: Lu kejin (7ES269D2MX)";
				GCC_C_LANGUAGE_STANDARD = c99;
				GCC_WARN_ABOUT_RETURN_TYPE = YES;
				GCC_WARN_UNUSED_VARIABLE = YES;
				HEADER_SEARCH_PATHS = /usr/include/libxml2;
				LIBRARY_SEARCH_PATHS = "$(SRCROOT)/Libraries/ZBarSDK";
				OTHER_CFLAGS = "-DNS_BLOCK_ASSERTIONS=1";
				PREBINDING = NO;
				"PROVISIONING_PROFILE[sdk=iphoneos*]" = "C3B85B81-DF62-4D70-839A-50D4815A3156";
				SDKROOT = iphoneos;
			};
			name = Release;
		};
/* End XCBuildConfiguration section */

/* Begin XCConfigurationList section */
		1D6058960D05DD3E006BFB54 /* Build configuration list for PBXNativeTarget "bookhelper" */ = {
			isa = XCConfigurationList;
			buildConfigurations = (
				1D6058940D05DD3E006BFB54 /* Debug */,
				1D6058950D05DD3E006BFB54 /* Release */,
			);
			defaultConfigurationIsVisible = 0;
			defaultConfigurationName = Release;
		};
		C01FCF4E08A954540054247B /* Build configuration list for PBXProject "bookhelper" */ = {
			isa = XCConfigurationList;
			buildConfigurations = (
				C01FCF4F08A954540054247B /* Debug */,
				C01FCF5008A954540054247B /* Release */,
			);
			defaultConfigurationIsVisible = 0;
			defaultConfigurationName = Release;
		};
/* End XCConfigurationList section */
	};
	rootObject = 29B97313FDCFA39411CA2CEA /* Project object */;
}
